// !$*UTF8*$!
{
	archiveVersion = 1;
	classes = {
	};
	objectVersion = 70;
	objects = {

/* Begin PBXBuildFile section */
		4F22D67C2BF1AB9400497F3A /* LiveParse in Frameworks */ = {isa = PBXBuildFile; productRef = 4F22D67B2BF1AB9400497F3A /* LiveParse */; };
		4F6166312C7C8E84008FED0D /* LiveParse in Frameworks */ = {isa = PBXBuildFile; productRef = 4F6166302C7C8E84008FED0D /* LiveParse */; };
		4F6C40352C75885500A5BEDA /* LiveParse in Frameworks */ = {isa = PBXBuildFile; productRef = 4F6C40342C75885500A5BEDA /* LiveParse */; };
		4F70CD1D2BAAE2E100F21EDA /* LiveParse in Frameworks */ = {isa = PBXBuildFile; productRef = 4F70CD1C2BAAE2E100F21EDA /* LiveParse */; };
		4F9F9C282C1BDEE100B863A9 /* LiveParse in Frameworks */ = {isa = PBXBuildFile; productRef = 4F9F9C272C1BDEE100B863A9 /* LiveParse */; };
		FB1BAC812E81479D006BC677 /* LiveParse in Frameworks */ = {isa = PBXBuildFile; productRef = FB1BAC802E81479D006BC677 /* LiveParse */; };
		FB1D86B92C7EC13F00A679F3 /* LiveParse in Frameworks */ = {isa = PBXBuildFile; productRef = FB1D86B82C7EC13F00A679F3 /* LiveParse */; };
		FB8E940B2E7BEC670055E746 /* LiveParse in Frameworks */ = {isa = PBXBuildFile; productRef = FB8E940A2E7BEC670055E746 /* LiveParse */; };
		FB8E940E2E7BEE390055E746 /* LiveParse in Frameworks */ = {isa = PBXBuildFile; productRef = FB8E940D2E7BEE390055E746 /* LiveParse */; };
		FBA5C3832E58229100B1368B /* LiveParse in Frameworks */ = {isa = PBXBuildFile; productRef = FBA5C3822E58229100B1368B /* LiveParse */; };
		FBDEF83A2BB9CBCB002EE8FF /* SystemConfiguration.framework in Frameworks */ = {isa = PBXBuildFile; fileRef = FBDEF8392BB9CBCB002EE8FF /* SystemConfiguration.framework */; };
		FBF74A782EA1F9B000591EEA /* AngelLiveCore in Frameworks */ = {isa = PBXBuildFile; productRef = FBF74A772EA1F9B000591EEA /* AngelLiveCore */; };
		FBF74A7A2EA1F9B000591EEA /* AngelLiveDependencies in Frameworks */ = {isa = PBXBuildFile; productRef = FBF74A792EA1F9B000591EEA /* AngelLiveDependencies */; };
/* End PBXBuildFile section */

/* Begin PBXFileReference section */
		4FC3DCDA2A49382F00CA36B9 /* AngelLiveTVOS.app */ = {isa = PBXFileReference; explicitFileType = wrapper.application; includeInIndex = 0; path = AngelLiveTVOS.app; sourceTree = BUILT_PRODUCTS_DIR; };
		FBDEF8392BB9CBCB002EE8FF /* SystemConfiguration.framework */ = {isa = PBXFileReference; lastKnownFileType = wrapper.framework; name = SystemConfiguration.framework; path = System/Library/Frameworks/SystemConfiguration.framework; sourceTree = SDKROOT; };
/* End PBXFileReference section */

/* Begin PBXFileSystemSynchronizedBuildFileExceptionSet section */
		4F3150862DF98086009B9FF5 /* PBXFileSystemSynchronizedBuildFileExceptionSet */ = {
			isa = PBXFileSystemSynchronizedBuildFileExceptionSet;
			membershipExceptions = (
				Other/Info.plist,
			);
			target = 4FC3DCD92A49382F00CA36B9 /* AngelLiveTVOS */;
		};
/* End PBXFileSystemSynchronizedBuildFileExceptionSet section */

/* Begin PBXFileSystemSynchronizedRootGroup section */
		4F3150422DF98086009B9FF5 /* AngelLiveTVOS */ = {isa = PBXFileSystemSynchronizedRootGroup; exceptions = (4F3150862DF98086009B9FF5 /* PBXFileSystemSynchronizedBuildFileExceptionSet */, ); explicitFileTypes = {}; explicitFolders = (); path = AngelLiveTVOS; sourceTree = "<group>"; };
/* End PBXFileSystemSynchronizedRootGroup section */

/* Begin PBXFrameworksBuildPhase section */
		4FC3DCD72A49382F00CA36B9 /* Frameworks */ = {
			isa = PBXFrameworksBuildPhase;
			buildActionMask = 2147483647;
			files = (
				FBDEF83A2BB9CBCB002EE8FF /* SystemConfiguration.framework in Frameworks */,
				4F6C40352C75885500A5BEDA /* LiveParse in Frameworks */,
				FBF74A7A2EA1F9B000591EEA /* AngelLiveDependencies in Frameworks */,
				4F70CD1D2BAAE2E100F21EDA /* LiveParse in Frameworks */,
				4F22D67C2BF1AB9400497F3A /* LiveParse in Frameworks */,
				FB1BAC812E81479D006BC677 /* LiveParse in Frameworks */,
				FBA5C3832E58229100B1368B /* LiveParse in Frameworks */,
				FB8E940E2E7BEE390055E746 /* LiveParse in Frameworks */,
				4F9F9C282C1BDEE100B863A9 /* LiveParse in Frameworks */,
				FB1D86B92C7EC13F00A679F3 /* LiveParse in Frameworks */,
				FBF74A782EA1F9B000591EEA /* AngelLiveCore in Frameworks */,
				FB8E940B2E7BEC670055E746 /* LiveParse in Frameworks */,
				4F6166312C7C8E84008FED0D /* LiveParse in Frameworks */,
			);
			runOnlyForDeploymentPostprocessing = 0;
		};
/* End PBXFrameworksBuildPhase section */

/* Begin PBXGroup section */
		4FC3DCD12A49382F00CA36B9 = {
			isa = PBXGroup;
			children = (
				4F3150422DF98086009B9FF5 /* AngelLiveTVOS */,
				4FC3DCDB2A49382F00CA36B9 /* Products */,
				FBDEF8382BB9CBCB002EE8FF /* Frameworks */,
			);
			sourceTree = "<group>";
		};
		4FC3DCDB2A49382F00CA36B9 /* Products */ = {
			isa = PBXGroup;
			children = (
				4FC3DCDA2A49382F00CA36B9 /* AngelLiveTVOS.app */,
			);
			name = Products;
			sourceTree = "<group>";
		};
		FBDEF8382BB9CBCB002EE8FF /* Frameworks */ = {
			isa = PBXGroup;
			children = (
				FBDEF8392BB9CBCB002EE8FF /* SystemConfiguration.framework */,
			);
			name = Frameworks;
			sourceTree = "<group>";
		};
/* End PBXGroup section */

/* Begin PBXNativeTarget section */
		4FC3DCD92A49382F00CA36B9 /* AngelLiveTVOS */ = {
			isa = PBXNativeTarget;
			buildConfigurationList = 4FC3DCFE2A49383100CA36B9 /* Build configuration list for PBXNativeTarget "AngelLiveTVOS" */;
			buildPhases = (
				4FC3DCD62A49382F00CA36B9 /* Sources */,
				4FC3DCD72A49382F00CA36B9 /* Frameworks */,
				4FC3DCD82A49382F00CA36B9 /* Resources */,
			);
			buildRules = (
			);
			dependencies = (
			);
			fileSystemSynchronizedGroups = (
				4F3150422DF98086009B9FF5 /* AngelLiveTVOS */,
			);
			name = AngelLiveTVOS;
			packageProductDependencies = (
				4F70CD1C2BAAE2E100F21EDA /* LiveParse */,
				4F22D67B2BF1AB9400497F3A /* LiveParse */,
				4F9F9C272C1BDEE100B863A9 /* LiveParse */,
				4F6C40342C75885500A5BEDA /* LiveParse */,
				4F6166302C7C8E84008FED0D /* LiveParse */,
				FB1D86B82C7EC13F00A679F3 /* LiveParse */,
				FBA5C3822E58229100B1368B /* LiveParse */,
				FB8E940A2E7BEC670055E746 /* LiveParse */,
				FB8E940D2E7BEE390055E746 /* LiveParse */,
				FB1BAC802E81479D006BC677 /* LiveParse */,
				FBF74A772EA1F9B000591EEA /* AngelLiveCore */,
				FBF74A792EA1F9B000591EEA /* AngelLiveDependencies */,
			);
			productName = SimpleLiveTVOS;
			productReference = 4FC3DCDA2A49382F00CA36B9 /* AngelLiveTVOS.app */;
			productType = "com.apple.product-type.application";
		};
/* End PBXNativeTarget section */

/* Begin PBXProject section */
		4FC3DCD22A49382F00CA36B9 /* Project object */ = {
			isa = PBXProject;
			attributes = {
				BuildIndependentTargetsInParallel = 1;
				LastSwiftUpdateCheck = 1430;
				LastUpgradeCheck = 1640;
				TargetAttributes = {
					4FC3DCD92A49382F00CA36B9 = {
						CreatedOnToolsVersion = 14.3.1;
					};
				};
			};
			buildConfigurationList = 4FC3DCD52A49382F00CA36B9 /* Build configuration list for PBXProject "AngelLiveTVOS" */;
			compatibilityVersion = "Xcode 14.0";
			developmentRegion = en;
			hasScannedForEncodings = 0;
			knownRegions = (
				en,
				Base,
			);
			mainGroup = 4FC3DCD12A49382F00CA36B9;
			packageReferences = (
			);
			productRefGroup = 4FC3DCDB2A49382F00CA36B9 /* Products */;
			projectDirPath = "";
			projectRoot = "";
			targets = (
				4FC3DCD92A49382F00CA36B9 /* AngelLiveTVOS */,
			);
		};
/* End PBXProject section */

/* Begin PBXResourcesBuildPhase section */
		4FC3DCD82A49382F00CA36B9 /* Resources */ = {
			isa = PBXResourcesBuildPhase;
			buildActionMask = 2147483647;
			files = (
			);
			runOnlyForDeploymentPostprocessing = 0;
		};
/* End PBXResourcesBuildPhase section */

/* Begin PBXSourcesBuildPhase section */
		4FC3DCD62A49382F00CA36B9 /* Sources */ = {
			isa = PBXSourcesBuildPhase;
			buildActionMask = 2147483647;
			files = (
			);
			runOnlyForDeploymentPostprocessing = 0;
		};
/* End PBXSourcesBuildPhase section */

/* Begin XCBuildConfiguration section */
		4FC3DCFC2A49383100CA36B9 /* Debug */ = {
			isa = XCBuildConfiguration;
			buildSettings = {
				ALWAYS_SEARCH_USER_PATHS = NO;
				ASSETCATALOG_COMPILER_GENERATE_SWIFT_ASSET_SYMBOL_EXTENSIONS = YES;
				CLANG_ANALYZER_NONNULL = YES;
				CLANG_ANALYZER_NUMBER_OBJECT_CONVERSION = YES_AGGRESSIVE;
				CLANG_CXX_LANGUAGE_STANDARD = "gnu++20";
				CLANG_ENABLE_MODULES = YES;
				CLANG_ENABLE_OBJC_ARC = YES;
				CLANG_ENABLE_OBJC_WEAK = YES;
				CLANG_WARN_BLOCK_CAPTURE_AUTORELEASING = YES;
				CLANG_WARN_BOOL_CONVERSION = YES;
				CLANG_WARN_COMMA = YES;
				CLANG_WARN_CONSTANT_CONVERSION = YES;
				CLANG_WARN_DEPRECATED_OBJC_IMPLEMENTATIONS = YES;
				CLANG_WARN_DIRECT_OBJC_ISA_USAGE = YES_ERROR;
				CLANG_WARN_DOCUMENTATION_COMMENTS = YES;
				CLANG_WARN_EMPTY_BODY = YES;
				CLANG_WARN_ENUM_CONVERSION = YES;
				CLANG_WARN_INFINITE_RECURSION = YES;
				CLANG_WARN_INT_CONVERSION = YES;
				CLANG_WARN_NON_LITERAL_NULL_CONVERSION = YES;
				CLANG_WARN_OBJC_IMPLICIT_RETAIN_SELF = YES;
				CLANG_WARN_OBJC_LITERAL_CONVERSION = YES;
				CLANG_WARN_OBJC_ROOT_CLASS = YES_ERROR;
				CLANG_WARN_QUOTED_INCLUDE_IN_FRAMEWORK_HEADER = YES;
				CLANG_WARN_RANGE_LOOP_ANALYSIS = YES;
				CLANG_WARN_STRICT_PROTOTYPES = YES;
				CLANG_WARN_SUSPICIOUS_MOVE = YES;
				CLANG_WARN_UNGUARDED_AVAILABILITY = YES_AGGRESSIVE;
				CLANG_WARN_UNREACHABLE_CODE = YES;
				CLANG_WARN__DUPLICATE_METHOD_MATCH = YES;
				COPY_PHASE_STRIP = NO;
				DEBUG_INFORMATION_FORMAT = dwarf;
				DEVELOPMENT_TEAM = HZG263D38Y;
				ENABLE_STRICT_OBJC_MSGSEND = YES;
				ENABLE_TESTABILITY = YES;
				ENABLE_USER_SCRIPT_SANDBOXING = YES;
				GCC_C_LANGUAGE_STANDARD = gnu11;
				GCC_DYNAMIC_NO_PIC = NO;
				GCC_NO_COMMON_BLOCKS = YES;
				GCC_OPTIMIZATION_LEVEL = 0;
				GCC_PREPROCESSOR_DEFINITIONS = (
					"DEBUG=1",
					"$(inherited)",
				);
				GCC_WARN_64_TO_32_BIT_CONVERSION = YES;
				GCC_WARN_ABOUT_RETURN_TYPE = YES_ERROR;
				GCC_WARN_UNDECLARED_SELECTOR = YES;
				GCC_WARN_UNINITIALIZED_AUTOS = YES_AGGRESSIVE;
				GCC_WARN_UNUSED_FUNCTION = YES;
				GCC_WARN_UNUSED_VARIABLE = YES;
				MTL_ENABLE_DEBUG_INFO = INCLUDE_SOURCE;
				MTL_FAST_MATH = YES;
				ONLY_ACTIVE_ARCH = YES;
				SDKROOT = appletvos;
				SWIFT_ACTIVE_COMPILATION_CONDITIONS = DEBUG;
				SWIFT_OPTIMIZATION_LEVEL = "-Onone";
				SWIFT_VERSION = 6.0;
				TVOS_DEPLOYMENT_TARGET = 17.0;
			};
			name = Debug;
		};
		4FC3DCFD2A49383100CA36B9 /* Release */ = {
			isa = XCBuildConfiguration;
			buildSettings = {
				ALWAYS_SEARCH_USER_PATHS = NO;
				ASSETCATALOG_COMPILER_GENERATE_SWIFT_ASSET_SYMBOL_EXTENSIONS = YES;
				CLANG_ANALYZER_NONNULL = YES;
				CLANG_ANALYZER_NUMBER_OBJECT_CONVERSION = YES_AGGRESSIVE;
				CLANG_CXX_LANGUAGE_STANDARD = "gnu++20";
				CLANG_ENABLE_MODULES = YES;
				CLANG_ENABLE_OBJC_ARC = YES;
				CLANG_ENABLE_OBJC_WEAK = YES;
				CLANG_WARN_BLOCK_CAPTURE_AUTORELEASING = YES;
				CLANG_WARN_BOOL_CONVERSION = YES;
				CLANG_WARN_COMMA = YES;
				CLANG_WARN_CONSTANT_CONVERSION = YES;
				CLANG_WARN_DEPRECATED_OBJC_IMPLEMENTATIONS = YES;
				CLANG_WARN_DIRECT_OBJC_ISA_USAGE = YES_ERROR;
				CLANG_WARN_DOCUMENTATION_COMMENTS = YES;
				CLANG_WARN_EMPTY_BODY = YES;
				CLANG_WARN_ENUM_CONVERSION = YES;
				CLANG_WARN_INFINITE_RECURSION = YES;
				CLANG_WARN_INT_CONVERSION = YES;
				CLANG_WARN_NON_LITERAL_NULL_CONVERSION = YES;
				CLANG_WARN_OBJC_IMPLICIT_RETAIN_SELF = YES;
				CLANG_WARN_OBJC_LITERAL_CONVERSION = YES;
				CLANG_WARN_OBJC_ROOT_CLASS = YES_ERROR;
				CLANG_WARN_QUOTED_INCLUDE_IN_FRAMEWORK_HEADER = YES;
				CLANG_WARN_RANGE_LOOP_ANALYSIS = YES;
				CLANG_WARN_STRICT_PROTOTYPES = YES;
				CLANG_WARN_SUSPICIOUS_MOVE = YES;
				CLANG_WARN_UNGUARDED_AVAILABILITY = YES_AGGRESSIVE;
				CLANG_WARN_UNREACHABLE_CODE = YES;
				CLANG_WARN__DUPLICATE_METHOD_MATCH = YES;
				COPY_PHASE_STRIP = NO;
				DEBUG_INFORMATION_FORMAT = "dwarf-with-dsym";
				DEVELOPMENT_TEAM = HZG263D38Y;
				ENABLE_NS_ASSERTIONS = NO;
				ENABLE_STRICT_OBJC_MSGSEND = YES;
				ENABLE_USER_SCRIPT_SANDBOXING = YES;
				GCC_C_LANGUAGE_STANDARD = gnu11;
				GCC_NO_COMMON_BLOCKS = YES;
				GCC_WARN_64_TO_32_BIT_CONVERSION = YES;
				GCC_WARN_ABOUT_RETURN_TYPE = YES_ERROR;
				GCC_WARN_UNDECLARED_SELECTOR = YES;
				GCC_WARN_UNINITIALIZED_AUTOS = YES_AGGRESSIVE;
				GCC_WARN_UNUSED_FUNCTION = YES;
				GCC_WARN_UNUSED_VARIABLE = YES;
				MTL_ENABLE_DEBUG_INFO = NO;
				MTL_FAST_MATH = YES;
				SDKROOT = appletvos;
				SWIFT_COMPILATION_MODE = wholemodule;
				SWIFT_OPTIMIZATION_LEVEL = "-O";
				SWIFT_VERSION = 6.0;
				TVOS_DEPLOYMENT_TARGET = 17.0;
				VALIDATE_PRODUCT = YES;
			};
			name = Release;
		};
		4FC3DCFF2A49383100CA36B9 /* Debug */ = {
			isa = XCBuildConfiguration;
			buildSettings = {
				ASSETCATALOG_COMPILER_APPICON_NAME = "App Icon & Top Shelf Image";
				ASSETCATALOG_COMPILER_GLOBAL_ACCENT_COLOR_NAME = AccentColor;
				CODE_SIGN_ENTITLEMENTS = AngelLiveTVOS/AngelLiveTVOS.entitlements;
				CODE_SIGN_IDENTITY = "Apple Development";
				CODE_SIGN_STYLE = Automatic;
				CURRENT_PROJECT_VERSION = 1;
				DEBUG_INFORMATION_FORMAT = "dwarf-with-dsym";
				DEVELOPMENT_ASSET_PATHS = "\"AngelLiveTVOS/Preview Content\"";
				ENABLE_PREVIEWS = YES;
				GENERATE_INFOPLIST_FILE = YES;
				INFOPLIST_FILE = AngelLiveTVOS/Other/Info.plist;
				INFOPLIST_KEY_CFBundleDisplayName = "Simple Live";
				INFOPLIST_KEY_LSApplicationCategoryType = "public.app-category.video";
				INFOPLIST_KEY_NSLocalNetworkUsageDescription = "用于同步数据";
				INFOPLIST_KEY_UILaunchScreen_Generation = YES;
				INFOPLIST_KEY_UILaunchStoryboardName = LaunchScreen.storyboard;
				INFOPLIST_KEY_UIUserInterfaceStyle = Automatic;
				LD_RUNPATH_SEARCH_PATHS = (
					"$(inherited)",
					"@executable_path/Frameworks",
				);
				MARKETING_VERSION = 1.2.0;
				OTHER_LDFLAGS = (
					"-Xlinker",
					"-interposable",
				);
				PRODUCT_BUNDLE_IDENTIFIER = dev.idog.simplelive;
				PRODUCT_NAME = "$(TARGET_NAME)";
				PROVISIONING_PROFILE_SPECIFIER = "";
				SWIFT_EMIT_LOC_STRINGS = YES;
				SWIFT_VERSION = 5.0;
				TARGETED_DEVICE_FAMILY = 3;
				TVOS_DEPLOYMENT_TARGET = 17.0;
			};
			name = Debug;
		};
		4FC3DD002A49383100CA36B9 /* Release */ = {
			isa = XCBuildConfiguration;
			buildSettings = {
				ASSETCATALOG_COMPILER_APPICON_NAME = "App Icon & Top Shelf Image";
				ASSETCATALOG_COMPILER_GLOBAL_ACCENT_COLOR_NAME = AccentColor;
				CODE_SIGN_ENTITLEMENTS = AngelLiveTVOS/AngelLiveTVOS.entitlements;
				CODE_SIGN_IDENTITY = "Apple Development";
				CODE_SIGN_STYLE = Automatic;
				CURRENT_PROJECT_VERSION = 1;
				DEVELOPMENT_ASSET_PATHS = "\"AngelLiveTVOS/Preview Content\"";
				ENABLE_PREVIEWS = YES;
				GENERATE_INFOPLIST_FILE = YES;
				INFOPLIST_FILE = AngelLiveTVOS/Other/Info.plist;
				INFOPLIST_KEY_CFBundleDisplayName = "Simple Live";
				INFOPLIST_KEY_LSApplicationCategoryType = "public.app-category.video";
				INFOPLIST_KEY_NSLocalNetworkUsageDescription = "用于同步数据";
				INFOPLIST_KEY_UILaunchScreen_Generation = YES;
				INFOPLIST_KEY_UILaunchStoryboardName = LaunchScreen.storyboard;
				INFOPLIST_KEY_UIUserInterfaceStyle = Automatic;
				LD_RUNPATH_SEARCH_PATHS = (
					"$(inherited)",
					"@executable_path/Frameworks",
				);
				MARKETING_VERSION = 1.2.0;
				OTHER_LDFLAGS = "";
				PRODUCT_BUNDLE_IDENTIFIER = dev.idog.simplelive;
				PRODUCT_NAME = "$(TARGET_NAME)";
				PROVISIONING_PROFILE_SPECIFIER = "";
				SWIFT_EMIT_LOC_STRINGS = YES;
				SWIFT_VERSION = 5.0;
				TARGETED_DEVICE_FAMILY = 3;
				TVOS_DEPLOYMENT_TARGET = 17.0;
			};
			name = Release;
		};
/* End XCBuildConfiguration section */

/* Begin XCConfigurationList section */
		4FC3DCD52A49382F00CA36B9 /* Build configuration list for PBXProject "AngelLiveTVOS" */ = {
			isa = XCConfigurationList;
			buildConfigurations = (
				4FC3DCFC2A49383100CA36B9 /* Debug */,
				4FC3DCFD2A49383100CA36B9 /* Release */,
			);
			defaultConfigurationIsVisible = 0;
			defaultConfigurationName = Release;
		};
		4FC3DCFE2A49383100CA36B9 /* Build configuration list for PBXNativeTarget "AngelLiveTVOS" */ = {
			isa = XCConfigurationList;
			buildConfigurations = (
				4FC3DCFF2A49383100CA36B9 /* Debug */,
				4FC3DD002A49383100CA36B9 /* Release */,
			);
			defaultConfigurationIsVisible = 0;
			defaultConfigurationName = Release;
		};
/* End XCConfigurationList section */

/* Begin XCSwiftPackageProductDependency section */
		4F22D67B2BF1AB9400497F3A /* LiveParse */ = {
			isa = XCSwiftPackageProductDependency;
			productName = LiveParse;
		};
		4F6166302C7C8E84008FED0D /* LiveParse */ = {
			isa = XCSwiftPackageProductDependency;
			productName = LiveParse;
		};
		4F6C40342C75885500A5BEDA /* LiveParse */ = {
			isa = XCSwiftPackageProductDependency;
			productName = LiveParse;
		};
		4F70CD1C2BAAE2E100F21EDA /* LiveParse */ = {
			isa = XCSwiftPackageProductDependency;
			productName = LiveParse;
		};
		4F9F9C272C1BDEE100B863A9 /* LiveParse */ = {
			isa = XCSwiftPackageProductDependency;
			productName = LiveParse;
		};
		FB1BAC802E81479D006BC677 /* LiveParse */ = {
			isa = XCSwiftPackageProductDependency;
			productName = LiveParse;
		};
		FB1D86B82C7EC13F00A679F3 /* LiveParse */ = {
			isa = XCSwiftPackageProductDependency;
			productName = LiveParse;
		};
		FB8E940A2E7BEC670055E746 /* LiveParse */ = {
			isa = XCSwiftPackageProductDependency;
			productName = LiveParse;
		};
		FB8E940D2E7BEE390055E746 /* LiveParse */ = {
			isa = XCSwiftPackageProductDependency;
			productName = LiveParse;
		};
		FBA5C3822E58229100B1368B /* LiveParse */ = {
			isa = XCSwiftPackageProductDependency;
			productName = LiveParse;
		};
		FBF74A772EA1F9B000591EEA /* AngelLiveCore */ = {
			isa = XCSwiftPackageProductDependency;
			productName = AngelLiveCore;
		};
		FBF74A792EA1F9B000591EEA /* AngelLiveDependencies */ = {
			isa = XCSwiftPackageProductDependency;
			productName = AngelLiveDependencies;
		};
/* End XCSwiftPackageProductDependency section */
	};
	rootObject = 4FC3DCD22A49382F00CA36B9 /* Project object */;
}
