// !$*UTF8*$!
{
	archiveVersion = 1;
	classes = {
	};
	objectVersion = 60;
	objects = {

/* Begin PBXBuildFile section */
		4FC3DCDE2A49382F00CA36B9 /* SimpleLiveTVOSApp.swift in Sources */ = {isa = PBXBuildFile; fileRef = 4FC3DCDD2A49382F00CA36B9 /* SimpleLiveTVOSApp.swift */; };
		4FC3DCE02A49382F00CA36B9 /* ContentView.swift in Sources */ = {isa = PBXBuildFile; fileRef = 4FC3DCDF2A49382F00CA36B9 /* ContentView.swift */; };
		4FC3DCE22A49383100CA36B9 /* Assets.xcassets in Resources */ = {isa = PBXBuildFile; fileRef = 4FC3DCE12A49383100CA36B9 /* Assets.xcassets */; };
		4FC3DCE52A49383100CA36B9 /* Preview Assets.xcassets in Resources */ = {isa = PBXBuildFile; fileRef = 4FC3DCE42A49383100CA36B9 /* Preview Assets.xcassets */; };
		4FC3DCEF2A49383100CA36B9 /* SimpleLiveTVOSTests.swift in Sources */ = {isa = PBXBuildFile; fileRef = 4FC3DCEE2A49383100CA36B9 /* SimpleLiveTVOSTests.swift */; };
		4FC3DCF92A49383100CA36B9 /* SimpleLiveTVOSUITests.swift in Sources */ = {isa = PBXBuildFile; fileRef = 4FC3DCF82A49383100CA36B9 /* SimpleLiveTVOSUITests.swift */; };
		4FC3DCFB2A49383100CA36B9 /* SimpleLiveTVOSUITestsLaunchTests.swift in Sources */ = {isa = PBXBuildFile; fileRef = 4FC3DCFA2A49383100CA36B9 /* SimpleLiveTVOSUITestsLaunchTests.swift */; };
		4FC3DD092A49725F00CA36B9 /* Kingfisher in Frameworks */ = {isa = PBXBuildFile; productRef = 4FC3DD082A49725F00CA36B9 /* Kingfisher */; };
		4FC9B38E2A52E39400C0D3C8 /* Alamofire in Frameworks */ = {isa = PBXBuildFile; productRef = 4FC9B38D2A52E39400C0D3C8 /* Alamofire */; };
		4FC9B3902A52E41300C0D3C8 /* LeftMenu.swift in Sources */ = {isa = PBXBuildFile; fileRef = 4FC9B38F2A52E41300C0D3C8 /* LeftMenu.swift */; };
		4FC9B3962A53BFA800C0D3C8 /* BilibiliModel.swift in Sources */ = {isa = PBXBuildFile; fileRef = 4FC9B3952A53BFA800C0D3C8 /* BilibiliModel.swift */; };
		FB168FC52AE0C9730099B286 /* CloudSQLManager.swift in Sources */ = {isa = PBXBuildFile; fileRef = FB168FC42AE0C9730099B286 /* CloudSQLManager.swift */; };
		FB1BB6442B0D0CB600C54BCF /* SettingView.swift in Sources */ = {isa = PBXBuildFile; fileRef = FB1BB6432B0D0CB600C54BCF /* SettingView.swift */; };
		FB2175A32B14DEE70068100B /* DanmuSettingView.swift in Sources */ = {isa = PBXBuildFile; fileRef = FB2175A22B14DEE70068100B /* DanmuSettingView.swift */; };
		FB2175A52B14DF0D0068100B /* Setting.swift in Sources */ = {isa = PBXBuildFile; fileRef = FB2175A42B14DF0D0068100B /* Setting.swift */; };
		FB5101902B0E35A900A1AE0D /* Starscream in Frameworks */ = {isa = PBXBuildFile; productRef = FB51018F2B0E35A900A1AE0D /* Starscream */; };
		FB5101922B0E3FEC00A1AE0D /* WebSocketManager.swift in Sources */ = {isa = PBXBuildFile; fileRef = FB5101912B0E3FEC00A1AE0D /* WebSocketManager.swift */; };
		FB5101952B0ED74E00A1AE0D /* SwiftyJSON in Frameworks */ = {isa = PBXBuildFile; productRef = FB5101942B0ED74E00A1AE0D /* SwiftyJSON */; };
		FB5101982B0ED76A00A1AE0D /* SWCompression in Frameworks */ = {isa = PBXBuildFile; productRef = FB5101972B0ED76A00A1AE0D /* SWCompression */; };
		FB51019A2B0EDE4000A1AE0D /* WebSocket.swift in Sources */ = {isa = PBXBuildFile; fileRef = FB5101992B0EDE3F00A1AE0D /* WebSocket.swift */; };
		FB51019C2B0EECCB00A1AE0D /* Data+Extension.swift in Sources */ = {isa = PBXBuildFile; fileRef = FB51019B2B0EECCB00A1AE0D /* Data+Extension.swift */; };
		FB5101A02B104D5600A1AE0D /* UIColor+Extension.swift in Sources */ = {isa = PBXBuildFile; fileRef = FB51019F2B104D5600A1AE0D /* UIColor+Extension.swift */; };
		FB5101A42B11D9F600A1AE0D /* huya.js in Resources */ = {isa = PBXBuildFile; fileRef = FB5101A32B11D9F600A1AE0D /* huya.js */; };
		FB5101C42B11DD3D00A1AE0D /* BABulletModel.swift in Sources */ = {isa = PBXBuildFile; fileRef = FB5101B72B11DD3D00A1AE0D /* BABulletModel.swift */; };
		FB5101C72B1227E800A1AE0D /* dy.pb.swift in Sources */ = {isa = PBXBuildFile; fileRef = FB5101C62B1227E800A1AE0D /* dy.pb.swift */; };
		FB5101C92B1227F600A1AE0D /* dy.proto in Sources */ = {isa = PBXBuildFile; fileRef = FB5101C82B1227F500A1AE0D /* dy.proto */; };
		FB651C322AB2A0F5005BFA90 /* DouyinModel.swift in Sources */ = {isa = PBXBuildFile; fileRef = FB651C312AB2A0F5005BFA90 /* DouyinModel.swift */; };
		FB89E1612B1340870083116D /* KSPlayer in Frameworks */ = {isa = PBXBuildFile; productRef = FB89E1602B1340870083116D /* KSPlayer */; };
		FB89E1642B1340DA0083116D /* KSPlayer in Frameworks */ = {isa = PBXBuildFile; productRef = FB89E1632B1340DA0083116D /* KSPlayer */; };
		FB8DFD122AEFF487002644AD /* DetailViewController.swift in Sources */ = {isa = PBXBuildFile; fileRef = FB8DFD112AEFF487002644AD /* DetailViewController.swift */; };
		FB952EC92B03250C007A24F9 /* Common.swift in Sources */ = {isa = PBXBuildFile; fileRef = FB952EC82B03250C007A24F9 /* Common.swift */; };
		FB952ECB2B0CF327007A24F9 /* BilibiliLoginView.swift in Sources */ = {isa = PBXBuildFile; fileRef = FB952ECA2B0CF327007A24F9 /* BilibiliLoginView.swift */; };
		FB99EA462B1346A400C0C5DA /* KSPlayer in Frameworks */ = {isa = PBXBuildFile; productRef = FB99EA452B1346A400C0C5DA /* KSPlayer */; };
		FBA907842AE5100500A69FBE /* LoadingView.swift in Sources */ = {isa = PBXBuildFile; fileRef = FBA907832AE5100500A69FBE /* LoadingView.swift */; };
		FBA907972AE812BB00A69FBE /* SwipeGestureActions.swift in Sources */ = {isa = PBXBuildFile; fileRef = FBA907962AE812BB00A69FBE /* SwipeGestureActions.swift */; };
		FBA907D12AEBF7E500A69FBE /* AboutUSView.swift in Sources */ = {isa = PBXBuildFile; fileRef = FBA907D02AEBF7E500A69FBE /* AboutUSView.swift */; };
		FBA907D52AEBFE9200A69FBE /* KSAudioView.swift in Sources */ = {isa = PBXBuildFile; fileRef = FBA907D42AEBFE9200A69FBE /* KSAudioView.swift */; };
		FBC2ADCE2ACABFEF00E202D5 /* DouyuModel.swift in Sources */ = {isa = PBXBuildFile; fileRef = FBC2ADCD2ACABFEF00E202D5 /* DouyuModel.swift */; };
		FBC2E6EE2ACD0B780036BFD4 /* HuyaModel.swift in Sources */ = {isa = PBXBuildFile; fileRef = FBC2E6ED2ACD0B780036BFD4 /* HuyaModel.swift */; };
		FBC2E6F52ACD8EDA0036BFD4 /* String+Extension.swift in Sources */ = {isa = PBXBuildFile; fileRef = FBC2E6F42ACD8EDA0036BFD4 /* String+Extension.swift */; };
		FBC8F5622B18C524006C5887 /* SearchRoomView.swift in Sources */ = {isa = PBXBuildFile; fileRef = FBC8F5612B18C524006C5887 /* SearchRoomView.swift */; };
		FBDEE4762AD42FD100F996BA /* LiveCardView.swift in Sources */ = {isa = PBXBuildFile; fileRef = FBDEE4752AD42FD100F996BA /* LiveCardView.swift */; };
		FBDEE4792AD5874900F996BA /* SimpleToast in Frameworks */ = {isa = PBXBuildFile; productRef = FBDEE4782AD5874900F996BA /* SimpleToast */; };
		FBDEE47C2AD63B3100F996BA /* SQLite in Frameworks */ = {isa = PBXBuildFile; productRef = FBDEE47B2AD63B3100F996BA /* SQLite */; };
		FBDEE47E2AD64FD000F996BA /* SQLiteManager.swift in Sources */ = {isa = PBXBuildFile; fileRef = FBDEE47D2AD64FD000F996BA /* SQLiteManager.swift */; };
		FBDEE4802AD6CD4400F996BA /* FavoriteMainView.swift in Sources */ = {isa = PBXBuildFile; fileRef = FBDEE47F2AD6CD4400F996BA /* FavoriteMainView.swift */; };
		FBFEDA472AD2A4CB00D96D7D /* ListMainView.swift in Sources */ = {isa = PBXBuildFile; fileRef = FBFEDA462AD2A4CB00D96D7D /* ListMainView.swift */; };
		FBFEDA4A2AD2A7B800D96D7D /* LiveModel.swift in Sources */ = {isa = PBXBuildFile; fileRef = FBFEDA492AD2A7B800D96D7D /* LiveModel.swift */; };
		FBFEF1F62B122B5100B19C3E /* SwiftProtobuf in Frameworks */ = {isa = PBXBuildFile; productRef = FBFEF1F52B122B5100B19C3E /* SwiftProtobuf */; };
		FBFEF1F82B122B5100B19C3E /* SwiftProtobufPluginLibrary in Frameworks */ = {isa = PBXBuildFile; productRef = FBFEF1F72B122B5100B19C3E /* SwiftProtobufPluginLibrary */; };
		FBFEF1FA2B122B5100B19C3E /* protoc-gen-swift in Frameworks */ = {isa = PBXBuildFile; productRef = FBFEF1F92B122B5100B19C3E /* protoc-gen-swift */; };
		FBFEF1FF2B124C6200B19C3E /* Gzip in Frameworks */ = {isa = PBXBuildFile; productRef = FBFEF1FE2B124C6200B19C3E /* Gzip */; };
/* End PBXBuildFile section */

/* Begin PBXContainerItemProxy section */
		4FC3DCEB2A49383100CA36B9 /* PBXContainerItemProxy */ = {
			isa = PBXContainerItemProxy;
			containerPortal = 4FC3DCD22A49382F00CA36B9 /* Project object */;
			proxyType = 1;
			remoteGlobalIDString = 4FC3DCD92A49382F00CA36B9;
			remoteInfo = SimpleLiveTVOS;
		};
		4FC3DCF52A49383100CA36B9 /* PBXContainerItemProxy */ = {
			isa = PBXContainerItemProxy;
			containerPortal = 4FC3DCD22A49382F00CA36B9 /* Project object */;
			proxyType = 1;
			remoteGlobalIDString = 4FC3DCD92A49382F00CA36B9;
			remoteInfo = SimpleLiveTVOS;
		};
/* End PBXContainerItemProxy section */

/* Begin PBXFileReference section */
		4FC3DCDA2A49382F00CA36B9 /* SimpleLiveTVOS.app */ = {isa = PBXFileReference; explicitFileType = wrapper.application; includeInIndex = 0; path = SimpleLiveTVOS.app; sourceTree = BUILT_PRODUCTS_DIR; };
		4FC3DCDD2A49382F00CA36B9 /* SimpleLiveTVOSApp.swift */ = {isa = PBXFileReference; lastKnownFileType = sourcecode.swift; path = SimpleLiveTVOSApp.swift; sourceTree = "<group>"; };
		4FC3DCDF2A49382F00CA36B9 /* ContentView.swift */ = {isa = PBXFileReference; lastKnownFileType = sourcecode.swift; path = ContentView.swift; sourceTree = "<group>"; };
		4FC3DCE12A49383100CA36B9 /* Assets.xcassets */ = {isa = PBXFileReference; lastKnownFileType = folder.assetcatalog; path = Assets.xcassets; sourceTree = "<group>"; };
		4FC3DCE42A49383100CA36B9 /* Preview Assets.xcassets */ = {isa = PBXFileReference; lastKnownFileType = folder.assetcatalog; path = "Preview Assets.xcassets"; sourceTree = "<group>"; };
		4FC3DCEA2A49383100CA36B9 /* SimpleLiveTVOSTests.xctest */ = {isa = PBXFileReference; explicitFileType = wrapper.cfbundle; includeInIndex = 0; path = SimpleLiveTVOSTests.xctest; sourceTree = BUILT_PRODUCTS_DIR; };
		4FC3DCEE2A49383100CA36B9 /* SimpleLiveTVOSTests.swift */ = {isa = PBXFileReference; lastKnownFileType = sourcecode.swift; path = SimpleLiveTVOSTests.swift; sourceTree = "<group>"; };
		4FC3DCF42A49383100CA36B9 /* SimpleLiveTVOSUITests.xctest */ = {isa = PBXFileReference; explicitFileType = wrapper.cfbundle; includeInIndex = 0; path = SimpleLiveTVOSUITests.xctest; sourceTree = BUILT_PRODUCTS_DIR; };
		4FC3DCF82A49383100CA36B9 /* SimpleLiveTVOSUITests.swift */ = {isa = PBXFileReference; lastKnownFileType = sourcecode.swift; path = SimpleLiveTVOSUITests.swift; sourceTree = "<group>"; };
		4FC3DCFA2A49383100CA36B9 /* SimpleLiveTVOSUITestsLaunchTests.swift */ = {isa = PBXFileReference; lastKnownFileType = sourcecode.swift; path = SimpleLiveTVOSUITestsLaunchTests.swift; sourceTree = "<group>"; };
		4FC3DD0A2A4972FB00CA36B9 /* Info.plist */ = {isa = PBXFileReference; lastKnownFileType = text.plist; path = Info.plist; sourceTree = "<group>"; };
		4FC9B38F2A52E41300C0D3C8 /* LeftMenu.swift */ = {isa = PBXFileReference; lastKnownFileType = sourcecode.swift; path = LeftMenu.swift; sourceTree = "<group>"; };
		4FC9B3952A53BFA800C0D3C8 /* BilibiliModel.swift */ = {isa = PBXFileReference; lastKnownFileType = sourcecode.swift; path = BilibiliModel.swift; sourceTree = "<group>"; };
		FB168FC32AE0BE470099B286 /* SimpleLiveTVOS.entitlements */ = {isa = PBXFileReference; lastKnownFileType = text.plist.entitlements; path = SimpleLiveTVOS.entitlements; sourceTree = "<group>"; };
		FB168FC42AE0C9730099B286 /* CloudSQLManager.swift */ = {isa = PBXFileReference; lastKnownFileType = sourcecode.swift; path = CloudSQLManager.swift; sourceTree = "<group>"; };
		FB1BB6432B0D0CB600C54BCF /* SettingView.swift */ = {isa = PBXFileReference; lastKnownFileType = sourcecode.swift; path = SettingView.swift; sourceTree = "<group>"; };
		FB2175A22B14DEE70068100B /* DanmuSettingView.swift */ = {isa = PBXFileReference; lastKnownFileType = sourcecode.swift; path = DanmuSettingView.swift; sourceTree = "<group>"; };
		FB2175A42B14DF0D0068100B /* Setting.swift */ = {isa = PBXFileReference; lastKnownFileType = sourcecode.swift; path = Setting.swift; sourceTree = "<group>"; };
		FB5101912B0E3FEC00A1AE0D /* WebSocketManager.swift */ = {isa = PBXFileReference; lastKnownFileType = sourcecode.swift; path = WebSocketManager.swift; sourceTree = "<group>"; };
		FB5101992B0EDE3F00A1AE0D /* WebSocket.swift */ = {isa = PBXFileReference; fileEncoding = 4; lastKnownFileType = sourcecode.swift; path = WebSocket.swift; sourceTree = "<group>"; };
		FB51019B2B0EECCB00A1AE0D /* Data+Extension.swift */ = {isa = PBXFileReference; lastKnownFileType = sourcecode.swift; path = "Data+Extension.swift"; sourceTree = "<group>"; };
		FB51019F2B104D5600A1AE0D /* UIColor+Extension.swift */ = {isa = PBXFileReference; lastKnownFileType = sourcecode.swift; path = "UIColor+Extension.swift"; sourceTree = "<group>"; };
		FB5101A32B11D9F600A1AE0D /* huya.js */ = {isa = PBXFileReference; fileEncoding = 4; lastKnownFileType = sourcecode.javascript; path = huya.js; sourceTree = "<group>"; };
		FB5101B72B11DD3D00A1AE0D /* BABulletModel.swift */ = {isa = PBXFileReference; fileEncoding = 4; lastKnownFileType = sourcecode.swift; path = BABulletModel.swift; sourceTree = "<group>"; };
		FB5101C62B1227E800A1AE0D /* dy.pb.swift */ = {isa = PBXFileReference; fileEncoding = 4; lastKnownFileType = sourcecode.swift; path = dy.pb.swift; sourceTree = "<group>"; };
		FB5101C82B1227F500A1AE0D /* dy.proto */ = {isa = PBXFileReference; fileEncoding = 4; lastKnownFileType = sourcecode.protobuf; path = dy.proto; sourceTree = "<group>"; };
		FB651C312AB2A0F5005BFA90 /* DouyinModel.swift */ = {isa = PBXFileReference; fileEncoding = 4; lastKnownFileType = sourcecode.swift; path = DouyinModel.swift; sourceTree = "<group>"; };
		FB8DFD112AEFF487002644AD /* DetailViewController.swift */ = {isa = PBXFileReference; fileEncoding = 4; lastKnownFileType = sourcecode.swift; path = DetailViewController.swift; sourceTree = "<group>"; };
		FB952EC82B03250C007A24F9 /* Common.swift */ = {isa = PBXFileReference; lastKnownFileType = sourcecode.swift; path = Common.swift; sourceTree = "<group>"; };
		FB952ECA2B0CF327007A24F9 /* BilibiliLoginView.swift */ = {isa = PBXFileReference; lastKnownFileType = sourcecode.swift; path = BilibiliLoginView.swift; sourceTree = "<group>"; };
		FBA907832AE5100500A69FBE /* LoadingView.swift */ = {isa = PBXFileReference; lastKnownFileType = sourcecode.swift; path = LoadingView.swift; sourceTree = "<group>"; };
		FBA907962AE812BB00A69FBE /* SwipeGestureActions.swift */ = {isa = PBXFileReference; lastKnownFileType = sourcecode.swift; path = SwipeGestureActions.swift; sourceTree = "<group>"; };
		FBA907D02AEBF7E500A69FBE /* AboutUSView.swift */ = {isa = PBXFileReference; lastKnownFileType = sourcecode.swift; path = AboutUSView.swift; sourceTree = "<group>"; };
		FBA907D42AEBFE9200A69FBE /* KSAudioView.swift */ = {isa = PBXFileReference; fileEncoding = 4; lastKnownFileType = sourcecode.swift; path = KSAudioView.swift; sourceTree = "<group>"; };
		FBC2ADCD2ACABFEF00E202D5 /* DouyuModel.swift */ = {isa = PBXFileReference; lastKnownFileType = sourcecode.swift; path = DouyuModel.swift; sourceTree = "<group>"; };
		FBC2E6ED2ACD0B780036BFD4 /* HuyaModel.swift */ = {isa = PBXFileReference; lastKnownFileType = sourcecode.swift; path = HuyaModel.swift; sourceTree = "<group>"; };
		FBC2E6F42ACD8EDA0036BFD4 /* String+Extension.swift */ = {isa = PBXFileReference; lastKnownFileType = sourcecode.swift; path = "String+Extension.swift"; sourceTree = "<group>"; };
		FBC8F5612B18C524006C5887 /* SearchRoomView.swift */ = {isa = PBXFileReference; lastKnownFileType = sourcecode.swift; path = SearchRoomView.swift; sourceTree = "<group>"; };
		FBDEE4752AD42FD100F996BA /* LiveCardView.swift */ = {isa = PBXFileReference; lastKnownFileType = sourcecode.swift; path = LiveCardView.swift; sourceTree = "<group>"; };
		FBDEE47D2AD64FD000F996BA /* SQLiteManager.swift */ = {isa = PBXFileReference; lastKnownFileType = sourcecode.swift; path = SQLiteManager.swift; sourceTree = "<group>"; };
		FBDEE47F2AD6CD4400F996BA /* FavoriteMainView.swift */ = {isa = PBXFileReference; lastKnownFileType = sourcecode.swift; path = FavoriteMainView.swift; sourceTree = "<group>"; };
		FBFEDA462AD2A4CB00D96D7D /* ListMainView.swift */ = {isa = PBXFileReference; lastKnownFileType = sourcecode.swift; path = ListMainView.swift; sourceTree = "<group>"; };
		FBFEDA492AD2A7B800D96D7D /* LiveModel.swift */ = {isa = PBXFileReference; lastKnownFileType = sourcecode.swift; path = LiveModel.swift; sourceTree = "<group>"; };
/* End PBXFileReference section */

/* Begin PBXFrameworksBuildPhase section */
		4FC3DCD72A49382F00CA36B9 /* Frameworks */ = {
			isa = PBXFrameworksBuildPhase;
			buildActionMask = 2147483647;
			files = (
				FBDEE47C2AD63B3100F996BA /* SQLite in Frameworks */,
				FB5101982B0ED76A00A1AE0D /* SWCompression in Frameworks */,
				FBFEF1FF2B124C6200B19C3E /* Gzip in Frameworks */,
				FBFEF1FA2B122B5100B19C3E /* protoc-gen-swift in Frameworks */,
				FBFEF1F82B122B5100B19C3E /* SwiftProtobufPluginLibrary in Frameworks */,
				FB5101952B0ED74E00A1AE0D /* SwiftyJSON in Frameworks */,
				FBDEE4792AD5874900F996BA /* SimpleToast in Frameworks */,
				4FC3DD092A49725F00CA36B9 /* Kingfisher in Frameworks */,
				FB89E1612B1340870083116D /* KSPlayer in Frameworks */,
				FB99EA462B1346A400C0C5DA /* KSPlayer in Frameworks */,
				FB89E1642B1340DA0083116D /* KSPlayer in Frameworks */,
				4FC9B38E2A52E39400C0D3C8 /* Alamofire in Frameworks */,
				FB5101902B0E35A900A1AE0D /* Starscream in Frameworks */,
				FBFEF1F62B122B5100B19C3E /* SwiftProtobuf in Frameworks */,
			);
			runOnlyForDeploymentPostprocessing = 0;
		};
		4FC3DCE72A49383100CA36B9 /* Frameworks */ = {
			isa = PBXFrameworksBuildPhase;
			buildActionMask = 2147483647;
			files = (
			);
			runOnlyForDeploymentPostprocessing = 0;
		};
		4FC3DCF12A49383100CA36B9 /* Frameworks */ = {
			isa = PBXFrameworksBuildPhase;
			buildActionMask = 2147483647;
			files = (
			);
			runOnlyForDeploymentPostprocessing = 0;
		};
/* End PBXFrameworksBuildPhase section */

/* Begin PBXGroup section */
		4FC3DCD12A49382F00CA36B9 = {
			isa = PBXGroup;
			children = (
				4FC3DCDC2A49382F00CA36B9 /* SimpleLiveTVOS */,
				4FC3DCED2A49383100CA36B9 /* SimpleLiveTVOSTests */,
				4FC3DCF72A49383100CA36B9 /* SimpleLiveTVOSUITests */,
				4FC3DCDB2A49382F00CA36B9 /* Products */,
			);
			sourceTree = "<group>";
		};
		4FC3DCDB2A49382F00CA36B9 /* Products */ = {
			isa = PBXGroup;
			children = (
				4FC3DCDA2A49382F00CA36B9 /* SimpleLiveTVOS.app */,
				4FC3DCEA2A49383100CA36B9 /* SimpleLiveTVOSTests.xctest */,
				4FC3DCF42A49383100CA36B9 /* SimpleLiveTVOSUITests.xctest */,
			);
			name = Products;
			sourceTree = "<group>";
		};
		4FC3DCDC2A49382F00CA36B9 /* SimpleLiveTVOS */ = {
			isa = PBXGroup;
			children = (
				FB8DFD112AEFF487002644AD /* DetailViewController.swift */,
				FB168FC32AE0BE470099B286 /* SimpleLiveTVOS.entitlements */,
				FBFEDA482AD2A79700D96D7D /* Model */,
				FBC2E6F12ACD83350036BFD4 /* Tools */,
				4FC9B3912A53BEB100C0D3C8 /* Core */,
				4FC3DD0A2A4972FB00CA36B9 /* Info.plist */,
				FBA907832AE5100500A69FBE /* LoadingView.swift */,
				FBDEE4752AD42FD100F996BA /* LiveCardView.swift */,
				4FC3DCDD2A49382F00CA36B9 /* SimpleLiveTVOSApp.swift */,
				4FC3DCDF2A49382F00CA36B9 /* ContentView.swift */,
				4FC9B38F2A52E41300C0D3C8 /* LeftMenu.swift */,
				FBA907D02AEBF7E500A69FBE /* AboutUSView.swift */,
				FBA907D42AEBFE9200A69FBE /* KSAudioView.swift */,
				FBDEE47F2AD6CD4400F996BA /* FavoriteMainView.swift */,
				FBFEDA462AD2A4CB00D96D7D /* ListMainView.swift */,
				FB952ECA2B0CF327007A24F9 /* BilibiliLoginView.swift */,
				FB1BB6432B0D0CB600C54BCF /* SettingView.swift */,
				FB2175A22B14DEE70068100B /* DanmuSettingView.swift */,
				FBC8F5612B18C524006C5887 /* SearchRoomView.swift */,
				4FC3DCE12A49383100CA36B9 /* Assets.xcassets */,
				4FC3DCE32A49383100CA36B9 /* Preview Content */,
			);
			path = SimpleLiveTVOS;
			sourceTree = "<group>";
		};
		4FC3DCE32A49383100CA36B9 /* Preview Content */ = {
			isa = PBXGroup;
			children = (
				4FC3DCE42A49383100CA36B9 /* Preview Assets.xcassets */,
			);
			path = "Preview Content";
			sourceTree = "<group>";
		};
		4FC3DCED2A49383100CA36B9 /* SimpleLiveTVOSTests */ = {
			isa = PBXGroup;
			children = (
				4FC3DCEE2A49383100CA36B9 /* SimpleLiveTVOSTests.swift */,
			);
			path = SimpleLiveTVOSTests;
			sourceTree = "<group>";
		};
		4FC3DCF72A49383100CA36B9 /* SimpleLiveTVOSUITests */ = {
			isa = PBXGroup;
			children = (
				4FC3DCF82A49383100CA36B9 /* SimpleLiveTVOSUITests.swift */,
				4FC3DCFA2A49383100CA36B9 /* SimpleLiveTVOSUITestsLaunchTests.swift */,
			);
			path = SimpleLiveTVOSUITests;
			sourceTree = "<group>";
		};
		4FC9B3912A53BEB100C0D3C8 /* Core */ = {
			isa = PBXGroup;
			children = (
				FBC2E6EC2ACD0B700036BFD4 /* Huya */,
				FBC2ADCC2ACABFE400E202D5 /* Douyu */,
				FB651C302AB2A0F5005BFA90 /* Douyin */,
				4FC9B3922A53BEC000C0D3C8 /* Bilibili */,
			);
			path = Core;
			sourceTree = "<group>";
		};
		4FC9B3922A53BEC000C0D3C8 /* Bilibili */ = {
			isa = PBXGroup;
			children = (
				4FC9B3952A53BFA800C0D3C8 /* BilibiliModel.swift */,
			);
			path = Bilibili;
			sourceTree = "<group>";
		};
		FB5101A52B11DD3D00A1AE0D /* HuyaBulletGet */ = {
			isa = PBXGroup;
			children = (
				FB5101B72B11DD3D00A1AE0D /* BABulletModel.swift */,
			);
			path = HuyaBulletGet;
			sourceTree = "<group>";
		};
		FB651C302AB2A0F5005BFA90 /* Douyin */ = {
			isa = PBXGroup;
			children = (
				FB651C312AB2A0F5005BFA90 /* DouyinModel.swift */,
			);
			path = Douyin;
			sourceTree = "<group>";
		};
		FBC2ADCC2ACABFE400E202D5 /* Douyu */ = {
			isa = PBXGroup;
			children = (
				FBC2ADCD2ACABFEF00E202D5 /* DouyuModel.swift */,
			);
			path = Douyu;
			sourceTree = "<group>";
		};
		FBC2E6EC2ACD0B700036BFD4 /* Huya */ = {
			isa = PBXGroup;
			children = (
				FBC2E6ED2ACD0B780036BFD4 /* HuyaModel.swift */,
			);
			path = Huya;
			sourceTree = "<group>";
		};
		FBC2E6F12ACD83350036BFD4 /* Tools */ = {
			isa = PBXGroup;
			children = (
				FB5101C82B1227F500A1AE0D /* dy.proto */,
				FB5101C62B1227E800A1AE0D /* dy.pb.swift */,
				FB5101A52B11DD3D00A1AE0D /* HuyaBulletGet */,
				FB5101A32B11D9F600A1AE0D /* huya.js */,
				FBC2E6F42ACD8EDA0036BFD4 /* String+Extension.swift */,
				FBDEE47D2AD64FD000F996BA /* SQLiteManager.swift */,
				FB168FC42AE0C9730099B286 /* CloudSQLManager.swift */,
				FBA907962AE812BB00A69FBE /* SwipeGestureActions.swift */,
				FB952EC82B03250C007A24F9 /* Common.swift */,
				FB5101992B0EDE3F00A1AE0D /* WebSocket.swift */,
				FB5101912B0E3FEC00A1AE0D /* WebSocketManager.swift */,
				FB51019B2B0EECCB00A1AE0D /* Data+Extension.swift */,
				FB51019F2B104D5600A1AE0D /* UIColor+Extension.swift */,
				FB2175A42B14DF0D0068100B /* Setting.swift */,
			);
			path = Tools;
			sourceTree = "<group>";
		};
		FBFEDA482AD2A79700D96D7D /* Model */ = {
			isa = PBXGroup;
			children = (
				FBFEDA492AD2A7B800D96D7D /* LiveModel.swift */,
			);
			path = Model;
			sourceTree = "<group>";
		};
/* End PBXGroup section */

/* Begin PBXNativeTarget section */
		4FC3DCD92A49382F00CA36B9 /* SimpleLiveTVOS */ = {
			isa = PBXNativeTarget;
			buildConfigurationList = 4FC3DCFE2A49383100CA36B9 /* Build configuration list for PBXNativeTarget "SimpleLiveTVOS" */;
			buildPhases = (
				4FC3DCD62A49382F00CA36B9 /* Sources */,
				4FC3DCD72A49382F00CA36B9 /* Frameworks */,
				4FC3DCD82A49382F00CA36B9 /* Resources */,
			);
			buildRules = (
			);
			dependencies = (
			);
			name = SimpleLiveTVOS;
			packageProductDependencies = (
				4FC3DD082A49725F00CA36B9 /* Kingfisher */,
				4FC9B38D2A52E39400C0D3C8 /* Alamofire */,
				FBDEE4782AD5874900F996BA /* SimpleToast */,
				FBDEE47B2AD63B3100F996BA /* SQLite */,
				FB51018F2B0E35A900A1AE0D /* Starscream */,
				FB5101942B0ED74E00A1AE0D /* SwiftyJSON */,
				FB5101972B0ED76A00A1AE0D /* SWCompression */,
				FBFEF1F52B122B5100B19C3E /* SwiftProtobuf */,
				FBFEF1F72B122B5100B19C3E /* SwiftProtobufPluginLibrary */,
				FBFEF1F92B122B5100B19C3E /* protoc-gen-swift */,
				FBFEF1FE2B124C6200B19C3E /* Gzip */,
				FB89E1602B1340870083116D /* KSPlayer */,
				FB89E1632B1340DA0083116D /* KSPlayer */,
				FB99EA452B1346A400C0C5DA /* KSPlayer */,
			);
			productName = SimpleLiveTVOS;
			productReference = 4FC3DCDA2A49382F00CA36B9 /* SimpleLiveTVOS.app */;
			productType = "com.apple.product-type.application";
		};
		4FC3DCE92A49383100CA36B9 /* SimpleLiveTVOSTests */ = {
			isa = PBXNativeTarget;
			buildConfigurationList = 4FC3DD012A49383100CA36B9 /* Build configuration list for PBXNativeTarget "SimpleLiveTVOSTests" */;
			buildPhases = (
				4FC3DCE62A49383100CA36B9 /* Sources */,
				4FC3DCE72A49383100CA36B9 /* Frameworks */,
				4FC3DCE82A49383100CA36B9 /* Resources */,
			);
			buildRules = (
			);
			dependencies = (
				4FC3DCEC2A49383100CA36B9 /* PBXTargetDependency */,
			);
			name = SimpleLiveTVOSTests;
			productName = SimpleLiveTVOSTests;
			productReference = 4FC3DCEA2A49383100CA36B9 /* SimpleLiveTVOSTests.xctest */;
			productType = "com.apple.product-type.bundle.unit-test";
		};
		4FC3DCF32A49383100CA36B9 /* SimpleLiveTVOSUITests */ = {
			isa = PBXNativeTarget;
			buildConfigurationList = 4FC3DD042A49383100CA36B9 /* Build configuration list for PBXNativeTarget "SimpleLiveTVOSUITests" */;
			buildPhases = (
				4FC3DCF02A49383100CA36B9 /* Sources */,
				4FC3DCF12A49383100CA36B9 /* Frameworks */,
				4FC3DCF22A49383100CA36B9 /* Resources */,
			);
			buildRules = (
			);
			dependencies = (
				4FC3DCF62A49383100CA36B9 /* PBXTargetDependency */,
			);
			name = SimpleLiveTVOSUITests;
			productName = SimpleLiveTVOSUITests;
			productReference = 4FC3DCF42A49383100CA36B9 /* SimpleLiveTVOSUITests.xctest */;
			productType = "com.apple.product-type.bundle.ui-testing";
		};
/* End PBXNativeTarget section */

/* Begin PBXProject section */
		4FC3DCD22A49382F00CA36B9 /* Project object */ = {
			isa = PBXProject;
			attributes = {
				BuildIndependentTargetsInParallel = 1;
				LastSwiftUpdateCheck = 1430;
				LastUpgradeCheck = 1500;
				TargetAttributes = {
					4FC3DCD92A49382F00CA36B9 = {
						CreatedOnToolsVersion = 14.3.1;
					};
					4FC3DCE92A49383100CA36B9 = {
						CreatedOnToolsVersion = 14.3.1;
						TestTargetID = 4FC3DCD92A49382F00CA36B9;
					};
					4FC3DCF32A49383100CA36B9 = {
						CreatedOnToolsVersion = 14.3.1;
						TestTargetID = 4FC3DCD92A49382F00CA36B9;
					};
				};
			};
			buildConfigurationList = 4FC3DCD52A49382F00CA36B9 /* Build configuration list for PBXProject "SimpleLiveTVOS" */;
			compatibilityVersion = "Xcode 14.0";
			developmentRegion = en;
			hasScannedForEncodings = 0;
			knownRegions = (
				en,
				Base,
			);
			mainGroup = 4FC3DCD12A49382F00CA36B9;
			packageReferences = (
				4FC3DD072A49725F00CA36B9 /* XCRemoteSwiftPackageReference "Kingfisher" */,
				4FC9B38C2A52E39400C0D3C8 /* XCRemoteSwiftPackageReference "Alamofire" */,
				FBDEE4772AD5874900F996BA /* XCRemoteSwiftPackageReference "SimpleToast" */,
				FBDEE47A2AD63B3100F996BA /* XCRemoteSwiftPackageReference "SQLite" */,
				FB51018E2B0E35A900A1AE0D /* XCRemoteSwiftPackageReference "Starscream" */,
				FB5101932B0ED74E00A1AE0D /* XCRemoteSwiftPackageReference "SwiftyJSON" */,
				FB5101962B0ED76A00A1AE0D /* XCRemoteSwiftPackageReference "SWCompression" */,
				FBFEF1F42B122B5100B19C3E /* XCRemoteSwiftPackageReference "swift-protobuf" */,
				FBFEF1FD2B124C6200B19C3E /* XCRemoteSwiftPackageReference "GzipSwift" */,
				FB99EA442B1346A400C0C5DA /* XCLocalSwiftPackageReference "../KSPlayer" */,
			);
			productRefGroup = 4FC3DCDB2A49382F00CA36B9 /* Products */;
			projectDirPath = "";
			projectRoot = "";
			targets = (
				4FC3DCD92A49382F00CA36B9 /* SimpleLiveTVOS */,
				4FC3DCE92A49383100CA36B9 /* SimpleLiveTVOSTests */,
				4FC3DCF32A49383100CA36B9 /* SimpleLiveTVOSUITests */,
			);
		};
/* End PBXProject section */

/* Begin PBXResourcesBuildPhase section */
		4FC3DCD82A49382F00CA36B9 /* Resources */ = {
			isa = PBXResourcesBuildPhase;
			buildActionMask = 2147483647;
			files = (
				FB5101A42B11D9F600A1AE0D /* huya.js in Resources */,
				4FC3DCE52A49383100CA36B9 /* Preview Assets.xcassets in Resources */,
				4FC3DCE22A49383100CA36B9 /* Assets.xcassets in Resources */,
			);
			runOnlyForDeploymentPostprocessing = 0;
		};
		4FC3DCE82A49383100CA36B9 /* Resources */ = {
			isa = PBXResourcesBuildPhase;
			buildActionMask = 2147483647;
			files = (
			);
			runOnlyForDeploymentPostprocessing = 0;
		};
		4FC3DCF22A49383100CA36B9 /* Resources */ = {
			isa = PBXResourcesBuildPhase;
			buildActionMask = 2147483647;
			files = (
			);
			runOnlyForDeploymentPostprocessing = 0;
		};
/* End PBXResourcesBuildPhase section */

/* Begin PBXSourcesBuildPhase section */
		4FC3DCD62A49382F00CA36B9 /* Sources */ = {
			isa = PBXSourcesBuildPhase;
			buildActionMask = 2147483647;
			files = (
				FBA907972AE812BB00A69FBE /* SwipeGestureActions.swift in Sources */,
				4FC3DCE02A49382F00CA36B9 /* ContentView.swift in Sources */,
				FB5101C72B1227E800A1AE0D /* dy.pb.swift in Sources */,
				FB5101C42B11DD3D00A1AE0D /* BABulletModel.swift in Sources */,
				FB952ECB2B0CF327007A24F9 /* BilibiliLoginView.swift in Sources */,
				FB2175A52B14DF0D0068100B /* Setting.swift in Sources */,
				FB2175A32B14DEE70068100B /* DanmuSettingView.swift in Sources */,
				FB51019A2B0EDE4000A1AE0D /* WebSocket.swift in Sources */,
				FBDEE4802AD6CD4400F996BA /* FavoriteMainView.swift in Sources */,
				4FC3DCDE2A49382F00CA36B9 /* SimpleLiveTVOSApp.swift in Sources */,
				FB952EC92B03250C007A24F9 /* Common.swift in Sources */,
				FB5101922B0E3FEC00A1AE0D /* WebSocketManager.swift in Sources */,
				FBC2ADCE2ACABFEF00E202D5 /* DouyuModel.swift in Sources */,
				FBA907D52AEBFE9200A69FBE /* KSAudioView.swift in Sources */,
				FB8DFD122AEFF487002644AD /* DetailViewController.swift in Sources */,
				FBDEE4762AD42FD100F996BA /* LiveCardView.swift in Sources */,
				4FC9B3902A52E41300C0D3C8 /* LeftMenu.swift in Sources */,
				FBC2E6EE2ACD0B780036BFD4 /* HuyaModel.swift in Sources */,
				FBA907D12AEBF7E500A69FBE /* AboutUSView.swift in Sources */,
				FB51019C2B0EECCB00A1AE0D /* Data+Extension.swift in Sources */,
				FBFEDA472AD2A4CB00D96D7D /* ListMainView.swift in Sources */,
				FBDEE47E2AD64FD000F996BA /* SQLiteManager.swift in Sources */,
				FBFEDA4A2AD2A7B800D96D7D /* LiveModel.swift in Sources */,
				4FC9B3962A53BFA800C0D3C8 /* BilibiliModel.swift in Sources */,
				FB5101C92B1227F600A1AE0D /* dy.proto in Sources */,
				FBC2E6F52ACD8EDA0036BFD4 /* String+Extension.swift in Sources */,
				FB651C322AB2A0F5005BFA90 /* DouyinModel.swift in Sources */,
				FB1BB6442B0D0CB600C54BCF /* SettingView.swift in Sources */,
				FB5101A02B104D5600A1AE0D /* UIColor+Extension.swift in Sources */,
				FBC8F5622B18C524006C5887 /* SearchRoomView.swift in Sources */,
				FB168FC52AE0C9730099B286 /* CloudSQLManager.swift in Sources */,
				FBA907842AE5100500A69FBE /* LoadingView.swift in Sources */,
			);
			runOnlyForDeploymentPostprocessing = 0;
		};
		4FC3DCE62A49383100CA36B9 /* Sources */ = {
			isa = PBXSourcesBuildPhase;
			buildActionMask = 2147483647;
			files = (
				4FC3DCEF2A49383100CA36B9 /* SimpleLiveTVOSTests.swift in Sources */,
			);
			runOnlyForDeploymentPostprocessing = 0;
		};
		4FC3DCF02A49383100CA36B9 /* Sources */ = {
			isa = PBXSourcesBuildPhase;
			buildActionMask = 2147483647;
			files = (
				4FC3DCFB2A49383100CA36B9 /* SimpleLiveTVOSUITestsLaunchTests.swift in Sources */,
				4FC3DCF92A49383100CA36B9 /* SimpleLiveTVOSUITests.swift in Sources */,
			);
			runOnlyForDeploymentPostprocessing = 0;
		};
/* End PBXSourcesBuildPhase section */

/* Begin PBXTargetDependency section */
		4FC3DCEC2A49383100CA36B9 /* PBXTargetDependency */ = {
			isa = PBXTargetDependency;
			target = 4FC3DCD92A49382F00CA36B9 /* SimpleLiveTVOS */;
			targetProxy = 4FC3DCEB2A49383100CA36B9 /* PBXContainerItemProxy */;
		};
		4FC3DCF62A49383100CA36B9 /* PBXTargetDependency */ = {
			isa = PBXTargetDependency;
			target = 4FC3DCD92A49382F00CA36B9 /* SimpleLiveTVOS */;
			targetProxy = 4FC3DCF52A49383100CA36B9 /* PBXContainerItemProxy */;
		};
/* End PBXTargetDependency section */

/* Begin XCBuildConfiguration section */
		4FC3DCFC2A49383100CA36B9 /* Debug */ = {
			isa = XCBuildConfiguration;
			buildSettings = {
				ALWAYS_SEARCH_USER_PATHS = NO;
				CLANG_ANALYZER_NONNULL = YES;
				CLANG_ANALYZER_NUMBER_OBJECT_CONVERSION = YES_AGGRESSIVE;
				CLANG_CXX_LANGUAGE_STANDARD = "gnu++20";
				CLANG_ENABLE_MODULES = YES;
				CLANG_ENABLE_OBJC_ARC = YES;
				CLANG_ENABLE_OBJC_WEAK = YES;
				CLANG_WARN_BLOCK_CAPTURE_AUTORELEASING = YES;
				CLANG_WARN_BOOL_CONVERSION = YES;
				CLANG_WARN_COMMA = YES;
				CLANG_WARN_CONSTANT_CONVERSION = YES;
				CLANG_WARN_DEPRECATED_OBJC_IMPLEMENTATIONS = YES;
				CLANG_WARN_DIRECT_OBJC_ISA_USAGE = YES_ERROR;
				CLANG_WARN_DOCUMENTATION_COMMENTS = YES;
				CLANG_WARN_EMPTY_BODY = YES;
				CLANG_WARN_ENUM_CONVERSION = YES;
				CLANG_WARN_INFINITE_RECURSION = YES;
				CLANG_WARN_INT_CONVERSION = YES;
				CLANG_WARN_NON_LITERAL_NULL_CONVERSION = YES;
				CLANG_WARN_OBJC_IMPLICIT_RETAIN_SELF = YES;
				CLANG_WARN_OBJC_LITERAL_CONVERSION = YES;
				CLANG_WARN_OBJC_ROOT_CLASS = YES_ERROR;
				CLANG_WARN_QUOTED_INCLUDE_IN_FRAMEWORK_HEADER = YES;
				CLANG_WARN_RANGE_LOOP_ANALYSIS = YES;
				CLANG_WARN_STRICT_PROTOTYPES = YES;
				CLANG_WARN_SUSPICIOUS_MOVE = YES;
				CLANG_WARN_UNGUARDED_AVAILABILITY = YES_AGGRESSIVE;
				CLANG_WARN_UNREACHABLE_CODE = YES;
				CLANG_WARN__DUPLICATE_METHOD_MATCH = YES;
				COPY_PHASE_STRIP = NO;
				DEBUG_INFORMATION_FORMAT = dwarf;
				ENABLE_STRICT_OBJC_MSGSEND = YES;
				ENABLE_TESTABILITY = YES;
				ENABLE_USER_SCRIPT_SANDBOXING = YES;
				GCC_C_LANGUAGE_STANDARD = gnu11;
				GCC_DYNAMIC_NO_PIC = NO;
				GCC_NO_COMMON_BLOCKS = YES;
				GCC_OPTIMIZATION_LEVEL = 0;
				GCC_PREPROCESSOR_DEFINITIONS = (
					"DEBUG=1",
					"$(inherited)",
				);
				GCC_WARN_64_TO_32_BIT_CONVERSION = YES;
				GCC_WARN_ABOUT_RETURN_TYPE = YES_ERROR;
				GCC_WARN_UNDECLARED_SELECTOR = YES;
				GCC_WARN_UNINITIALIZED_AUTOS = YES_AGGRESSIVE;
				GCC_WARN_UNUSED_FUNCTION = YES;
				GCC_WARN_UNUSED_VARIABLE = YES;
				MTL_ENABLE_DEBUG_INFO = INCLUDE_SOURCE;
				MTL_FAST_MATH = YES;
				ONLY_ACTIVE_ARCH = YES;
				SDKROOT = appletvos;
				SWIFT_ACTIVE_COMPILATION_CONDITIONS = DEBUG;
				SWIFT_OPTIMIZATION_LEVEL = "-Onone";
				TVOS_DEPLOYMENT_TARGET = 15.0;
			};
			name = Debug;
		};
		4FC3DCFD2A49383100CA36B9 /* Release */ = {
			isa = XCBuildConfiguration;
			buildSettings = {
				ALWAYS_SEARCH_USER_PATHS = NO;
				CLANG_ANALYZER_NONNULL = YES;
				CLANG_ANALYZER_NUMBER_OBJECT_CONVERSION = YES_AGGRESSIVE;
				CLANG_CXX_LANGUAGE_STANDARD = "gnu++20";
				CLANG_ENABLE_MODULES = YES;
				CLANG_ENABLE_OBJC_ARC = YES;
				CLANG_ENABLE_OBJC_WEAK = YES;
				CLANG_WARN_BLOCK_CAPTURE_AUTORELEASING = YES;
				CLANG_WARN_BOOL_CONVERSION = YES;
				CLANG_WARN_COMMA = YES;
				CLANG_WARN_CONSTANT_CONVERSION = YES;
				CLANG_WARN_DEPRECATED_OBJC_IMPLEMENTATIONS = YES;
				CLANG_WARN_DIRECT_OBJC_ISA_USAGE = YES_ERROR;
				CLANG_WARN_DOCUMENTATION_COMMENTS = YES;
				CLANG_WARN_EMPTY_BODY = YES;
				CLANG_WARN_ENUM_CONVERSION = YES;
				CLANG_WARN_INFINITE_RECURSION = YES;
				CLANG_WARN_INT_CONVERSION = YES;
				CLANG_WARN_NON_LITERAL_NULL_CONVERSION = YES;
				CLANG_WARN_OBJC_IMPLICIT_RETAIN_SELF = YES;
				CLANG_WARN_OBJC_LITERAL_CONVERSION = YES;
				CLANG_WARN_OBJC_ROOT_CLASS = YES_ERROR;
				CLANG_WARN_QUOTED_INCLUDE_IN_FRAMEWORK_HEADER = YES;
				CLANG_WARN_RANGE_LOOP_ANALYSIS = YES;
				CLANG_WARN_STRICT_PROTOTYPES = YES;
				CLANG_WARN_SUSPICIOUS_MOVE = YES;
				CLANG_WARN_UNGUARDED_AVAILABILITY = YES_AGGRESSIVE;
				CLANG_WARN_UNREACHABLE_CODE = YES;
				CLANG_WARN__DUPLICATE_METHOD_MATCH = YES;
				COPY_PHASE_STRIP = NO;
				DEBUG_INFORMATION_FORMAT = "dwarf-with-dsym";
				ENABLE_NS_ASSERTIONS = NO;
				ENABLE_STRICT_OBJC_MSGSEND = YES;
				ENABLE_USER_SCRIPT_SANDBOXING = YES;
				GCC_C_LANGUAGE_STANDARD = gnu11;
				GCC_NO_COMMON_BLOCKS = YES;
				GCC_WARN_64_TO_32_BIT_CONVERSION = YES;
				GCC_WARN_ABOUT_RETURN_TYPE = YES_ERROR;
				GCC_WARN_UNDECLARED_SELECTOR = YES;
				GCC_WARN_UNINITIALIZED_AUTOS = YES_AGGRESSIVE;
				GCC_WARN_UNUSED_FUNCTION = YES;
				GCC_WARN_UNUSED_VARIABLE = YES;
				MTL_ENABLE_DEBUG_INFO = NO;
				MTL_FAST_MATH = YES;
				SDKROOT = appletvos;
				SWIFT_COMPILATION_MODE = wholemodule;
				SWIFT_OPTIMIZATION_LEVEL = "-O";
				TVOS_DEPLOYMENT_TARGET = 15.0;
				VALIDATE_PRODUCT = YES;
			};
			name = Release;
		};
		4FC3DCFF2A49383100CA36B9 /* Debug */ = {
			isa = XCBuildConfiguration;
			buildSettings = {
				ASSETCATALOG_COMPILER_APPICON_NAME = "App Icon & Top Shelf Image";
				ASSETCATALOG_COMPILER_GLOBAL_ACCENT_COLOR_NAME = AccentColor;
				CODE_SIGN_ENTITLEMENTS = SimpleLiveTVOS/SimpleLiveTVOS.entitlements;
				CODE_SIGN_IDENTITY = "Apple Development";
				CODE_SIGN_STYLE = Automatic;
				CURRENT_PROJECT_VERSION = 1;
				DEVELOPMENT_ASSET_PATHS = "\"SimpleLiveTVOS/Preview Content\"";
				DEVELOPMENT_TEAM = HZG263D38Y;
				ENABLE_PREVIEWS = YES;
				GENERATE_INFOPLIST_FILE = YES;
				INFOPLIST_FILE = SimpleLiveTVOS/Info.plist;
				INFOPLIST_KEY_CFBundleDisplayName = "Simple Live";
				INFOPLIST_KEY_LSApplicationCategoryType = "public.app-category.video";
				INFOPLIST_KEY_UILaunchScreen_Generation = YES;
				INFOPLIST_KEY_UIUserInterfaceStyle = Automatic;
				LD_RUNPATH_SEARCH_PATHS = (
					"$(inherited)",
					"@executable_path/Frameworks",
				);
				MARKETING_VERSION = 1.0;
				PRODUCT_BUNDLE_IDENTIFIER = dev.idog.simplelive;
				PRODUCT_NAME = "$(TARGET_NAME)";
				PROVISIONING_PROFILE_SPECIFIER = "";
				SWIFT_EMIT_LOC_STRINGS = YES;
				SWIFT_VERSION = 5.0;
				TARGETED_DEVICE_FAMILY = 3;
				TVOS_DEPLOYMENT_TARGET = 16.0;
			};
			name = Debug;
		};
		4FC3DD002A49383100CA36B9 /* Release */ = {
			isa = XCBuildConfiguration;
			buildSettings = {
				ASSETCATALOG_COMPILER_APPICON_NAME = "App Icon & Top Shelf Image";
				ASSETCATALOG_COMPILER_GLOBAL_ACCENT_COLOR_NAME = AccentColor;
				CODE_SIGN_ENTITLEMENTS = SimpleLiveTVOS/SimpleLiveTVOS.entitlements;
				CODE_SIGN_IDENTITY = "Apple Development";
				CODE_SIGN_STYLE = Automatic;
				CURRENT_PROJECT_VERSION = 1;
				DEVELOPMENT_ASSET_PATHS = "\"SimpleLiveTVOS/Preview Content\"";
				DEVELOPMENT_TEAM = HZG263D38Y;
				ENABLE_PREVIEWS = YES;
				GENERATE_INFOPLIST_FILE = YES;
				INFOPLIST_FILE = SimpleLiveTVOS/Info.plist;
				INFOPLIST_KEY_CFBundleDisplayName = "Simple Live";
				INFOPLIST_KEY_LSApplicationCategoryType = "public.app-category.video";
				INFOPLIST_KEY_UILaunchScreen_Generation = YES;
				INFOPLIST_KEY_UIUserInterfaceStyle = Automatic;
				LD_RUNPATH_SEARCH_PATHS = (
					"$(inherited)",
					"@executable_path/Frameworks",
				);
				MARKETING_VERSION = 1.0;
				PRODUCT_BUNDLE_IDENTIFIER = dev.idog.simplelive;
				PRODUCT_NAME = "$(TARGET_NAME)";
				PROVISIONING_PROFILE_SPECIFIER = "";
				SWIFT_EMIT_LOC_STRINGS = YES;
				SWIFT_VERSION = 5.0;
				TARGETED_DEVICE_FAMILY = 3;
				TVOS_DEPLOYMENT_TARGET = 16.0;
			};
			name = Release;
		};
		4FC3DD022A49383100CA36B9 /* Debug */ = {
			isa = XCBuildConfiguration;
			buildSettings = {
				ALWAYS_EMBED_SWIFT_STANDARD_LIBRARIES = YES;
				BUNDLE_LOADER = "$(TEST_HOST)";
				CODE_SIGN_STYLE = Automatic;
				CURRENT_PROJECT_VERSION = 1;
				DEVELOPMENT_TEAM = 8C384KUMC6;
				GENERATE_INFOPLIST_FILE = YES;
				MARKETING_VERSION = 1.0;
				PRODUCT_BUNDLE_IDENTIFIER = com.mydrivers.SimpleLiveTVOSTests;
				PRODUCT_NAME = "$(TARGET_NAME)";
				SWIFT_EMIT_LOC_STRINGS = NO;
				SWIFT_VERSION = 5.0;
				TARGETED_DEVICE_FAMILY = 3;
				TEST_HOST = "$(BUILT_PRODUCTS_DIR)/SimpleLiveTVOS.app/$(BUNDLE_EXECUTABLE_FOLDER_PATH)/SimpleLiveTVOS";
				TVOS_DEPLOYMENT_TARGET = 16.4;
			};
			name = Debug;
		};
		4FC3DD032A49383100CA36B9 /* Release */ = {
			isa = XCBuildConfiguration;
			buildSettings = {
				ALWAYS_EMBED_SWIFT_STANDARD_LIBRARIES = YES;
				BUNDLE_LOADER = "$(TEST_HOST)";
				CODE_SIGN_STYLE = Automatic;
				CURRENT_PROJECT_VERSION = 1;
				DEVELOPMENT_TEAM = 8C384KUMC6;
				GENERATE_INFOPLIST_FILE = YES;
				MARKETING_VERSION = 1.0;
				PRODUCT_BUNDLE_IDENTIFIER = com.mydrivers.SimpleLiveTVOSTests;
				PRODUCT_NAME = "$(TARGET_NAME)";
				SWIFT_EMIT_LOC_STRINGS = NO;
				SWIFT_VERSION = 5.0;
				TARGETED_DEVICE_FAMILY = 3;
				TEST_HOST = "$(BUILT_PRODUCTS_DIR)/SimpleLiveTVOS.app/$(BUNDLE_EXECUTABLE_FOLDER_PATH)/SimpleLiveTVOS";
				TVOS_DEPLOYMENT_TARGET = 16.4;
			};
			name = Release;
		};
		4FC3DD052A49383100CA36B9 /* Debug */ = {
			isa = XCBuildConfiguration;
			buildSettings = {
				ALWAYS_EMBED_SWIFT_STANDARD_LIBRARIES = YES;
				CODE_SIGN_STYLE = Automatic;
				CURRENT_PROJECT_VERSION = 1;
				DEVELOPMENT_TEAM = 8C384KUMC6;
				GENERATE_INFOPLIST_FILE = YES;
				MARKETING_VERSION = 1.0;
				PRODUCT_BUNDLE_IDENTIFIER = com.mydrivers.SimpleLiveTVOSUITests;
				PRODUCT_NAME = "$(TARGET_NAME)";
				SWIFT_EMIT_LOC_STRINGS = NO;
				SWIFT_VERSION = 5.0;
				TARGETED_DEVICE_FAMILY = 3;
				TEST_TARGET_NAME = SimpleLiveTVOS;
			};
			name = Debug;
		};
		4FC3DD062A49383100CA36B9 /* Release */ = {
			isa = XCBuildConfiguration;
			buildSettings = {
				ALWAYS_EMBED_SWIFT_STANDARD_LIBRARIES = YES;
				CODE_SIGN_STYLE = Automatic;
				CURRENT_PROJECT_VERSION = 1;
				DEVELOPMENT_TEAM = 8C384KUMC6;
				GENERATE_INFOPLIST_FILE = YES;
				MARKETING_VERSION = 1.0;
				PRODUCT_BUNDLE_IDENTIFIER = com.mydrivers.SimpleLiveTVOSUITests;
				PRODUCT_NAME = "$(TARGET_NAME)";
				SWIFT_EMIT_LOC_STRINGS = NO;
				SWIFT_VERSION = 5.0;
				TARGETED_DEVICE_FAMILY = 3;
				TEST_TARGET_NAME = SimpleLiveTVOS;
			};
			name = Release;
		};
/* End XCBuildConfiguration section */

/* Begin XCConfigurationList section */
		4FC3DCD52A49382F00CA36B9 /* Build configuration list for PBXProject "SimpleLiveTVOS" */ = {
			isa = XCConfigurationList;
			buildConfigurations = (
				4FC3DCFC2A49383100CA36B9 /* Debug */,
				4FC3DCFD2A49383100CA36B9 /* Release */,
			);
			defaultConfigurationIsVisible = 0;
			defaultConfigurationName = Release;
		};
		4FC3DCFE2A49383100CA36B9 /* Build configuration list for PBXNativeTarget "SimpleLiveTVOS" */ = {
			isa = XCConfigurationList;
			buildConfigurations = (
				4FC3DCFF2A49383100CA36B9 /* Debug */,
				4FC3DD002A49383100CA36B9 /* Release */,
			);
			defaultConfigurationIsVisible = 0;
			defaultConfigurationName = Release;
		};
		4FC3DD012A49383100CA36B9 /* Build configuration list for PBXNativeTarget "SimpleLiveTVOSTests" */ = {
			isa = XCConfigurationList;
			buildConfigurations = (
				4FC3DD022A49383100CA36B9 /* Debug */,
				4FC3DD032A49383100CA36B9 /* Release */,
			);
			defaultConfigurationIsVisible = 0;
			defaultConfigurationName = Release;
		};
		4FC3DD042A49383100CA36B9 /* Build configuration list for PBXNativeTarget "SimpleLiveTVOSUITests" */ = {
			isa = XCConfigurationList;
			buildConfigurations = (
				4FC3DD052A49383100CA36B9 /* Debug */,
				4FC3DD062A49383100CA36B9 /* Release */,
			);
			defaultConfigurationIsVisible = 0;
			defaultConfigurationName = Release;
		};
/* End XCConfigurationList section */

/* Begin XCLocalSwiftPackageReference section */
		FB99EA442B1346A400C0C5DA /* XCLocalSwiftPackageReference "../KSPlayer" */ = {
			isa = XCLocalSwiftPackageReference;
			relativePath = ../KSPlayer;
		};
/* End XCLocalSwiftPackageReference section */

/* Begin XCRemoteSwiftPackageReference section */
		4FC3DD072A49725F00CA36B9 /* XCRemoteSwiftPackageReference "Kingfisher" */ = {
			isa = XCRemoteSwiftPackageReference;
			repositoryURL = "https://github.com/onevcat/Kingfisher";
			requirement = {
				kind = upToNextMajorVersion;
				minimumVersion = 7.0.0;
			};
		};
		4FC9B38C2A52E39400C0D3C8 /* XCRemoteSwiftPackageReference "Alamofire" */ = {
			isa = XCRemoteSwiftPackageReference;
			repositoryURL = "https://github.com/Alamofire/Alamofire.git";
			requirement = {
				kind = upToNextMajorVersion;
				minimumVersion = 5.7.1;
			};
		};
		FB51018E2B0E35A900A1AE0D /* XCRemoteSwiftPackageReference "Starscream" */ = {
			isa = XCRemoteSwiftPackageReference;
			repositoryURL = "https://github.com/daltoniam/Starscream";
			requirement = {
				kind = upToNextMajorVersion;
				minimumVersion = 4.0.6;
			};
		};
		FB5101932B0ED74E00A1AE0D /* XCRemoteSwiftPackageReference "SwiftyJSON" */ = {
			isa = XCRemoteSwiftPackageReference;
			repositoryURL = "https://github.com/SwiftyJSON/SwiftyJSON";
			requirement = {
				kind = upToNextMajorVersion;
				minimumVersion = 5.0.1;
			};
		};
		FB5101962B0ED76A00A1AE0D /* XCRemoteSwiftPackageReference "SWCompression" */ = {
			isa = XCRemoteSwiftPackageReference;
			repositoryURL = "https://github.com/tsolomko/SWCompression";
			requirement = {
				kind = upToNextMajorVersion;
				minimumVersion = 4.8.5;
			};
		};
		FBDEE4772AD5874900F996BA /* XCRemoteSwiftPackageReference "SimpleToast" */ = {
			isa = XCRemoteSwiftPackageReference;
			repositoryURL = "https://github.com/sanzaru/SimpleToast.git";
			requirement = {
				kind = upToNextMajorVersion;
				minimumVersion = 0.8.0;
			};
		};
		FBDEE47A2AD63B3100F996BA /* XCRemoteSwiftPackageReference "SQLite" */ = {
			isa = XCRemoteSwiftPackageReference;
			repositoryURL = "https://github.com/stephencelis/SQLite.swift";
			requirement = {
				kind = upToNextMajorVersion;
				minimumVersion = 0.14.1;
			};
		};
		FBFEF1F42B122B5100B19C3E /* XCRemoteSwiftPackageReference "swift-protobuf" */ = {
			isa = XCRemoteSwiftPackageReference;
			repositoryURL = "https://github.com/apple/swift-protobuf.git";
			requirement = {
				kind = upToNextMajorVersion;
				minimumVersion = 1.25.1;
			};
		};
		FBFEF1FD2B124C6200B19C3E /* XCRemoteSwiftPackageReference "GzipSwift" */ = {
			isa = XCRemoteSwiftPackageReference;
			repositoryURL = "https://github.com/1024jp/GzipSwift";
			requirement = {
				kind = upToNextMajorVersion;
				minimumVersion = 6.0.1;
			};
		};
/* End XCRemoteSwiftPackageReference section */

/* Begin XCSwiftPackageProductDependency section */
		4FC3DD082A49725F00CA36B9 /* Kingfisher */ = {
			isa = XCSwiftPackageProductDependency;
			package = 4FC3DD072A49725F00CA36B9 /* XCRemoteSwiftPackageReference "Kingfisher" */;
			productName = Kingfisher;
		};
		4FC9B38D2A52E39400C0D3C8 /* Alamofire */ = {
			isa = XCSwiftPackageProductDependency;
			package = 4FC9B38C2A52E39400C0D3C8 /* XCRemoteSwiftPackageReference "Alamofire" */;
			productName = Alamofire;
		};
		FB51018F2B0E35A900A1AE0D /* Starscream */ = {
			isa = XCSwiftPackageProductDependency;
			package = FB51018E2B0E35A900A1AE0D /* XCRemoteSwiftPackageReference "Starscream" */;
			productName = Starscream;
		};
		FB5101942B0ED74E00A1AE0D /* SwiftyJSON */ = {
			isa = XCSwiftPackageProductDependency;
			package = FB5101932B0ED74E00A1AE0D /* XCRemoteSwiftPackageReference "SwiftyJSON" */;
			productName = SwiftyJSON;
		};
		FB5101972B0ED76A00A1AE0D /* SWCompression */ = {
			isa = XCSwiftPackageProductDependency;
			package = FB5101962B0ED76A00A1AE0D /* XCRemoteSwiftPackageReference "SWCompression" */;
			productName = SWCompression;
		};
		FB89E1602B1340870083116D /* KSPlayer */ = {
			isa = XCSwiftPackageProductDependency;
			productName = KSPlayer;
		};
		FB89E1632B1340DA0083116D /* KSPlayer */ = {
			isa = XCSwiftPackageProductDependency;
			productName = KSPlayer;
		};
		FB99EA452B1346A400C0C5DA /* KSPlayer */ = {
			isa = XCSwiftPackageProductDependency;
			productName = KSPlayer;
		};
		FBDEE4782AD5874900F996BA /* SimpleToast */ = {
			isa = XCSwiftPackageProductDependency;
			package = FBDEE4772AD5874900F996BA /* XCRemoteSwiftPackageReference "SimpleToast" */;
			productName = SimpleToast;
		};
		FBDEE47B2AD63B3100F996BA /* SQLite */ = {
			isa = XCSwiftPackageProductDependency;
			package = FBDEE47A2AD63B3100F996BA /* XCRemoteSwiftPackageReference "SQLite" */;
			productName = SQLite;
		};
		FBFEF1F52B122B5100B19C3E /* SwiftProtobuf */ = {
			isa = XCSwiftPackageProductDependency;
			package = FBFEF1F42B122B5100B19C3E /* XCRemoteSwiftPackageReference "swift-protobuf" */;
			productName = SwiftProtobuf;
		};
		FBFEF1F72B122B5100B19C3E /* SwiftProtobufPluginLibrary */ = {
			isa = XCSwiftPackageProductDependency;
			package = FBFEF1F42B122B5100B19C3E /* XCRemoteSwiftPackageReference "swift-protobuf" */;
			productName = SwiftProtobufPluginLibrary;
		};
		FBFEF1F92B122B5100B19C3E /* protoc-gen-swift */ = {
			isa = XCSwiftPackageProductDependency;
			package = FBFEF1F42B122B5100B19C3E /* XCRemoteSwiftPackageReference "swift-protobuf" */;
			productName = "protoc-gen-swift";
		};
		FBFEF1FE2B124C6200B19C3E /* Gzip */ = {
			isa = XCSwiftPackageProductDependency;
			package = FBFEF1FD2B124C6200B19C3E /* XCRemoteSwiftPackageReference "GzipSwift" */;
			productName = Gzip;
		};
/* End XCSwiftPackageProductDependency section */
	};
	rootObject = 4FC3DCD22A49382F00CA36B9 /* Project object */;
}
