// !$*UTF8*$!
{
	archiveVersion = 1;
	classes = {
	};
	objectVersion = 56;
	objects = {

/* Begin PBXBuildFile section */
		4FC3DCDE2A49382F00CA36B9 /* SimpleLiveTVOSApp.swift in Sources */ = {isa = PBXBuildFile; fileRef = 4FC3DCDD2A49382F00CA36B9 /* SimpleLiveTVOSApp.swift */; };
		4FC3DCE02A49382F00CA36B9 /* ContentView.swift in Sources */ = {isa = PBXBuildFile; fileRef = 4FC3DCDF2A49382F00CA36B9 /* ContentView.swift */; };
		4FC3DCE22A49383100CA36B9 /* Assets.xcassets in Resources */ = {isa = PBXBuildFile; fileRef = 4FC3DCE12A49383100CA36B9 /* Assets.xcassets */; };
		4FC3DCE52A49383100CA36B9 /* Preview Assets.xcassets in Resources */ = {isa = PBXBuildFile; fileRef = 4FC3DCE42A49383100CA36B9 /* Preview Assets.xcassets */; };
		4FC3DCEF2A49383100CA36B9 /* SimpleLiveTVOSTests.swift in Sources */ = {isa = PBXBuildFile; fileRef = 4FC3DCEE2A49383100CA36B9 /* SimpleLiveTVOSTests.swift */; };
		4FC3DCF92A49383100CA36B9 /* SimpleLiveTVOSUITests.swift in Sources */ = {isa = PBXBuildFile; fileRef = 4FC3DCF82A49383100CA36B9 /* SimpleLiveTVOSUITests.swift */; };
		4FC3DCFB2A49383100CA36B9 /* SimpleLiveTVOSUITestsLaunchTests.swift in Sources */ = {isa = PBXBuildFile; fileRef = 4FC3DCFA2A49383100CA36B9 /* SimpleLiveTVOSUITestsLaunchTests.swift */; };
		4FC3DD092A49725F00CA36B9 /* Kingfisher in Frameworks */ = {isa = PBXBuildFile; productRef = 4FC3DD082A49725F00CA36B9 /* Kingfisher */; };
		4FC9B38E2A52E39400C0D3C8 /* Alamofire in Frameworks */ = {isa = PBXBuildFile; productRef = 4FC9B38D2A52E39400C0D3C8 /* Alamofire */; };
		4FC9B3902A52E41300C0D3C8 /* LeftMenu.swift in Sources */ = {isa = PBXBuildFile; fileRef = 4FC9B38F2A52E41300C0D3C8 /* LeftMenu.swift */; };
		4FC9B3962A53BFA800C0D3C8 /* BilibiliModel.swift in Sources */ = {isa = PBXBuildFile; fileRef = 4FC9B3952A53BFA800C0D3C8 /* BilibiliModel.swift */; };
		FB41A8F12A64138600A4FE32 /* PlayerView.swift in Sources */ = {isa = PBXBuildFile; fileRef = FB41A8F02A64138600A4FE32 /* PlayerView.swift */; };
		FB651C322AB2A0F5005BFA90 /* DouyinModel.swift in Sources */ = {isa = PBXBuildFile; fileRef = FB651C312AB2A0F5005BFA90 /* DouyinModel.swift */; };
		FBC2ADCE2ACABFEF00E202D5 /* DouyuModel.swift in Sources */ = {isa = PBXBuildFile; fileRef = FBC2ADCD2ACABFEF00E202D5 /* DouyuModel.swift */; };
		FBC2E6EE2ACD0B780036BFD4 /* HuyaModel.swift in Sources */ = {isa = PBXBuildFile; fileRef = FBC2E6ED2ACD0B780036BFD4 /* HuyaModel.swift */; };
		FBC2E6F52ACD8EDA0036BFD4 /* String+Extension.swift in Sources */ = {isa = PBXBuildFile; fileRef = FBC2E6F42ACD8EDA0036BFD4 /* String+Extension.swift */; };
		FBDEE4762AD42FD100F996BA /* LiveCardView.swift in Sources */ = {isa = PBXBuildFile; fileRef = FBDEE4752AD42FD100F996BA /* LiveCardView.swift */; };
		FBDEE4792AD5874900F996BA /* SimpleToast in Frameworks */ = {isa = PBXBuildFile; productRef = FBDEE4782AD5874900F996BA /* SimpleToast */; };
		FBDEE47C2AD63B3100F996BA /* SQLite in Frameworks */ = {isa = PBXBuildFile; productRef = FBDEE47B2AD63B3100F996BA /* SQLite */; };
		FBDEE47E2AD64FD000F996BA /* SQLiteManager.swift in Sources */ = {isa = PBXBuildFile; fileRef = FBDEE47D2AD64FD000F996BA /* SQLiteManager.swift */; };
		FBDEE4802AD6CD4400F996BA /* FavoriteMainView.swift in Sources */ = {isa = PBXBuildFile; fileRef = FBDEE47F2AD6CD4400F996BA /* FavoriteMainView.swift */; };
		FBEBC1892ACC5DEC007F8CD1 /* DetailViewController.swift in Sources */ = {isa = PBXBuildFile; fileRef = FBEBC1882ACC5DEC007F8CD1 /* DetailViewController.swift */; };
		FBEBC18C2ACC5F3E007F8CD1 /* KSPlayer in Frameworks */ = {isa = PBXBuildFile; productRef = FBEBC18B2ACC5F3E007F8CD1 /* KSPlayer */; };
		FBF750822A6430AD00C77E01 /* KSAudioView.swift in Sources */ = {isa = PBXBuildFile; fileRef = FBF750812A6430AD00C77E01 /* KSAudioView.swift */; };
		FBFEDA472AD2A4CB00D96D7D /* ListMainView.swift in Sources */ = {isa = PBXBuildFile; fileRef = FBFEDA462AD2A4CB00D96D7D /* ListMainView.swift */; };
		FBFEDA4A2AD2A7B800D96D7D /* LiveModel.swift in Sources */ = {isa = PBXBuildFile; fileRef = FBFEDA492AD2A7B800D96D7D /* LiveModel.swift */; };
/* End PBXBuildFile section */

/* Begin PBXContainerItemProxy section */
		4FC3DCEB2A49383100CA36B9 /* PBXContainerItemProxy */ = {
			isa = PBXContainerItemProxy;
			containerPortal = 4FC3DCD22A49382F00CA36B9 /* Project object */;
			proxyType = 1;
			remoteGlobalIDString = 4FC3DCD92A49382F00CA36B9;
			remoteInfo = SimpleLiveTVOS;
		};
		4FC3DCF52A49383100CA36B9 /* PBXContainerItemProxy */ = {
			isa = PBXContainerItemProxy;
			containerPortal = 4FC3DCD22A49382F00CA36B9 /* Project object */;
			proxyType = 1;
			remoteGlobalIDString = 4FC3DCD92A49382F00CA36B9;
			remoteInfo = SimpleLiveTVOS;
		};
/* End PBXContainerItemProxy section */

/* Begin PBXFileReference section */
		4FC3DCDA2A49382F00CA36B9 /* SimpleLiveTVOS.app */ = {isa = PBXFileReference; explicitFileType = wrapper.application; includeInIndex = 0; path = SimpleLiveTVOS.app; sourceTree = BUILT_PRODUCTS_DIR; };
		4FC3DCDD2A49382F00CA36B9 /* SimpleLiveTVOSApp.swift */ = {isa = PBXFileReference; lastKnownFileType = sourcecode.swift; path = SimpleLiveTVOSApp.swift; sourceTree = "<group>"; };
		4FC3DCDF2A49382F00CA36B9 /* ContentView.swift */ = {isa = PBXFileReference; lastKnownFileType = sourcecode.swift; path = ContentView.swift; sourceTree = "<group>"; };
		4FC3DCE12A49383100CA36B9 /* Assets.xcassets */ = {isa = PBXFileReference; lastKnownFileType = folder.assetcatalog; path = Assets.xcassets; sourceTree = "<group>"; };
		4FC3DCE42A49383100CA36B9 /* Preview Assets.xcassets */ = {isa = PBXFileReference; lastKnownFileType = folder.assetcatalog; path = "Preview Assets.xcassets"; sourceTree = "<group>"; };
		4FC3DCEA2A49383100CA36B9 /* SimpleLiveTVOSTests.xctest */ = {isa = PBXFileReference; explicitFileType = wrapper.cfbundle; includeInIndex = 0; path = SimpleLiveTVOSTests.xctest; sourceTree = BUILT_PRODUCTS_DIR; };
		4FC3DCEE2A49383100CA36B9 /* SimpleLiveTVOSTests.swift */ = {isa = PBXFileReference; lastKnownFileType = sourcecode.swift; path = SimpleLiveTVOSTests.swift; sourceTree = "<group>"; };
		4FC3DCF42A49383100CA36B9 /* SimpleLiveTVOSUITests.xctest */ = {isa = PBXFileReference; explicitFileType = wrapper.cfbundle; includeInIndex = 0; path = SimpleLiveTVOSUITests.xctest; sourceTree = BUILT_PRODUCTS_DIR; };
		4FC3DCF82A49383100CA36B9 /* SimpleLiveTVOSUITests.swift */ = {isa = PBXFileReference; lastKnownFileType = sourcecode.swift; path = SimpleLiveTVOSUITests.swift; sourceTree = "<group>"; };
		4FC3DCFA2A49383100CA36B9 /* SimpleLiveTVOSUITestsLaunchTests.swift */ = {isa = PBXFileReference; lastKnownFileType = sourcecode.swift; path = SimpleLiveTVOSUITestsLaunchTests.swift; sourceTree = "<group>"; };
		4FC3DD0A2A4972FB00CA36B9 /* Info.plist */ = {isa = PBXFileReference; lastKnownFileType = text.plist; path = Info.plist; sourceTree = "<group>"; };
		4FC9B38F2A52E41300C0D3C8 /* LeftMenu.swift */ = {isa = PBXFileReference; lastKnownFileType = sourcecode.swift; path = LeftMenu.swift; sourceTree = "<group>"; };
		4FC9B3952A53BFA800C0D3C8 /* BilibiliModel.swift */ = {isa = PBXFileReference; lastKnownFileType = sourcecode.swift; path = BilibiliModel.swift; sourceTree = "<group>"; };
		FB41A8F02A64138600A4FE32 /* PlayerView.swift */ = {isa = PBXFileReference; lastKnownFileType = sourcecode.swift; path = PlayerView.swift; sourceTree = "<group>"; };
		FB651C312AB2A0F5005BFA90 /* DouyinModel.swift */ = {isa = PBXFileReference; fileEncoding = 4; lastKnownFileType = sourcecode.swift; path = DouyinModel.swift; sourceTree = "<group>"; };
		FBC2ADCD2ACABFEF00E202D5 /* DouyuModel.swift */ = {isa = PBXFileReference; lastKnownFileType = sourcecode.swift; path = DouyuModel.swift; sourceTree = "<group>"; };
		FBC2E6ED2ACD0B780036BFD4 /* HuyaModel.swift */ = {isa = PBXFileReference; lastKnownFileType = sourcecode.swift; path = HuyaModel.swift; sourceTree = "<group>"; };
		FBC2E6F42ACD8EDA0036BFD4 /* String+Extension.swift */ = {isa = PBXFileReference; lastKnownFileType = sourcecode.swift; path = "String+Extension.swift"; sourceTree = "<group>"; };
		FBDEE4752AD42FD100F996BA /* LiveCardView.swift */ = {isa = PBXFileReference; lastKnownFileType = sourcecode.swift; path = LiveCardView.swift; sourceTree = "<group>"; };
		FBDEE47D2AD64FD000F996BA /* SQLiteManager.swift */ = {isa = PBXFileReference; lastKnownFileType = sourcecode.swift; path = SQLiteManager.swift; sourceTree = "<group>"; };
		FBDEE47F2AD6CD4400F996BA /* FavoriteMainView.swift */ = {isa = PBXFileReference; lastKnownFileType = sourcecode.swift; path = FavoriteMainView.swift; sourceTree = "<group>"; };
		FBEBC1882ACC5DEC007F8CD1 /* DetailViewController.swift */ = {isa = PBXFileReference; fileEncoding = 4; lastKnownFileType = sourcecode.swift; path = DetailViewController.swift; sourceTree = "<group>"; };
		FBF750812A6430AD00C77E01 /* KSAudioView.swift */ = {isa = PBXFileReference; lastKnownFileType = sourcecode.swift; path = KSAudioView.swift; sourceTree = "<group>"; };
		FBFEDA462AD2A4CB00D96D7D /* ListMainView.swift */ = {isa = PBXFileReference; lastKnownFileType = sourcecode.swift; path = ListMainView.swift; sourceTree = "<group>"; };
		FBFEDA492AD2A7B800D96D7D /* LiveModel.swift */ = {isa = PBXFileReference; lastKnownFileType = sourcecode.swift; path = LiveModel.swift; sourceTree = "<group>"; };
/* End PBXFileReference section */

/* Begin PBXFrameworksBuildPhase section */
		4FC3DCD72A49382F00CA36B9 /* Frameworks */ = {
			isa = PBXFrameworksBuildPhase;
			buildActionMask = 2147483647;
			files = (
				FBDEE47C2AD63B3100F996BA /* SQLite in Frameworks */,
				FBDEE4792AD5874900F996BA /* SimpleToast in Frameworks */,
				4FC3DD092A49725F00CA36B9 /* Kingfisher in Frameworks */,
				FBEBC18C2ACC5F3E007F8CD1 /* KSPlayer in Frameworks */,
				4FC9B38E2A52E39400C0D3C8 /* Alamofire in Frameworks */,
			);
			runOnlyForDeploymentPostprocessing = 0;
		};
		4FC3DCE72A49383100CA36B9 /* Frameworks */ = {
			isa = PBXFrameworksBuildPhase;
			buildActionMask = 2147483647;
			files = (
			);
			runOnlyForDeploymentPostprocessing = 0;
		};
		4FC3DCF12A49383100CA36B9 /* Frameworks */ = {
			isa = PBXFrameworksBuildPhase;
			buildActionMask = 2147483647;
			files = (
			);
			runOnlyForDeploymentPostprocessing = 0;
		};
/* End PBXFrameworksBuildPhase section */

/* Begin PBXGroup section */
		4FC3DCD12A49382F00CA36B9 = {
			isa = PBXGroup;
			children = (
				4FC3DCDC2A49382F00CA36B9 /* SimpleLiveTVOS */,
				4FC3DCED2A49383100CA36B9 /* SimpleLiveTVOSTests */,
				4FC3DCF72A49383100CA36B9 /* SimpleLiveTVOSUITests */,
				4FC3DCDB2A49382F00CA36B9 /* Products */,
			);
			sourceTree = "<group>";
		};
		4FC3DCDB2A49382F00CA36B9 /* Products */ = {
			isa = PBXGroup;
			children = (
				4FC3DCDA2A49382F00CA36B9 /* SimpleLiveTVOS.app */,
				4FC3DCEA2A49383100CA36B9 /* SimpleLiveTVOSTests.xctest */,
				4FC3DCF42A49383100CA36B9 /* SimpleLiveTVOSUITests.xctest */,
			);
			name = Products;
			sourceTree = "<group>";
		};
		4FC3DCDC2A49382F00CA36B9 /* SimpleLiveTVOS */ = {
			isa = PBXGroup;
			children = (
				FBEBC1882ACC5DEC007F8CD1 /* DetailViewController.swift */,
				FBFEDA482AD2A79700D96D7D /* Model */,
				FBC2E6F12ACD83350036BFD4 /* Tools */,
				4FC9B3912A53BEB100C0D3C8 /* Core */,
				4FC3DD0A2A4972FB00CA36B9 /* Info.plist */,
				FBDEE4752AD42FD100F996BA /* LiveCardView.swift */,
				FB41A8F02A64138600A4FE32 /* PlayerView.swift */,
				FBF750812A6430AD00C77E01 /* KSAudioView.swift */,
				4FC3DCDD2A49382F00CA36B9 /* SimpleLiveTVOSApp.swift */,
				4FC3DCDF2A49382F00CA36B9 /* ContentView.swift */,
				4FC9B38F2A52E41300C0D3C8 /* LeftMenu.swift */,
				4FC3DCE12A49383100CA36B9 /* Assets.xcassets */,
				4FC3DCE32A49383100CA36B9 /* Preview Content */,
				FBFEDA462AD2A4CB00D96D7D /* ListMainView.swift */,
				FBDEE47F2AD6CD4400F996BA /* FavoriteMainView.swift */,
			);
			path = SimpleLiveTVOS;
			sourceTree = "<group>";
		};
		4FC3DCE32A49383100CA36B9 /* Preview Content */ = {
			isa = PBXGroup;
			children = (
				4FC3DCE42A49383100CA36B9 /* Preview Assets.xcassets */,
			);
			path = "Preview Content";
			sourceTree = "<group>";
		};
		4FC3DCED2A49383100CA36B9 /* SimpleLiveTVOSTests */ = {
			isa = PBXGroup;
			children = (
				4FC3DCEE2A49383100CA36B9 /* SimpleLiveTVOSTests.swift */,
			);
			path = SimpleLiveTVOSTests;
			sourceTree = "<group>";
		};
		4FC3DCF72A49383100CA36B9 /* SimpleLiveTVOSUITests */ = {
			isa = PBXGroup;
			children = (
				4FC3DCF82A49383100CA36B9 /* SimpleLiveTVOSUITests.swift */,
				4FC3DCFA2A49383100CA36B9 /* SimpleLiveTVOSUITestsLaunchTests.swift */,
			);
			path = SimpleLiveTVOSUITests;
			sourceTree = "<group>";
		};
		4FC9B3912A53BEB100C0D3C8 /* Core */ = {
			isa = PBXGroup;
			children = (
				FBC2E6EC2ACD0B700036BFD4 /* Huya */,
				FBC2ADCC2ACABFE400E202D5 /* Douyu */,
				FB651C302AB2A0F5005BFA90 /* Douyin */,
				4FC9B3922A53BEC000C0D3C8 /* Bilibili */,
			);
			path = Core;
			sourceTree = "<group>";
		};
		4FC9B3922A53BEC000C0D3C8 /* Bilibili */ = {
			isa = PBXGroup;
			children = (
				4FC9B3952A53BFA800C0D3C8 /* BilibiliModel.swift */,
			);
			path = Bilibili;
			sourceTree = "<group>";
		};
		FB651C302AB2A0F5005BFA90 /* Douyin */ = {
			isa = PBXGroup;
			children = (
				FB651C312AB2A0F5005BFA90 /* DouyinModel.swift */,
			);
			path = Douyin;
			sourceTree = "<group>";
		};
		FBC2ADCC2ACABFE400E202D5 /* Douyu */ = {
			isa = PBXGroup;
			children = (
				FBC2ADCD2ACABFEF00E202D5 /* DouyuModel.swift */,
			);
			path = Douyu;
			sourceTree = "<group>";
		};
		FBC2E6EC2ACD0B700036BFD4 /* Huya */ = {
			isa = PBXGroup;
			children = (
				FBC2E6ED2ACD0B780036BFD4 /* HuyaModel.swift */,
			);
			path = Huya;
			sourceTree = "<group>";
		};
		FBC2E6F12ACD83350036BFD4 /* Tools */ = {
			isa = PBXGroup;
			children = (
				FBC2E6F42ACD8EDA0036BFD4 /* String+Extension.swift */,
				FBDEE47D2AD64FD000F996BA /* SQLiteManager.swift */,
			);
			path = Tools;
			sourceTree = "<group>";
		};
		FBFEDA482AD2A79700D96D7D /* Model */ = {
			isa = PBXGroup;
			children = (
				FBFEDA492AD2A7B800D96D7D /* LiveModel.swift */,
			);
			path = Model;
			sourceTree = "<group>";
		};
/* End PBXGroup section */

/* Begin PBXNativeTarget section */
		4FC3DCD92A49382F00CA36B9 /* SimpleLiveTVOS */ = {
			isa = PBXNativeTarget;
			buildConfigurationList = 4FC3DCFE2A49383100CA36B9 /* Build configuration list for PBXNativeTarget "SimpleLiveTVOS" */;
			buildPhases = (
				4FC3DCD62A49382F00CA36B9 /* Sources */,
				4FC3DCD72A49382F00CA36B9 /* Frameworks */,
				4FC3DCD82A49382F00CA36B9 /* Resources */,
			);
			buildRules = (
			);
			dependencies = (
			);
			name = SimpleLiveTVOS;
			packageProductDependencies = (
				4FC3DD082A49725F00CA36B9 /* Kingfisher */,
				4FC9B38D2A52E39400C0D3C8 /* Alamofire */,
				FBEBC18B2ACC5F3E007F8CD1 /* KSPlayer */,
				FBDEE4782AD5874900F996BA /* SimpleToast */,
				FBDEE47B2AD63B3100F996BA /* SQLite */,
			);
			productName = SimpleLiveTVOS;
			productReference = 4FC3DCDA2A49382F00CA36B9 /* SimpleLiveTVOS.app */;
			productType = "com.apple.product-type.application";
		};
		4FC3DCE92A49383100CA36B9 /* SimpleLiveTVOSTests */ = {
			isa = PBXNativeTarget;
			buildConfigurationList = 4FC3DD012A49383100CA36B9 /* Build configuration list for PBXNativeTarget "SimpleLiveTVOSTests" */;
			buildPhases = (
				4FC3DCE62A49383100CA36B9 /* Sources */,
				4FC3DCE72A49383100CA36B9 /* Frameworks */,
				4FC3DCE82A49383100CA36B9 /* Resources */,
			);
			buildRules = (
			);
			dependencies = (
				4FC3DCEC2A49383100CA36B9 /* PBXTargetDependency */,
			);
			name = SimpleLiveTVOSTests;
			productName = SimpleLiveTVOSTests;
			productReference = 4FC3DCEA2A49383100CA36B9 /* SimpleLiveTVOSTests.xctest */;
			productType = "com.apple.product-type.bundle.unit-test";
		};
		4FC3DCF32A49383100CA36B9 /* SimpleLiveTVOSUITests */ = {
			isa = PBXNativeTarget;
			buildConfigurationList = 4FC3DD042A49383100CA36B9 /* Build configuration list for PBXNativeTarget "SimpleLiveTVOSUITests" */;
			buildPhases = (
				4FC3DCF02A49383100CA36B9 /* Sources */,
				4FC3DCF12A49383100CA36B9 /* Frameworks */,
				4FC3DCF22A49383100CA36B9 /* Resources */,
			);
			buildRules = (
			);
			dependencies = (
				4FC3DCF62A49383100CA36B9 /* PBXTargetDependency */,
			);
			name = SimpleLiveTVOSUITests;
			productName = SimpleLiveTVOSUITests;
			productReference = 4FC3DCF42A49383100CA36B9 /* SimpleLiveTVOSUITests.xctest */;
			productType = "com.apple.product-type.bundle.ui-testing";
		};
/* End PBXNativeTarget section */

/* Begin PBXProject section */
		4FC3DCD22A49382F00CA36B9 /* Project object */ = {
			isa = PBXProject;
			attributes = {
				BuildIndependentTargetsInParallel = 1;
				LastSwiftUpdateCheck = 1430;
				LastUpgradeCheck = 1500;
				TargetAttributes = {
					4FC3DCD92A49382F00CA36B9 = {
						CreatedOnToolsVersion = 14.3.1;
					};
					4FC3DCE92A49383100CA36B9 = {
						CreatedOnToolsVersion = 14.3.1;
						TestTargetID = 4FC3DCD92A49382F00CA36B9;
					};
					4FC3DCF32A49383100CA36B9 = {
						CreatedOnToolsVersion = 14.3.1;
						TestTargetID = 4FC3DCD92A49382F00CA36B9;
					};
				};
			};
			buildConfigurationList = 4FC3DCD52A49382F00CA36B9 /* Build configuration list for PBXProject "SimpleLiveTVOS" */;
			compatibilityVersion = "Xcode 14.0";
			developmentRegion = en;
			hasScannedForEncodings = 0;
			knownRegions = (
				en,
				Base,
			);
			mainGroup = 4FC3DCD12A49382F00CA36B9;
			packageReferences = (
				4FC3DD072A49725F00CA36B9 /* XCRemoteSwiftPackageReference "Kingfisher" */,
				4FC9B38C2A52E39400C0D3C8 /* XCRemoteSwiftPackageReference "Alamofire" */,
				FBEBC18A2ACC5F3E007F8CD1 /* XCRemoteSwiftPackageReference "KSPlayer" */,
				FBDEE4772AD5874900F996BA /* XCRemoteSwiftPackageReference "SimpleToast" */,
				FBDEE47A2AD63B3100F996BA /* XCRemoteSwiftPackageReference "SQLite" */,
			);
			productRefGroup = 4FC3DCDB2A49382F00CA36B9 /* Products */;
			projectDirPath = "";
			projectRoot = "";
			targets = (
				4FC3DCD92A49382F00CA36B9 /* SimpleLiveTVOS */,
				4FC3DCE92A49383100CA36B9 /* SimpleLiveTVOSTests */,
				4FC3DCF32A49383100CA36B9 /* SimpleLiveTVOSUITests */,
			);
		};
/* End PBXProject section */

/* Begin PBXResourcesBuildPhase section */
		4FC3DCD82A49382F00CA36B9 /* Resources */ = {
			isa = PBXResourcesBuildPhase;
			buildActionMask = 2147483647;
			files = (
				4FC3DCE52A49383100CA36B9 /* Preview Assets.xcassets in Resources */,
				4FC3DCE22A49383100CA36B9 /* Assets.xcassets in Resources */,
			);
			runOnlyForDeploymentPostprocessing = 0;
		};
		4FC3DCE82A49383100CA36B9 /* Resources */ = {
			isa = PBXResourcesBuildPhase;
			buildActionMask = 2147483647;
			files = (
			);
			runOnlyForDeploymentPostprocessing = 0;
		};
		4FC3DCF22A49383100CA36B9 /* Resources */ = {
			isa = PBXResourcesBuildPhase;
			buildActionMask = 2147483647;
			files = (
			);
			runOnlyForDeploymentPostprocessing = 0;
		};
/* End PBXResourcesBuildPhase section */

/* Begin PBXSourcesBuildPhase section */
		4FC3DCD62A49382F00CA36B9 /* Sources */ = {
			isa = PBXSourcesBuildPhase;
			buildActionMask = 2147483647;
			files = (
				4FC3DCE02A49382F00CA36B9 /* ContentView.swift in Sources */,
				FBDEE4802AD6CD4400F996BA /* FavoriteMainView.swift in Sources */,
				4FC3DCDE2A49382F00CA36B9 /* SimpleLiveTVOSApp.swift in Sources */,
				FBC2ADCE2ACABFEF00E202D5 /* DouyuModel.swift in Sources */,
				FBEBC1892ACC5DEC007F8CD1 /* DetailViewController.swift in Sources */,
				FBDEE4762AD42FD100F996BA /* LiveCardView.swift in Sources */,
				4FC9B3902A52E41300C0D3C8 /* LeftMenu.swift in Sources */,
				FBF750822A6430AD00C77E01 /* KSAudioView.swift in Sources */,
				FBC2E6EE2ACD0B780036BFD4 /* HuyaModel.swift in Sources */,
				FBFEDA472AD2A4CB00D96D7D /* ListMainView.swift in Sources */,
				FBDEE47E2AD64FD000F996BA /* SQLiteManager.swift in Sources */,
				FBFEDA4A2AD2A7B800D96D7D /* LiveModel.swift in Sources */,
				FB41A8F12A64138600A4FE32 /* PlayerView.swift in Sources */,
				4FC9B3962A53BFA800C0D3C8 /* BilibiliModel.swift in Sources */,
				FBC2E6F52ACD8EDA0036BFD4 /* String+Extension.swift in Sources */,
				FB651C322AB2A0F5005BFA90 /* DouyinModel.swift in Sources */,
			);
			runOnlyForDeploymentPostprocessing = 0;
		};
		4FC3DCE62A49383100CA36B9 /* Sources */ = {
			isa = PBXSourcesBuildPhase;
			buildActionMask = 2147483647;
			files = (
				4FC3DCEF2A49383100CA36B9 /* SimpleLiveTVOSTests.swift in Sources */,
			);
			runOnlyForDeploymentPostprocessing = 0;
		};
		4FC3DCF02A49383100CA36B9 /* Sources */ = {
			isa = PBXSourcesBuildPhase;
			buildActionMask = 2147483647;
			files = (
				4FC3DCFB2A49383100CA36B9 /* SimpleLiveTVOSUITestsLaunchTests.swift in Sources */,
				4FC3DCF92A49383100CA36B9 /* SimpleLiveTVOSUITests.swift in Sources */,
			);
			runOnlyForDeploymentPostprocessing = 0;
		};
/* End PBXSourcesBuildPhase section */

/* Begin PBXTargetDependency section */
		4FC3DCEC2A49383100CA36B9 /* PBXTargetDependency */ = {
			isa = PBXTargetDependency;
			target = 4FC3DCD92A49382F00CA36B9 /* SimpleLiveTVOS */;
			targetProxy = 4FC3DCEB2A49383100CA36B9 /* PBXContainerItemProxy */;
		};
		4FC3DCF62A49383100CA36B9 /* PBXTargetDependency */ = {
			isa = PBXTargetDependency;
			target = 4FC3DCD92A49382F00CA36B9 /* SimpleLiveTVOS */;
			targetProxy = 4FC3DCF52A49383100CA36B9 /* PBXContainerItemProxy */;
		};
/* End PBXTargetDependency section */

/* Begin XCBuildConfiguration section */
		4FC3DCFC2A49383100CA36B9 /* Debug */ = {
			isa = XCBuildConfiguration;
			buildSettings = {
				ALWAYS_SEARCH_USER_PATHS = NO;
				CLANG_ANALYZER_NONNULL = YES;
				CLANG_ANALYZER_NUMBER_OBJECT_CONVERSION = YES_AGGRESSIVE;
				CLANG_CXX_LANGUAGE_STANDARD = "gnu++20";
				CLANG_ENABLE_MODULES = YES;
				CLANG_ENABLE_OBJC_ARC = YES;
				CLANG_ENABLE_OBJC_WEAK = YES;
				CLANG_WARN_BLOCK_CAPTURE_AUTORELEASING = YES;
				CLANG_WARN_BOOL_CONVERSION = YES;
				CLANG_WARN_COMMA = YES;
				CLANG_WARN_CONSTANT_CONVERSION = YES;
				CLANG_WARN_DEPRECATED_OBJC_IMPLEMENTATIONS = YES;
				CLANG_WARN_DIRECT_OBJC_ISA_USAGE = YES_ERROR;
				CLANG_WARN_DOCUMENTATION_COMMENTS = YES;
				CLANG_WARN_EMPTY_BODY = YES;
				CLANG_WARN_ENUM_CONVERSION = YES;
				CLANG_WARN_INFINITE_RECURSION = YES;
				CLANG_WARN_INT_CONVERSION = YES;
				CLANG_WARN_NON_LITERAL_NULL_CONVERSION = YES;
				CLANG_WARN_OBJC_IMPLICIT_RETAIN_SELF = YES;
				CLANG_WARN_OBJC_LITERAL_CONVERSION = YES;
				CLANG_WARN_OBJC_ROOT_CLASS = YES_ERROR;
				CLANG_WARN_QUOTED_INCLUDE_IN_FRAMEWORK_HEADER = YES;
				CLANG_WARN_RANGE_LOOP_ANALYSIS = YES;
				CLANG_WARN_STRICT_PROTOTYPES = YES;
				CLANG_WARN_SUSPICIOUS_MOVE = YES;
				CLANG_WARN_UNGUARDED_AVAILABILITY = YES_AGGRESSIVE;
				CLANG_WARN_UNREACHABLE_CODE = YES;
				CLANG_WARN__DUPLICATE_METHOD_MATCH = YES;
				COPY_PHASE_STRIP = NO;
				DEBUG_INFORMATION_FORMAT = dwarf;
				ENABLE_STRICT_OBJC_MSGSEND = YES;
				ENABLE_TESTABILITY = YES;
				ENABLE_USER_SCRIPT_SANDBOXING = YES;
				GCC_C_LANGUAGE_STANDARD = gnu11;
				GCC_DYNAMIC_NO_PIC = NO;
				GCC_NO_COMMON_BLOCKS = YES;
				GCC_OPTIMIZATION_LEVEL = 0;
				GCC_PREPROCESSOR_DEFINITIONS = (
					"DEBUG=1",
					"$(inherited)",
				);
				GCC_WARN_64_TO_32_BIT_CONVERSION = YES;
				GCC_WARN_ABOUT_RETURN_TYPE = YES_ERROR;
				GCC_WARN_UNDECLARED_SELECTOR = YES;
				GCC_WARN_UNINITIALIZED_AUTOS = YES_AGGRESSIVE;
				GCC_WARN_UNUSED_FUNCTION = YES;
				GCC_WARN_UNUSED_VARIABLE = YES;
				MTL_ENABLE_DEBUG_INFO = INCLUDE_SOURCE;
				MTL_FAST_MATH = YES;
				ONLY_ACTIVE_ARCH = YES;
				SDKROOT = appletvos;
				SWIFT_ACTIVE_COMPILATION_CONDITIONS = DEBUG;
				SWIFT_OPTIMIZATION_LEVEL = "-Onone";
				TVOS_DEPLOYMENT_TARGET = 15.0;
			};
			name = Debug;
		};
		4FC3DCFD2A49383100CA36B9 /* Release */ = {
			isa = XCBuildConfiguration;
			buildSettings = {
				ALWAYS_SEARCH_USER_PATHS = NO;
				CLANG_ANALYZER_NONNULL = YES;
				CLANG_ANALYZER_NUMBER_OBJECT_CONVERSION = YES_AGGRESSIVE;
				CLANG_CXX_LANGUAGE_STANDARD = "gnu++20";
				CLANG_ENABLE_MODULES = YES;
				CLANG_ENABLE_OBJC_ARC = YES;
				CLANG_ENABLE_OBJC_WEAK = YES;
				CLANG_WARN_BLOCK_CAPTURE_AUTORELEASING = YES;
				CLANG_WARN_BOOL_CONVERSION = YES;
				CLANG_WARN_COMMA = YES;
				CLANG_WARN_CONSTANT_CONVERSION = YES;
				CLANG_WARN_DEPRECATED_OBJC_IMPLEMENTATIONS = YES;
				CLANG_WARN_DIRECT_OBJC_ISA_USAGE = YES_ERROR;
				CLANG_WARN_DOCUMENTATION_COMMENTS = YES;
				CLANG_WARN_EMPTY_BODY = YES;
				CLANG_WARN_ENUM_CONVERSION = YES;
				CLANG_WARN_INFINITE_RECURSION = YES;
				CLANG_WARN_INT_CONVERSION = YES;
				CLANG_WARN_NON_LITERAL_NULL_CONVERSION = YES;
				CLANG_WARN_OBJC_IMPLICIT_RETAIN_SELF = YES;
				CLANG_WARN_OBJC_LITERAL_CONVERSION = YES;
				CLANG_WARN_OBJC_ROOT_CLASS = YES_ERROR;
				CLANG_WARN_QUOTED_INCLUDE_IN_FRAMEWORK_HEADER = YES;
				CLANG_WARN_RANGE_LOOP_ANALYSIS = YES;
				CLANG_WARN_STRICT_PROTOTYPES = YES;
				CLANG_WARN_SUSPICIOUS_MOVE = YES;
				CLANG_WARN_UNGUARDED_AVAILABILITY = YES_AGGRESSIVE;
				CLANG_WARN_UNREACHABLE_CODE = YES;
				CLANG_WARN__DUPLICATE_METHOD_MATCH = YES;
				COPY_PHASE_STRIP = NO;
				DEBUG_INFORMATION_FORMAT = "dwarf-with-dsym";
				ENABLE_NS_ASSERTIONS = NO;
				ENABLE_STRICT_OBJC_MSGSEND = YES;
				ENABLE_USER_SCRIPT_SANDBOXING = YES;
				GCC_C_LANGUAGE_STANDARD = gnu11;
				GCC_NO_COMMON_BLOCKS = YES;
				GCC_WARN_64_TO_32_BIT_CONVERSION = YES;
				GCC_WARN_ABOUT_RETURN_TYPE = YES_ERROR;
				GCC_WARN_UNDECLARED_SELECTOR = YES;
				GCC_WARN_UNINITIALIZED_AUTOS = YES_AGGRESSIVE;
				GCC_WARN_UNUSED_FUNCTION = YES;
				GCC_WARN_UNUSED_VARIABLE = YES;
				MTL_ENABLE_DEBUG_INFO = NO;
				MTL_FAST_MATH = YES;
				SDKROOT = appletvos;
				SWIFT_COMPILATION_MODE = wholemodule;
				SWIFT_OPTIMIZATION_LEVEL = "-O";
				TVOS_DEPLOYMENT_TARGET = 15.0;
				VALIDATE_PRODUCT = YES;
			};
			name = Release;
		};
		4FC3DCFF2A49383100CA36B9 /* Debug */ = {
			isa = XCBuildConfiguration;
			buildSettings = {
				ASSETCATALOG_COMPILER_APPICON_NAME = "App Icon & Top Shelf Image";
				ASSETCATALOG_COMPILER_GLOBAL_ACCENT_COLOR_NAME = AccentColor;
				CODE_SIGN_IDENTITY = "Apple Development";
				CODE_SIGN_STYLE = Automatic;
				CURRENT_PROJECT_VERSION = 1;
				DEVELOPMENT_ASSET_PATHS = "\"SimpleLiveTVOS/Preview Content\"";
				DEVELOPMENT_TEAM = HZG263D38Y;
				ENABLE_PREVIEWS = YES;
				GENERATE_INFOPLIST_FILE = YES;
				INFOPLIST_FILE = SimpleLiveTVOS/Info.plist;
				INFOPLIST_KEY_LSApplicationCategoryType = "public.app-category.video";
				INFOPLIST_KEY_UILaunchScreen_Generation = YES;
				INFOPLIST_KEY_UIUserInterfaceStyle = Automatic;
				LD_RUNPATH_SEARCH_PATHS = (
					"$(inherited)",
					"@executable_path/Frameworks",
				);
				MARKETING_VERSION = 1.0;
				PRODUCT_BUNDLE_IDENTIFIER = dev.idog.simplelive;
				PRODUCT_NAME = "$(TARGET_NAME)";
				PROVISIONING_PROFILE_SPECIFIER = "";
				SWIFT_EMIT_LOC_STRINGS = YES;
				SWIFT_VERSION = 5.0;
				TARGETED_DEVICE_FAMILY = 3;
				TVOS_DEPLOYMENT_TARGET = 16.0;
			};
			name = Debug;
		};
		4FC3DD002A49383100CA36B9 /* Release */ = {
			isa = XCBuildConfiguration;
			buildSettings = {
				ASSETCATALOG_COMPILER_APPICON_NAME = "App Icon & Top Shelf Image";
				ASSETCATALOG_COMPILER_GLOBAL_ACCENT_COLOR_NAME = AccentColor;
				CODE_SIGN_IDENTITY = "Apple Development";
				CODE_SIGN_STYLE = Automatic;
				CURRENT_PROJECT_VERSION = 1;
				DEVELOPMENT_ASSET_PATHS = "\"SimpleLiveTVOS/Preview Content\"";
				DEVELOPMENT_TEAM = HZG263D38Y;
				ENABLE_PREVIEWS = YES;
				GENERATE_INFOPLIST_FILE = YES;
				INFOPLIST_FILE = SimpleLiveTVOS/Info.plist;
				INFOPLIST_KEY_LSApplicationCategoryType = "public.app-category.video";
				INFOPLIST_KEY_UILaunchScreen_Generation = YES;
				INFOPLIST_KEY_UIUserInterfaceStyle = Automatic;
				LD_RUNPATH_SEARCH_PATHS = (
					"$(inherited)",
					"@executable_path/Frameworks",
				);
				MARKETING_VERSION = 1.0;
				PRODUCT_BUNDLE_IDENTIFIER = dev.idog.simplelive;
				PRODUCT_NAME = "$(TARGET_NAME)";
				PROVISIONING_PROFILE_SPECIFIER = "";
				SWIFT_EMIT_LOC_STRINGS = YES;
				SWIFT_VERSION = 5.0;
				TARGETED_DEVICE_FAMILY = 3;
				TVOS_DEPLOYMENT_TARGET = 16.0;
			};
			name = Release;
		};
		4FC3DD022A49383100CA36B9 /* Debug */ = {
			isa = XCBuildConfiguration;
			buildSettings = {
				ALWAYS_EMBED_SWIFT_STANDARD_LIBRARIES = YES;
				BUNDLE_LOADER = "$(TEST_HOST)";
				CODE_SIGN_STYLE = Automatic;
				CURRENT_PROJECT_VERSION = 1;
				DEVELOPMENT_TEAM = 8C384KUMC6;
				GENERATE_INFOPLIST_FILE = YES;
				MARKETING_VERSION = 1.0;
				PRODUCT_BUNDLE_IDENTIFIER = com.mydrivers.SimpleLiveTVOSTests;
				PRODUCT_NAME = "$(TARGET_NAME)";
				SWIFT_EMIT_LOC_STRINGS = NO;
				SWIFT_VERSION = 5.0;
				TARGETED_DEVICE_FAMILY = 3;
				TEST_HOST = "$(BUILT_PRODUCTS_DIR)/SimpleLiveTVOS.app/$(BUNDLE_EXECUTABLE_FOLDER_PATH)/SimpleLiveTVOS";
				TVOS_DEPLOYMENT_TARGET = 16.4;
			};
			name = Debug;
		};
		4FC3DD032A49383100CA36B9 /* Release */ = {
			isa = XCBuildConfiguration;
			buildSettings = {
				ALWAYS_EMBED_SWIFT_STANDARD_LIBRARIES = YES;
				BUNDLE_LOADER = "$(TEST_HOST)";
				CODE_SIGN_STYLE = Automatic;
				CURRENT_PROJECT_VERSION = 1;
				DEVELOPMENT_TEAM = 8C384KUMC6;
				GENERATE_INFOPLIST_FILE = YES;
				MARKETING_VERSION = 1.0;
				PRODUCT_BUNDLE_IDENTIFIER = com.mydrivers.SimpleLiveTVOSTests;
				PRODUCT_NAME = "$(TARGET_NAME)";
				SWIFT_EMIT_LOC_STRINGS = NO;
				SWIFT_VERSION = 5.0;
				TARGETED_DEVICE_FAMILY = 3;
				TEST_HOST = "$(BUILT_PRODUCTS_DIR)/SimpleLiveTVOS.app/$(BUNDLE_EXECUTABLE_FOLDER_PATH)/SimpleLiveTVOS";
				TVOS_DEPLOYMENT_TARGET = 16.4;
			};
			name = Release;
		};
		4FC3DD052A49383100CA36B9 /* Debug */ = {
			isa = XCBuildConfiguration;
			buildSettings = {
				ALWAYS_EMBED_SWIFT_STANDARD_LIBRARIES = YES;
				CODE_SIGN_STYLE = Automatic;
				CURRENT_PROJECT_VERSION = 1;
				DEVELOPMENT_TEAM = 8C384KUMC6;
				GENERATE_INFOPLIST_FILE = YES;
				MARKETING_VERSION = 1.0;
				PRODUCT_BUNDLE_IDENTIFIER = com.mydrivers.SimpleLiveTVOSUITests;
				PRODUCT_NAME = "$(TARGET_NAME)";
				SWIFT_EMIT_LOC_STRINGS = NO;
				SWIFT_VERSION = 5.0;
				TARGETED_DEVICE_FAMILY = 3;
				TEST_TARGET_NAME = SimpleLiveTVOS;
			};
			name = Debug;
		};
		4FC3DD062A49383100CA36B9 /* Release */ = {
			isa = XCBuildConfiguration;
			buildSettings = {
				ALWAYS_EMBED_SWIFT_STANDARD_LIBRARIES = YES;
				CODE_SIGN_STYLE = Automatic;
				CURRENT_PROJECT_VERSION = 1;
				DEVELOPMENT_TEAM = 8C384KUMC6;
				GENERATE_INFOPLIST_FILE = YES;
				MARKETING_VERSION = 1.0;
				PRODUCT_BUNDLE_IDENTIFIER = com.mydrivers.SimpleLiveTVOSUITests;
				PRODUCT_NAME = "$(TARGET_NAME)";
				SWIFT_EMIT_LOC_STRINGS = NO;
				SWIFT_VERSION = 5.0;
				TARGETED_DEVICE_FAMILY = 3;
				TEST_TARGET_NAME = SimpleLiveTVOS;
			};
			name = Release;
		};
/* End XCBuildConfiguration section */

/* Begin XCConfigurationList section */
		4FC3DCD52A49382F00CA36B9 /* Build configuration list for PBXProject "SimpleLiveTVOS" */ = {
			isa = XCConfigurationList;
			buildConfigurations = (
				4FC3DCFC2A49383100CA36B9 /* Debug */,
				4FC3DCFD2A49383100CA36B9 /* Release */,
			);
			defaultConfigurationIsVisible = 0;
			defaultConfigurationName = Release;
		};
		4FC3DCFE2A49383100CA36B9 /* Build configuration list for PBXNativeTarget "SimpleLiveTVOS" */ = {
			isa = XCConfigurationList;
			buildConfigurations = (
				4FC3DCFF2A49383100CA36B9 /* Debug */,
				4FC3DD002A49383100CA36B9 /* Release */,
			);
			defaultConfigurationIsVisible = 0;
			defaultConfigurationName = Release;
		};
		4FC3DD012A49383100CA36B9 /* Build configuration list for PBXNativeTarget "SimpleLiveTVOSTests" */ = {
			isa = XCConfigurationList;
			buildConfigurations = (
				4FC3DD022A49383100CA36B9 /* Debug */,
				4FC3DD032A49383100CA36B9 /* Release */,
			);
			defaultConfigurationIsVisible = 0;
			defaultConfigurationName = Release;
		};
		4FC3DD042A49383100CA36B9 /* Build configuration list for PBXNativeTarget "SimpleLiveTVOSUITests" */ = {
			isa = XCConfigurationList;
			buildConfigurations = (
				4FC3DD052A49383100CA36B9 /* Debug */,
				4FC3DD062A49383100CA36B9 /* Release */,
			);
			defaultConfigurationIsVisible = 0;
			defaultConfigurationName = Release;
		};
/* End XCConfigurationList section */

/* Begin XCRemoteSwiftPackageReference section */
		4FC3DD072A49725F00CA36B9 /* XCRemoteSwiftPackageReference "Kingfisher" */ = {
			isa = XCRemoteSwiftPackageReference;
			repositoryURL = "https://github.com/onevcat/Kingfisher";
			requirement = {
				kind = upToNextMajorVersion;
				minimumVersion = 7.0.0;
			};
		};
		4FC9B38C2A52E39400C0D3C8 /* XCRemoteSwiftPackageReference "Alamofire" */ = {
			isa = XCRemoteSwiftPackageReference;
			repositoryURL = "https://github.com/Alamofire/Alamofire.git";
			requirement = {
				kind = upToNextMajorVersion;
				minimumVersion = 5.7.1;
			};
		};
		FBDEE4772AD5874900F996BA /* XCRemoteSwiftPackageReference "SimpleToast" */ = {
			isa = XCRemoteSwiftPackageReference;
			repositoryURL = "https://github.com/sanzaru/SimpleToast.git";
			requirement = {
				kind = upToNextMajorVersion;
				minimumVersion = 0.8.0;
			};
		};
		FBDEE47A2AD63B3100F996BA /* XCRemoteSwiftPackageReference "SQLite" */ = {
			isa = XCRemoteSwiftPackageReference;
			repositoryURL = "https://github.com/stephencelis/SQLite.swift";
			requirement = {
				kind = upToNextMajorVersion;
				minimumVersion = 0.14.1;
			};
		};
		FBEBC18A2ACC5F3E007F8CD1 /* XCRemoteSwiftPackageReference "KSPlayer" */ = {
			isa = XCRemoteSwiftPackageReference;
			repositoryURL = "https://github.com/kingslay/KSPlayer.git";
			requirement = {
				kind = upToNextMajorVersion;
				minimumVersion = 2.1.2;
			};
		};
/* End XCRemoteSwiftPackageReference section */

/* Begin XCSwiftPackageProductDependency section */
		4FC3DD082A49725F00CA36B9 /* Kingfisher */ = {
			isa = XCSwiftPackageProductDependency;
			package = 4FC3DD072A49725F00CA36B9 /* XCRemoteSwiftPackageReference "Kingfisher" */;
			productName = Kingfisher;
		};
		4FC9B38D2A52E39400C0D3C8 /* Alamofire */ = {
			isa = XCSwiftPackageProductDependency;
			package = 4FC9B38C2A52E39400C0D3C8 /* XCRemoteSwiftPackageReference "Alamofire" */;
			productName = Alamofire;
		};
		FBDEE4782AD5874900F996BA /* SimpleToast */ = {
			isa = XCSwiftPackageProductDependency;
			package = FBDEE4772AD5874900F996BA /* XCRemoteSwiftPackageReference "SimpleToast" */;
			productName = SimpleToast;
		};
		FBDEE47B2AD63B3100F996BA /* SQLite */ = {
			isa = XCSwiftPackageProductDependency;
			package = FBDEE47A2AD63B3100F996BA /* XCRemoteSwiftPackageReference "SQLite" */;
			productName = SQLite;
		};
		FBEBC18B2ACC5F3E007F8CD1 /* KSPlayer */ = {
			isa = XCSwiftPackageProductDependency;
			package = FBEBC18A2ACC5F3E007F8CD1 /* XCRemoteSwiftPackageReference "KSPlayer" */;
			productName = KSPlayer;
		};
/* End XCSwiftPackageProductDependency section */
	};
	rootObject = 4FC3DCD22A49382F00CA36B9 /* Project object */;
}
