// !$*UTF8*$!
{
	archiveVersion = 1;
	classes = {
	};
	objectVersion = 70;
	objects = {

/* Begin PBXBuildFile section */
		4F1492412B44F4FC004073DB /* LiveParse in Frameworks */ = {isa = PBXBuildFile; productRef = 4F1492402B44F4FC004073DB /* LiveParse */; };
		4F22D67C2BF1AB9400497F3A /* LiveParse in Frameworks */ = {isa = PBXBuildFile; productRef = 4F22D67B2BF1AB9400497F3A /* LiveParse */; };
		4F5B30F92D9D3E6A00C81B0D /* KSPlayer in Frameworks */ = {isa = PBXBuildFile; productRef = 4F5B30F82D9D3E6A00C81B0D /* KSPlayer */; };
		4F61662E2C786A79008FED0D /* Pow in Frameworks */ = {isa = PBXBuildFile; productRef = 4F61662D2C786A79008FED0D /* Pow */; };
		4F6166312C7C8E84008FED0D /* LiveParse in Frameworks */ = {isa = PBXBuildFile; productRef = 4F6166302C7C8E84008FED0D /* LiveParse */; };
		4F6C40352C75885500A5BEDA /* LiveParse in Frameworks */ = {isa = PBXBuildFile; productRef = 4F6C40342C75885500A5BEDA /* LiveParse */; };
		4F70CD1D2BAAE2E100F21EDA /* LiveParse in Frameworks */ = {isa = PBXBuildFile; productRef = 4F70CD1C2BAAE2E100F21EDA /* LiveParse */; };
		4F73DB662C1C1ABB001C38C9 /* Cache in Frameworks */ = {isa = PBXBuildFile; productRef = 4F73DB652C1C1ABB001C38C9 /* Cache */; };
		4F8077032E3B69A5002FA56A /* Bugsnag in Frameworks */ = {isa = PBXBuildFile; productRef = 4F8077022E3B69A5002FA56A /* Bugsnag */; };
		4F84D6D72D08642800F88855 /* TarsKit in Frameworks */ = {isa = PBXBuildFile; productRef = 4F84D6D62D08642800F88855 /* TarsKit */; };
		4F84D6DA2D08644300F88855 /* LiveParse in Frameworks */ = {isa = PBXBuildFile; productRef = 4F84D6D92D08644300F88855 /* LiveParse */; };
		4F84D6DD2D088B5F00F88855 /* LiveParse in Frameworks */ = {isa = PBXBuildFile; productRef = 4F84D6DC2D088B5F00F88855 /* LiveParse */; };
		4F9087772DF8335E00A2E6F2 /* KSPlayer in Frameworks */ = {isa = PBXBuildFile; productRef = 4F9087762DF8335E00A2E6F2 /* KSPlayer */; };
		4F9EC4FC2E3875E000F6C0A6 /* FFmpegKit in Frameworks */ = {isa = PBXBuildFile; productRef = 4F9EC4FB2E3875E000F6C0A6 /* FFmpegKit */; };
		4F9F9C282C1BDEE100B863A9 /* LiveParse in Frameworks */ = {isa = PBXBuildFile; productRef = 4F9F9C272C1BDEE100B863A9 /* LiveParse */; };
		4FB71DAC2E38786600277C21 /* LiveParse in Frameworks */ = {isa = PBXBuildFile; productRef = 4FB71DAB2E38786600277C21 /* LiveParse */; };
		4FB7323F2B98884400F02249 /* AcknowList in Frameworks */ = {isa = PBXBuildFile; productRef = 4FB7323E2B98884400F02249 /* AcknowList */; };
		4FB732422B988CDF00F02249 /* AcknowList in Frameworks */ = {isa = PBXBuildFile; productRef = 4FB732412B988CDF00F02249 /* AcknowList */; };
		4FC3DD092A49725F00CA36B9 /* Kingfisher in Frameworks */ = {isa = PBXBuildFile; productRef = 4FC3DD082A49725F00CA36B9 /* Kingfisher */; };
		4FC475422B563C8D006A102D /* Shimmer in Frameworks */ = {isa = PBXBuildFile; productRef = 4FC475412B563C8D006A102D /* Shimmer */; };
		4FC9B38E2A52E39400C0D3C8 /* Alamofire in Frameworks */ = {isa = PBXBuildFile; productRef = 4FC9B38D2A52E39400C0D3C8 /* Alamofire */; };
		4FCA39152BBA4E9F00506675 /* CocoaAsyncSocket in Frameworks */ = {isa = PBXBuildFile; productRef = 4FCA39142BBA4E9F00506675 /* CocoaAsyncSocket */; };
		4FCA391D2BBA5A8600506675 /* NIO in Frameworks */ = {isa = PBXBuildFile; productRef = 4FCA391C2BBA5A8600506675 /* NIO */; };
		4FCA391F2BBA5A8600506675 /* NIOHTTP1 in Frameworks */ = {isa = PBXBuildFile; productRef = 4FCA391E2BBA5A8600506675 /* NIOHTTP1 */; };
		4FCDB8562BBF155700EB33DA /* LiveParse in Frameworks */ = {isa = PBXBuildFile; productRef = 4FCDB8552BBF155700EB33DA /* LiveParse */; };
		FB15C6332C1B353900D93C64 /* LiveParse in Frameworks */ = {isa = PBXBuildFile; productRef = FB15C6322C1B353900D93C64 /* LiveParse */; };
		FB1D86B92C7EC13F00A679F3 /* LiveParse in Frameworks */ = {isa = PBXBuildFile; productRef = FB1D86B82C7EC13F00A679F3 /* LiveParse */; };
		FB21249D2B989E1A004C916F /* Package.resolved in Resources */ = {isa = PBXBuildFile; fileRef = FB21249C2B989E1A004C916F /* Package.resolved */; };
		FB29265D2C58991500A1F07F /* LiveParse in Frameworks */ = {isa = PBXBuildFile; productRef = FB29265C2C58991500A1F07F /* LiveParse */; };
		FB5101902B0E35A900A1AE0D /* Starscream in Frameworks */ = {isa = PBXBuildFile; productRef = FB51018F2B0E35A900A1AE0D /* Starscream */; };
		FB5101952B0ED74E00A1AE0D /* SwiftyJSON in Frameworks */ = {isa = PBXBuildFile; productRef = FB5101942B0ED74E00A1AE0D /* SwiftyJSON */; };
		FB5101982B0ED76A00A1AE0D /* SWCompression in Frameworks */ = {isa = PBXBuildFile; productRef = FB5101972B0ED76A00A1AE0D /* SWCompression */; };
		FB525FDB2BB9D51900BFA18C /* UDPBroadcast in Frameworks */ = {isa = PBXBuildFile; productRef = FB525FDA2BB9D51900BFA18C /* UDPBroadcast */; };
		FB5C3FDC2C7B5F5000865D6E /* LiveParse in Frameworks */ = {isa = PBXBuildFile; productRef = FB5C3FDB2C7B5F5000865D6E /* LiveParse */; };
		FB89E1612B1340870083116D /* KSPlayer in Frameworks */ = {isa = PBXBuildFile; productRef = FB89E1602B1340870083116D /* KSPlayer */; };
		FB89E1642B1340DA0083116D /* KSPlayer in Frameworks */ = {isa = PBXBuildFile; productRef = FB89E1632B1340DA0083116D /* KSPlayer */; };
		FB99EA462B1346A400C0C5DA /* KSPlayer in Frameworks */ = {isa = PBXBuildFile; productRef = FB99EA452B1346A400C0C5DA /* KSPlayer */; };
		FBCBE6F12D5B2BCA00BE3E62 /* InjectionNext in Frameworks */ = {isa = PBXBuildFile; productRef = FBCBE6F02D5B2BCA00BE3E62 /* InjectionNext */; };
		FBD7063E2D76D74600DCD6C1 /* ColorfulX in Frameworks */ = {isa = PBXBuildFile; productRef = FBD7063D2D76D74600DCD6C1 /* ColorfulX */; };
		FBDEE4792AD5874900F996BA /* SimpleToast in Frameworks */ = {isa = PBXBuildFile; productRef = FBDEE4782AD5874900F996BA /* SimpleToast */; };
		FBDEF83A2BB9CBCB002EE8FF /* SystemConfiguration.framework in Frameworks */ = {isa = PBXBuildFile; fileRef = FBDEF8392BB9CBCB002EE8FF /* SystemConfiguration.framework */; };
		FBFEF1F62B122B5100B19C3E /* SwiftProtobuf in Frameworks */ = {isa = PBXBuildFile; productRef = FBFEF1F52B122B5100B19C3E /* SwiftProtobuf */; };
		FBFEF1F82B122B5100B19C3E /* SwiftProtobufPluginLibrary in Frameworks */ = {isa = PBXBuildFile; productRef = FBFEF1F72B122B5100B19C3E /* SwiftProtobufPluginLibrary */; };
		FBFEF1FA2B122B5100B19C3E /* protoc-gen-swift in Frameworks */ = {isa = PBXBuildFile; productRef = FBFEF1F92B122B5100B19C3E /* protoc-gen-swift */; };
		FBFEF1FF2B124C6200B19C3E /* Gzip in Frameworks */ = {isa = PBXBuildFile; productRef = FBFEF1FE2B124C6200B19C3E /* Gzip */; };
/* End PBXBuildFile section */

/* Begin PBXContainerItemProxy section */
		4FC3DCEB2A49383100CA36B9 /* PBXContainerItemProxy */ = {
			isa = PBXContainerItemProxy;
			containerPortal = 4FC3DCD22A49382F00CA36B9 /* Project object */;
			proxyType = 1;
			remoteGlobalIDString = 4FC3DCD92A49382F00CA36B9;
			remoteInfo = SimpleLiveTVOS;
		};
		4FC3DCF52A49383100CA36B9 /* PBXContainerItemProxy */ = {
			isa = PBXContainerItemProxy;
			containerPortal = 4FC3DCD22A49382F00CA36B9 /* Project object */;
			proxyType = 1;
			remoteGlobalIDString = 4FC3DCD92A49382F00CA36B9;
			remoteInfo = SimpleLiveTVOS;
		};
/* End PBXContainerItemProxy section */

/* Begin PBXFileReference section */
		4FC3DCDA2A49382F00CA36B9 /* SimpleLiveTVOS.app */ = {isa = PBXFileReference; explicitFileType = wrapper.application; includeInIndex = 0; path = SimpleLiveTVOS.app; sourceTree = BUILT_PRODUCTS_DIR; };
		4FC3DCEA2A49383100CA36B9 /* SimpleLiveTVOSTests.xctest */ = {isa = PBXFileReference; explicitFileType = wrapper.cfbundle; includeInIndex = 0; path = SimpleLiveTVOSTests.xctest; sourceTree = BUILT_PRODUCTS_DIR; };
		4FC3DCF42A49383100CA36B9 /* SimpleLiveTVOSUITests.xctest */ = {isa = PBXFileReference; explicitFileType = wrapper.cfbundle; includeInIndex = 0; path = SimpleLiveTVOSUITests.xctest; sourceTree = BUILT_PRODUCTS_DIR; };
		FB21249C2B989E1A004C916F /* Package.resolved */ = {isa = PBXFileReference; fileEncoding = 4; lastKnownFileType = text; name = Package.resolved; path = SimpleLiveTVOS.xcodeproj/project.xcworkspace/xcshareddata/swiftpm/Package.resolved; sourceTree = "<group>"; };
		FBDEF8392BB9CBCB002EE8FF /* SystemConfiguration.framework */ = {isa = PBXFileReference; lastKnownFileType = wrapper.framework; name = SystemConfiguration.framework; path = System/Library/Frameworks/SystemConfiguration.framework; sourceTree = SDKROOT; };
/* End PBXFileReference section */

/* Begin PBXFileSystemSynchronizedBuildFileExceptionSet section */
		4F3150862DF98086009B9FF5 /* PBXFileSystemSynchronizedBuildFileExceptionSet */ = {
			isa = PBXFileSystemSynchronizedBuildFileExceptionSet;
			membershipExceptions = (
				Other/Info.plist,
			);
			target = 4FC3DCD92A49382F00CA36B9 /* SimpleLiveTVOS */;
		};
/* End PBXFileSystemSynchronizedBuildFileExceptionSet section */

/* Begin PBXFileSystemSynchronizedRootGroup section */
		4F314FE82DF98085009B9FF5 /* SimpleLiveTVOSUITests */ = {isa = PBXFileSystemSynchronizedRootGroup; explicitFileTypes = {}; explicitFolders = (); path = SimpleLiveTVOSUITests; sourceTree = "<group>"; };
		4F3150422DF98086009B9FF5 /* SimpleLiveTVOS */ = {isa = PBXFileSystemSynchronizedRootGroup; exceptions = (4F3150862DF98086009B9FF5 /* PBXFileSystemSynchronizedBuildFileExceptionSet */, ); explicitFileTypes = {}; explicitFolders = (); path = SimpleLiveTVOS; sourceTree = "<group>"; };
		4F3150842DF98086009B9FF5 /* SimpleLiveTVOSTests */ = {isa = PBXFileSystemSynchronizedRootGroup; explicitFileTypes = {}; explicitFolders = (); path = SimpleLiveTVOSTests; sourceTree = "<group>"; };
/* End PBXFileSystemSynchronizedRootGroup section */

/* Begin PBXFrameworksBuildPhase section */
		4FC3DCD72A49382F00CA36B9 /* Frameworks */ = {
			isa = PBXFrameworksBuildPhase;
			buildActionMask = 2147483647;
			files = (
				4F5B30F92D9D3E6A00C81B0D /* KSPlayer in Frameworks */,
				4F61662E2C786A79008FED0D /* Pow in Frameworks */,
				4F9087772DF8335E00A2E6F2 /* KSPlayer in Frameworks */,
				FB15C6332C1B353900D93C64 /* LiveParse in Frameworks */,
				4FCDB8562BBF155700EB33DA /* LiveParse in Frameworks */,
				FB525FDB2BB9D51900BFA18C /* UDPBroadcast in Frameworks */,
				4FB7323F2B98884400F02249 /* AcknowList in Frameworks */,
				FB5101982B0ED76A00A1AE0D /* SWCompression in Frameworks */,
				FBCBE6F12D5B2BCA00BE3E62 /* InjectionNext in Frameworks */,
				FBFEF1FF2B124C6200B19C3E /* Gzip in Frameworks */,
				FB29265D2C58991500A1F07F /* LiveParse in Frameworks */,
				4F84D6D72D08642800F88855 /* TarsKit in Frameworks */,
				FBFEF1FA2B122B5100B19C3E /* protoc-gen-swift in Frameworks */,
				4FB732422B988CDF00F02249 /* AcknowList in Frameworks */,
				4F84D6DD2D088B5F00F88855 /* LiveParse in Frameworks */,
				4F84D6DA2D08644300F88855 /* LiveParse in Frameworks */,
				FBDEF83A2BB9CBCB002EE8FF /* SystemConfiguration.framework in Frameworks */,
				4F1492412B44F4FC004073DB /* LiveParse in Frameworks */,
				FBFEF1F82B122B5100B19C3E /* SwiftProtobufPluginLibrary in Frameworks */,
				FB5101952B0ED74E00A1AE0D /* SwiftyJSON in Frameworks */,
				4FCA391D2BBA5A8600506675 /* NIO in Frameworks */,
				FBDEE4792AD5874900F996BA /* SimpleToast in Frameworks */,
				4F73DB662C1C1ABB001C38C9 /* Cache in Frameworks */,
				FB5C3FDC2C7B5F5000865D6E /* LiveParse in Frameworks */,
				4FCA391F2BBA5A8600506675 /* NIOHTTP1 in Frameworks */,
				4FCA39152BBA4E9F00506675 /* CocoaAsyncSocket in Frameworks */,
				4FC3DD092A49725F00CA36B9 /* Kingfisher in Frameworks */,
				4FB71DAC2E38786600277C21 /* LiveParse in Frameworks */,
				4F9EC4FC2E3875E000F6C0A6 /* FFmpegKit in Frameworks */,
				FB89E1612B1340870083116D /* KSPlayer in Frameworks */,
				FB99EA462B1346A400C0C5DA /* KSPlayer in Frameworks */,
				4FC475422B563C8D006A102D /* Shimmer in Frameworks */,
				4F6C40352C75885500A5BEDA /* LiveParse in Frameworks */,
				FB89E1642B1340DA0083116D /* KSPlayer in Frameworks */,
				FBD7063E2D76D74600DCD6C1 /* ColorfulX in Frameworks */,
				4F70CD1D2BAAE2E100F21EDA /* LiveParse in Frameworks */,
				4F22D67C2BF1AB9400497F3A /* LiveParse in Frameworks */,
				4F9F9C282C1BDEE100B863A9 /* LiveParse in Frameworks */,
				4FC9B38E2A52E39400C0D3C8 /* Alamofire in Frameworks */,
				FB1D86B92C7EC13F00A679F3 /* LiveParse in Frameworks */,
				FB5101902B0E35A900A1AE0D /* Starscream in Frameworks */,
				4F6166312C7C8E84008FED0D /* LiveParse in Frameworks */,
				4F8077032E3B69A5002FA56A /* Bugsnag in Frameworks */,
				FBFEF1F62B122B5100B19C3E /* SwiftProtobuf in Frameworks */,
			);
			runOnlyForDeploymentPostprocessing = 0;
		};
		4FC3DCE72A49383100CA36B9 /* Frameworks */ = {
			isa = PBXFrameworksBuildPhase;
			buildActionMask = 2147483647;
			files = (
			);
			runOnlyForDeploymentPostprocessing = 0;
		};
		4FC3DCF12A49383100CA36B9 /* Frameworks */ = {
			isa = PBXFrameworksBuildPhase;
			buildActionMask = 2147483647;
			files = (
			);
			runOnlyForDeploymentPostprocessing = 0;
		};
/* End PBXFrameworksBuildPhase section */

/* Begin PBXGroup section */
		4FC3DCD12A49382F00CA36B9 = {
			isa = PBXGroup;
			children = (
				FB21249C2B989E1A004C916F /* Package.resolved */,
				4F3150422DF98086009B9FF5 /* SimpleLiveTVOS */,
				4F3150842DF98086009B9FF5 /* SimpleLiveTVOSTests */,
				4F314FE82DF98085009B9FF5 /* SimpleLiveTVOSUITests */,
				4FC3DCDB2A49382F00CA36B9 /* Products */,
				FBDEF8382BB9CBCB002EE8FF /* Frameworks */,
			);
			sourceTree = "<group>";
		};
		4FC3DCDB2A49382F00CA36B9 /* Products */ = {
			isa = PBXGroup;
			children = (
				4FC3DCDA2A49382F00CA36B9 /* SimpleLiveTVOS.app */,
				4FC3DCEA2A49383100CA36B9 /* SimpleLiveTVOSTests.xctest */,
				4FC3DCF42A49383100CA36B9 /* SimpleLiveTVOSUITests.xctest */,
			);
			name = Products;
			sourceTree = "<group>";
		};
		FBDEF8382BB9CBCB002EE8FF /* Frameworks */ = {
			isa = PBXGroup;
			children = (
				FBDEF8392BB9CBCB002EE8FF /* SystemConfiguration.framework */,
			);
			name = Frameworks;
			sourceTree = "<group>";
		};
/* End PBXGroup section */

/* Begin PBXNativeTarget section */
		4FC3DCD92A49382F00CA36B9 /* SimpleLiveTVOS */ = {
			isa = PBXNativeTarget;
			buildConfigurationList = 4FC3DCFE2A49383100CA36B9 /* Build configuration list for PBXNativeTarget "SimpleLiveTVOS" */;
			buildPhases = (
				4FC3DCD62A49382F00CA36B9 /* Sources */,
				4FC3DCD72A49382F00CA36B9 /* Frameworks */,
				4FC3DCD82A49382F00CA36B9 /* Resources */,
			);
			buildRules = (
			);
			dependencies = (
			);
			fileSystemSynchronizedGroups = (
				4F3150422DF98086009B9FF5 /* SimpleLiveTVOS */,
			);
			name = SimpleLiveTVOS;
			packageProductDependencies = (
				4FC3DD082A49725F00CA36B9 /* Kingfisher */,
				4FC9B38D2A52E39400C0D3C8 /* Alamofire */,
				FBDEE4782AD5874900F996BA /* SimpleToast */,
				FB51018F2B0E35A900A1AE0D /* Starscream */,
				FB5101942B0ED74E00A1AE0D /* SwiftyJSON */,
				FB5101972B0ED76A00A1AE0D /* SWCompression */,
				FBFEF1F52B122B5100B19C3E /* SwiftProtobuf */,
				FBFEF1F72B122B5100B19C3E /* SwiftProtobufPluginLibrary */,
				FBFEF1F92B122B5100B19C3E /* protoc-gen-swift */,
				FBFEF1FE2B124C6200B19C3E /* Gzip */,
				FB89E1602B1340870083116D /* KSPlayer */,
				FB89E1632B1340DA0083116D /* KSPlayer */,
				FB99EA452B1346A400C0C5DA /* KSPlayer */,
				4F1492402B44F4FC004073DB /* LiveParse */,
				4FC475412B563C8D006A102D /* Shimmer */,
				4FB7323E2B98884400F02249 /* AcknowList */,
				4FB732412B988CDF00F02249 /* AcknowList */,
				4F70CD1C2BAAE2E100F21EDA /* LiveParse */,
				FB525FDA2BB9D51900BFA18C /* UDPBroadcast */,
				4FCA39142BBA4E9F00506675 /* CocoaAsyncSocket */,
				4FCA391C2BBA5A8600506675 /* NIO */,
				4FCA391E2BBA5A8600506675 /* NIOHTTP1 */,
				4FCDB8552BBF155700EB33DA /* LiveParse */,
				4F22D67B2BF1AB9400497F3A /* LiveParse */,
				FB15C6322C1B353900D93C64 /* LiveParse */,
				4F9F9C272C1BDEE100B863A9 /* LiveParse */,
				4F73DB652C1C1ABB001C38C9 /* Cache */,
				FB29265C2C58991500A1F07F /* LiveParse */,
				4F6C40342C75885500A5BEDA /* LiveParse */,
				4F61662D2C786A79008FED0D /* Pow */,
				FB5C3FDB2C7B5F5000865D6E /* LiveParse */,
				4F6166302C7C8E84008FED0D /* LiveParse */,
				FB1D86B82C7EC13F00A679F3 /* LiveParse */,
				4F84D6D62D08642800F88855 /* TarsKit */,
				4F84D6D92D08644300F88855 /* LiveParse */,
				4F84D6DC2D088B5F00F88855 /* LiveParse */,
				FBCBE6F02D5B2BCA00BE3E62 /* InjectionNext */,
				FBD7063D2D76D74600DCD6C1 /* ColorfulX */,
				4F5B30F82D9D3E6A00C81B0D /* KSPlayer */,
				4F9087762DF8335E00A2E6F2 /* KSPlayer */,
				4F9EC4FB2E3875E000F6C0A6 /* FFmpegKit */,
				4FB71DAB2E38786600277C21 /* LiveParse */,
				4F8077022E3B69A5002FA56A /* Bugsnag */,
			);
			productName = SimpleLiveTVOS;
			productReference = 4FC3DCDA2A49382F00CA36B9 /* SimpleLiveTVOS.app */;
			productType = "com.apple.product-type.application";
		};
		4FC3DCE92A49383100CA36B9 /* SimpleLiveTVOSTests */ = {
			isa = PBXNativeTarget;
			buildConfigurationList = 4FC3DD012A49383100CA36B9 /* Build configuration list for PBXNativeTarget "SimpleLiveTVOSTests" */;
			buildPhases = (
				4FC3DCE62A49383100CA36B9 /* Sources */,
				4FC3DCE72A49383100CA36B9 /* Frameworks */,
				4FC3DCE82A49383100CA36B9 /* Resources */,
			);
			buildRules = (
			);
			dependencies = (
				4FC3DCEC2A49383100CA36B9 /* PBXTargetDependency */,
			);
			fileSystemSynchronizedGroups = (
				4F3150842DF98086009B9FF5 /* SimpleLiveTVOSTests */,
			);
			name = SimpleLiveTVOSTests;
			productName = SimpleLiveTVOSTests;
			productReference = 4FC3DCEA2A49383100CA36B9 /* SimpleLiveTVOSTests.xctest */;
			productType = "com.apple.product-type.bundle.unit-test";
		};
		4FC3DCF32A49383100CA36B9 /* SimpleLiveTVOSUITests */ = {
			isa = PBXNativeTarget;
			buildConfigurationList = 4FC3DD042A49383100CA36B9 /* Build configuration list for PBXNativeTarget "SimpleLiveTVOSUITests" */;
			buildPhases = (
				4FC3DCF02A49383100CA36B9 /* Sources */,
				4FC3DCF12A49383100CA36B9 /* Frameworks */,
				4FC3DCF22A49383100CA36B9 /* Resources */,
			);
			buildRules = (
			);
			dependencies = (
				4FC3DCF62A49383100CA36B9 /* PBXTargetDependency */,
			);
			fileSystemSynchronizedGroups = (
				4F314FE82DF98085009B9FF5 /* SimpleLiveTVOSUITests */,
			);
			name = SimpleLiveTVOSUITests;
			productName = SimpleLiveTVOSUITests;
			productReference = 4FC3DCF42A49383100CA36B9 /* SimpleLiveTVOSUITests.xctest */;
			productType = "com.apple.product-type.bundle.ui-testing";
		};
/* End PBXNativeTarget section */

/* Begin PBXProject section */
		4FC3DCD22A49382F00CA36B9 /* Project object */ = {
			isa = PBXProject;
			attributes = {
				BuildIndependentTargetsInParallel = 1;
				LastSwiftUpdateCheck = 1430;
				LastUpgradeCheck = 1640;
				TargetAttributes = {
					4FC3DCD92A49382F00CA36B9 = {
						CreatedOnToolsVersion = 14.3.1;
					};
					4FC3DCE92A49383100CA36B9 = {
						CreatedOnToolsVersion = 14.3.1;
						TestTargetID = 4FC3DCD92A49382F00CA36B9;
					};
					4FC3DCF32A49383100CA36B9 = {
						CreatedOnToolsVersion = 14.3.1;
						TestTargetID = 4FC3DCD92A49382F00CA36B9;
					};
				};
			};
			buildConfigurationList = 4FC3DCD52A49382F00CA36B9 /* Build configuration list for PBXProject "SimpleLiveTVOS" */;
			compatibilityVersion = "Xcode 14.0";
			developmentRegion = en;
			hasScannedForEncodings = 0;
			knownRegions = (
				en,
				Base,
			);
			mainGroup = 4FC3DCD12A49382F00CA36B9;
			packageReferences = (
				4FC3DD072A49725F00CA36B9 /* XCRemoteSwiftPackageReference "Kingfisher" */,
				4FC9B38C2A52E39400C0D3C8 /* XCRemoteSwiftPackageReference "Alamofire" */,
				FBDEE4772AD5874900F996BA /* XCRemoteSwiftPackageReference "SimpleToast" */,
				FB51018E2B0E35A900A1AE0D /* XCRemoteSwiftPackageReference "Starscream" */,
				FB5101932B0ED74E00A1AE0D /* XCRemoteSwiftPackageReference "SwiftyJSON" */,
				FB5101962B0ED76A00A1AE0D /* XCRemoteSwiftPackageReference "SWCompression" */,
				FBFEF1F42B122B5100B19C3E /* XCRemoteSwiftPackageReference "swift-protobuf" */,
				FBFEF1FD2B124C6200B19C3E /* XCRemoteSwiftPackageReference "GzipSwift" */,
				4FC475402B563C8D006A102D /* XCRemoteSwiftPackageReference "SwiftUI-Shimmer" */,
				4FB732402B988CDF00F02249 /* XCRemoteSwiftPackageReference "AcknowList" */,
				FB525FD92BB9D51900BFA18C /* XCRemoteSwiftPackageReference "UDPBroadcastConnection" */,
				4FCA39132BBA4E9F00506675 /* XCRemoteSwiftPackageReference "CocoaAsyncSocket" */,
				4FCA391B2BBA5A8600506675 /* XCRemoteSwiftPackageReference "swift-nio" */,
				4F73DB642C1C1ABB001C38C9 /* XCRemoteSwiftPackageReference "Cache" */,
				4F61662C2C786A79008FED0D /* XCRemoteSwiftPackageReference "Pow" */,
				FBCBE6EF2D5B2BCA00BE3E62 /* XCRemoteSwiftPackageReference "InjectionNext" */,
				FBD7063C2D76D74600DCD6C1 /* XCRemoteSwiftPackageReference "ColorfulX" */,
				4F9087752DF8335E00A2E6F2 /* XCRemoteSwiftPackageReference "KSPlayer" */,
				4F9EC4FA2E3875E000F6C0A6 /* XCRemoteSwiftPackageReference "FFmpegKit" */,
				4FB71DAA2E38786600277C21 /* XCRemoteSwiftPackageReference "LiveParse" */,
				4F8077012E3B69A5002FA56A /* XCRemoteSwiftPackageReference "bugsnag-cocoa" */,
			);
			productRefGroup = 4FC3DCDB2A49382F00CA36B9 /* Products */;
			projectDirPath = "";
			projectRoot = "";
			targets = (
				4FC3DCD92A49382F00CA36B9 /* SimpleLiveTVOS */,
				4FC3DCE92A49383100CA36B9 /* SimpleLiveTVOSTests */,
				4FC3DCF32A49383100CA36B9 /* SimpleLiveTVOSUITests */,
			);
		};
/* End PBXProject section */

/* Begin PBXResourcesBuildPhase section */
		4FC3DCD82A49382F00CA36B9 /* Resources */ = {
			isa = PBXResourcesBuildPhase;
			buildActionMask = 2147483647;
			files = (
				FB21249D2B989E1A004C916F /* Package.resolved in Resources */,
			);
			runOnlyForDeploymentPostprocessing = 0;
		};
		4FC3DCE82A49383100CA36B9 /* Resources */ = {
			isa = PBXResourcesBuildPhase;
			buildActionMask = 2147483647;
			files = (
			);
			runOnlyForDeploymentPostprocessing = 0;
		};
		4FC3DCF22A49383100CA36B9 /* Resources */ = {
			isa = PBXResourcesBuildPhase;
			buildActionMask = 2147483647;
			files = (
			);
			runOnlyForDeploymentPostprocessing = 0;
		};
/* End PBXResourcesBuildPhase section */

/* Begin PBXSourcesBuildPhase section */
		4FC3DCD62A49382F00CA36B9 /* Sources */ = {
			isa = PBXSourcesBuildPhase;
			buildActionMask = 2147483647;
			files = (
			);
			runOnlyForDeploymentPostprocessing = 0;
		};
		4FC3DCE62A49383100CA36B9 /* Sources */ = {
			isa = PBXSourcesBuildPhase;
			buildActionMask = 2147483647;
			files = (
			);
			runOnlyForDeploymentPostprocessing = 0;
		};
		4FC3DCF02A49383100CA36B9 /* Sources */ = {
			isa = PBXSourcesBuildPhase;
			buildActionMask = 2147483647;
			files = (
			);
			runOnlyForDeploymentPostprocessing = 0;
		};
/* End PBXSourcesBuildPhase section */

/* Begin PBXTargetDependency section */
		4FC3DCEC2A49383100CA36B9 /* PBXTargetDependency */ = {
			isa = PBXTargetDependency;
			target = 4FC3DCD92A49382F00CA36B9 /* SimpleLiveTVOS */;
			targetProxy = 4FC3DCEB2A49383100CA36B9 /* PBXContainerItemProxy */;
		};
		4FC3DCF62A49383100CA36B9 /* PBXTargetDependency */ = {
			isa = PBXTargetDependency;
			target = 4FC3DCD92A49382F00CA36B9 /* SimpleLiveTVOS */;
			targetProxy = 4FC3DCF52A49383100CA36B9 /* PBXContainerItemProxy */;
		};
/* End PBXTargetDependency section */

/* Begin XCBuildConfiguration section */
		4FC3DCFC2A49383100CA36B9 /* Debug */ = {
			isa = XCBuildConfiguration;
			buildSettings = {
				ALWAYS_SEARCH_USER_PATHS = NO;
				ASSETCATALOG_COMPILER_GENERATE_SWIFT_ASSET_SYMBOL_EXTENSIONS = YES;
				CLANG_ANALYZER_NONNULL = YES;
				CLANG_ANALYZER_NUMBER_OBJECT_CONVERSION = YES_AGGRESSIVE;
				CLANG_CXX_LANGUAGE_STANDARD = "gnu++20";
				CLANG_ENABLE_MODULES = YES;
				CLANG_ENABLE_OBJC_ARC = YES;
				CLANG_ENABLE_OBJC_WEAK = YES;
				CLANG_WARN_BLOCK_CAPTURE_AUTORELEASING = YES;
				CLANG_WARN_BOOL_CONVERSION = YES;
				CLANG_WARN_COMMA = YES;
				CLANG_WARN_CONSTANT_CONVERSION = YES;
				CLANG_WARN_DEPRECATED_OBJC_IMPLEMENTATIONS = YES;
				CLANG_WARN_DIRECT_OBJC_ISA_USAGE = YES_ERROR;
				CLANG_WARN_DOCUMENTATION_COMMENTS = YES;
				CLANG_WARN_EMPTY_BODY = YES;
				CLANG_WARN_ENUM_CONVERSION = YES;
				CLANG_WARN_INFINITE_RECURSION = YES;
				CLANG_WARN_INT_CONVERSION = YES;
				CLANG_WARN_NON_LITERAL_NULL_CONVERSION = YES;
				CLANG_WARN_OBJC_IMPLICIT_RETAIN_SELF = YES;
				CLANG_WARN_OBJC_LITERAL_CONVERSION = YES;
				CLANG_WARN_OBJC_ROOT_CLASS = YES_ERROR;
				CLANG_WARN_QUOTED_INCLUDE_IN_FRAMEWORK_HEADER = YES;
				CLANG_WARN_RANGE_LOOP_ANALYSIS = YES;
				CLANG_WARN_STRICT_PROTOTYPES = YES;
				CLANG_WARN_SUSPICIOUS_MOVE = YES;
				CLANG_WARN_UNGUARDED_AVAILABILITY = YES_AGGRESSIVE;
				CLANG_WARN_UNREACHABLE_CODE = YES;
				CLANG_WARN__DUPLICATE_METHOD_MATCH = YES;
				COPY_PHASE_STRIP = NO;
				DEBUG_INFORMATION_FORMAT = dwarf;
				DEVELOPMENT_TEAM = HZG263D38Y;
				ENABLE_STRICT_OBJC_MSGSEND = YES;
				ENABLE_TESTABILITY = YES;
				ENABLE_USER_SCRIPT_SANDBOXING = YES;
				GCC_C_LANGUAGE_STANDARD = gnu11;
				GCC_DYNAMIC_NO_PIC = NO;
				GCC_NO_COMMON_BLOCKS = YES;
				GCC_OPTIMIZATION_LEVEL = 0;
				GCC_PREPROCESSOR_DEFINITIONS = (
					"DEBUG=1",
					"$(inherited)",
				);
				GCC_WARN_64_TO_32_BIT_CONVERSION = YES;
				GCC_WARN_ABOUT_RETURN_TYPE = YES_ERROR;
				GCC_WARN_UNDECLARED_SELECTOR = YES;
				GCC_WARN_UNINITIALIZED_AUTOS = YES_AGGRESSIVE;
				GCC_WARN_UNUSED_FUNCTION = YES;
				GCC_WARN_UNUSED_VARIABLE = YES;
				MTL_ENABLE_DEBUG_INFO = INCLUDE_SOURCE;
				MTL_FAST_MATH = YES;
				ONLY_ACTIVE_ARCH = YES;
				SDKROOT = appletvos;
				SWIFT_ACTIVE_COMPILATION_CONDITIONS = DEBUG;
				SWIFT_OPTIMIZATION_LEVEL = "-Onone";
				SWIFT_VERSION = 6.0;
				TVOS_DEPLOYMENT_TARGET = 17.0;
			};
			name = Debug;
		};
		4FC3DCFD2A49383100CA36B9 /* Release */ = {
			isa = XCBuildConfiguration;
			buildSettings = {
				ALWAYS_SEARCH_USER_PATHS = NO;
				ASSETCATALOG_COMPILER_GENERATE_SWIFT_ASSET_SYMBOL_EXTENSIONS = YES;
				CLANG_ANALYZER_NONNULL = YES;
				CLANG_ANALYZER_NUMBER_OBJECT_CONVERSION = YES_AGGRESSIVE;
				CLANG_CXX_LANGUAGE_STANDARD = "gnu++20";
				CLANG_ENABLE_MODULES = YES;
				CLANG_ENABLE_OBJC_ARC = YES;
				CLANG_ENABLE_OBJC_WEAK = YES;
				CLANG_WARN_BLOCK_CAPTURE_AUTORELEASING = YES;
				CLANG_WARN_BOOL_CONVERSION = YES;
				CLANG_WARN_COMMA = YES;
				CLANG_WARN_CONSTANT_CONVERSION = YES;
				CLANG_WARN_DEPRECATED_OBJC_IMPLEMENTATIONS = YES;
				CLANG_WARN_DIRECT_OBJC_ISA_USAGE = YES_ERROR;
				CLANG_WARN_DOCUMENTATION_COMMENTS = YES;
				CLANG_WARN_EMPTY_BODY = YES;
				CLANG_WARN_ENUM_CONVERSION = YES;
				CLANG_WARN_INFINITE_RECURSION = YES;
				CLANG_WARN_INT_CONVERSION = YES;
				CLANG_WARN_NON_LITERAL_NULL_CONVERSION = YES;
				CLANG_WARN_OBJC_IMPLICIT_RETAIN_SELF = YES;
				CLANG_WARN_OBJC_LITERAL_CONVERSION = YES;
				CLANG_WARN_OBJC_ROOT_CLASS = YES_ERROR;
				CLANG_WARN_QUOTED_INCLUDE_IN_FRAMEWORK_HEADER = YES;
				CLANG_WARN_RANGE_LOOP_ANALYSIS = YES;
				CLANG_WARN_STRICT_PROTOTYPES = YES;
				CLANG_WARN_SUSPICIOUS_MOVE = YES;
				CLANG_WARN_UNGUARDED_AVAILABILITY = YES_AGGRESSIVE;
				CLANG_WARN_UNREACHABLE_CODE = YES;
				CLANG_WARN__DUPLICATE_METHOD_MATCH = YES;
				COPY_PHASE_STRIP = NO;
				DEBUG_INFORMATION_FORMAT = "dwarf-with-dsym";
				DEVELOPMENT_TEAM = HZG263D38Y;
				ENABLE_NS_ASSERTIONS = NO;
				ENABLE_STRICT_OBJC_MSGSEND = YES;
				ENABLE_USER_SCRIPT_SANDBOXING = YES;
				GCC_C_LANGUAGE_STANDARD = gnu11;
				GCC_NO_COMMON_BLOCKS = YES;
				GCC_WARN_64_TO_32_BIT_CONVERSION = YES;
				GCC_WARN_ABOUT_RETURN_TYPE = YES_ERROR;
				GCC_WARN_UNDECLARED_SELECTOR = YES;
				GCC_WARN_UNINITIALIZED_AUTOS = YES_AGGRESSIVE;
				GCC_WARN_UNUSED_FUNCTION = YES;
				GCC_WARN_UNUSED_VARIABLE = YES;
				MTL_ENABLE_DEBUG_INFO = NO;
				MTL_FAST_MATH = YES;
				SDKROOT = appletvos;
				SWIFT_COMPILATION_MODE = wholemodule;
				SWIFT_OPTIMIZATION_LEVEL = "-O";
				SWIFT_VERSION = 6.0;
				TVOS_DEPLOYMENT_TARGET = 17.0;
				VALIDATE_PRODUCT = YES;
			};
			name = Release;
		};
		4FC3DCFF2A49383100CA36B9 /* Debug */ = {
			isa = XCBuildConfiguration;
			buildSettings = {
				ASSETCATALOG_COMPILER_APPICON_NAME = "App Icon & Top Shelf Image";
				ASSETCATALOG_COMPILER_GLOBAL_ACCENT_COLOR_NAME = AccentColor;
				CODE_SIGN_ENTITLEMENTS = SimpleLiveTVOS/SimpleLiveTVOS.entitlements;
				CODE_SIGN_IDENTITY = "Apple Development";
				CODE_SIGN_STYLE = Automatic;
				CURRENT_PROJECT_VERSION = 1;
				DEBUG_INFORMATION_FORMAT = "dwarf-with-dsym";
				DEVELOPMENT_ASSET_PATHS = "\"SimpleLiveTVOS/Preview Content\"";
				ENABLE_PREVIEWS = YES;
				GENERATE_INFOPLIST_FILE = YES;
				INFOPLIST_FILE = SimpleLiveTVOS/Other/Info.plist;
				INFOPLIST_KEY_CFBundleDisplayName = "Simple Live";
				INFOPLIST_KEY_LSApplicationCategoryType = "public.app-category.video";
				INFOPLIST_KEY_NSLocalNetworkUsageDescription = "用于同步数据";
				INFOPLIST_KEY_UILaunchScreen_Generation = YES;
				INFOPLIST_KEY_UILaunchStoryboardName = LaunchScreen.storyboard;
				INFOPLIST_KEY_UIUserInterfaceStyle = Automatic;
				LD_RUNPATH_SEARCH_PATHS = (
					"$(inherited)",
					"@executable_path/Frameworks",
				);
				MARKETING_VERSION = 1.2.0;
				OTHER_LDFLAGS = (
					"-Xlinker",
					"-interposable",
				);
				PRODUCT_BUNDLE_IDENTIFIER = dev.idog.simplelive;
				PRODUCT_NAME = "$(TARGET_NAME)";
				PROVISIONING_PROFILE_SPECIFIER = "";
				SWIFT_EMIT_LOC_STRINGS = YES;
				SWIFT_VERSION = 5.0;
				TARGETED_DEVICE_FAMILY = 3;
				TVOS_DEPLOYMENT_TARGET = 17.0;
			};
			name = Debug;
		};
		4FC3DD002A49383100CA36B9 /* Release */ = {
			isa = XCBuildConfiguration;
			buildSettings = {
				ASSETCATALOG_COMPILER_APPICON_NAME = "App Icon & Top Shelf Image";
				ASSETCATALOG_COMPILER_GLOBAL_ACCENT_COLOR_NAME = AccentColor;
				CODE_SIGN_ENTITLEMENTS = SimpleLiveTVOS/SimpleLiveTVOS.entitlements;
				CODE_SIGN_IDENTITY = "Apple Development";
				CODE_SIGN_STYLE = Automatic;
				CURRENT_PROJECT_VERSION = 1;
				DEVELOPMENT_ASSET_PATHS = "\"SimpleLiveTVOS/Preview Content\"";
				ENABLE_PREVIEWS = YES;
				GENERATE_INFOPLIST_FILE = YES;
				INFOPLIST_FILE = SimpleLiveTVOS/Other/Info.plist;
				INFOPLIST_KEY_CFBundleDisplayName = "Simple Live";
				INFOPLIST_KEY_LSApplicationCategoryType = "public.app-category.video";
				INFOPLIST_KEY_NSLocalNetworkUsageDescription = "用于同步数据";
				INFOPLIST_KEY_UILaunchScreen_Generation = YES;
				INFOPLIST_KEY_UILaunchStoryboardName = LaunchScreen.storyboard;
				INFOPLIST_KEY_UIUserInterfaceStyle = Automatic;
				LD_RUNPATH_SEARCH_PATHS = (
					"$(inherited)",
					"@executable_path/Frameworks",
				);
				MARKETING_VERSION = 1.2.0;
				OTHER_LDFLAGS = "";
				PRODUCT_BUNDLE_IDENTIFIER = dev.idog.simplelive;
				PRODUCT_NAME = "$(TARGET_NAME)";
				PROVISIONING_PROFILE_SPECIFIER = "";
				SWIFT_EMIT_LOC_STRINGS = YES;
				SWIFT_VERSION = 5.0;
				TARGETED_DEVICE_FAMILY = 3;
				TVOS_DEPLOYMENT_TARGET = 17.0;
			};
			name = Release;
		};
		4FC3DD022A49383100CA36B9 /* Debug */ = {
			isa = XCBuildConfiguration;
			buildSettings = {
				BUNDLE_LOADER = "$(TEST_HOST)";
				CODE_SIGN_STYLE = Automatic;
				CURRENT_PROJECT_VERSION = 1;
				GENERATE_INFOPLIST_FILE = YES;
				MARKETING_VERSION = 1.0;
				PRODUCT_BUNDLE_IDENTIFIER = com.mydrivers.SimpleLiveTVOSTests;
				PRODUCT_NAME = "$(TARGET_NAME)";
				SWIFT_EMIT_LOC_STRINGS = NO;
				SWIFT_VERSION = 5.0;
				TARGETED_DEVICE_FAMILY = 3;
				TEST_HOST = "$(BUILT_PRODUCTS_DIR)/SimpleLiveTVOS.app/$(BUNDLE_EXECUTABLE_FOLDER_PATH)/SimpleLiveTVOS";
				TVOS_DEPLOYMENT_TARGET = 17.0;
			};
			name = Debug;
		};
		4FC3DD032A49383100CA36B9 /* Release */ = {
			isa = XCBuildConfiguration;
			buildSettings = {
				BUNDLE_LOADER = "$(TEST_HOST)";
				CODE_SIGN_STYLE = Automatic;
				CURRENT_PROJECT_VERSION = 1;
				GENERATE_INFOPLIST_FILE = YES;
				MARKETING_VERSION = 1.0;
				PRODUCT_BUNDLE_IDENTIFIER = com.mydrivers.SimpleLiveTVOSTests;
				PRODUCT_NAME = "$(TARGET_NAME)";
				SWIFT_EMIT_LOC_STRINGS = NO;
				SWIFT_VERSION = 5.0;
				TARGETED_DEVICE_FAMILY = 3;
				TEST_HOST = "$(BUILT_PRODUCTS_DIR)/SimpleLiveTVOS.app/$(BUNDLE_EXECUTABLE_FOLDER_PATH)/SimpleLiveTVOS";
				TVOS_DEPLOYMENT_TARGET = 17.0;
			};
			name = Release;
		};
		4FC3DD052A49383100CA36B9 /* Debug */ = {
			isa = XCBuildConfiguration;
			buildSettings = {
				CODE_SIGN_STYLE = Automatic;
				CURRENT_PROJECT_VERSION = 1;
				GENERATE_INFOPLIST_FILE = YES;
				MARKETING_VERSION = 1.0;
				PRODUCT_BUNDLE_IDENTIFIER = com.mydrivers.SimpleLiveTVOSUITests;
				PRODUCT_NAME = "$(TARGET_NAME)";
				SWIFT_EMIT_LOC_STRINGS = NO;
				SWIFT_VERSION = 5.0;
				TARGETED_DEVICE_FAMILY = 3;
				TEST_TARGET_NAME = SimpleLiveTVOS;
			};
			name = Debug;
		};
		4FC3DD062A49383100CA36B9 /* Release */ = {
			isa = XCBuildConfiguration;
			buildSettings = {
				CODE_SIGN_STYLE = Automatic;
				CURRENT_PROJECT_VERSION = 1;
				GENERATE_INFOPLIST_FILE = YES;
				MARKETING_VERSION = 1.0;
				PRODUCT_BUNDLE_IDENTIFIER = com.mydrivers.SimpleLiveTVOSUITests;
				PRODUCT_NAME = "$(TARGET_NAME)";
				SWIFT_EMIT_LOC_STRINGS = NO;
				SWIFT_VERSION = 5.0;
				TARGETED_DEVICE_FAMILY = 3;
				TEST_TARGET_NAME = SimpleLiveTVOS;
			};
			name = Release;
		};
/* End XCBuildConfiguration section */

/* Begin XCConfigurationList section */
		4FC3DCD52A49382F00CA36B9 /* Build configuration list for PBXProject "SimpleLiveTVOS" */ = {
			isa = XCConfigurationList;
			buildConfigurations = (
				4FC3DCFC2A49383100CA36B9 /* Debug */,
				4FC3DCFD2A49383100CA36B9 /* Release */,
			);
			defaultConfigurationIsVisible = 0;
			defaultConfigurationName = Release;
		};
		4FC3DCFE2A49383100CA36B9 /* Build configuration list for PBXNativeTarget "SimpleLiveTVOS" */ = {
			isa = XCConfigurationList;
			buildConfigurations = (
				4FC3DCFF2A49383100CA36B9 /* Debug */,
				4FC3DD002A49383100CA36B9 /* Release */,
			);
			defaultConfigurationIsVisible = 0;
			defaultConfigurationName = Release;
		};
		4FC3DD012A49383100CA36B9 /* Build configuration list for PBXNativeTarget "SimpleLiveTVOSTests" */ = {
			isa = XCConfigurationList;
			buildConfigurations = (
				4FC3DD022A49383100CA36B9 /* Debug */,
				4FC3DD032A49383100CA36B9 /* Release */,
			);
			defaultConfigurationIsVisible = 0;
			defaultConfigurationName = Release;
		};
		4FC3DD042A49383100CA36B9 /* Build configuration list for PBXNativeTarget "SimpleLiveTVOSUITests" */ = {
			isa = XCConfigurationList;
			buildConfigurations = (
				4FC3DD052A49383100CA36B9 /* Debug */,
				4FC3DD062A49383100CA36B9 /* Release */,
			);
			defaultConfigurationIsVisible = 0;
			defaultConfigurationName = Release;
		};
/* End XCConfigurationList section */

/* Begin XCRemoteSwiftPackageReference section */
		4F61662C2C786A79008FED0D /* XCRemoteSwiftPackageReference "Pow" */ = {
			isa = XCRemoteSwiftPackageReference;
			repositoryURL = "https://github.com/EmergeTools/Pow";
			requirement = {
				kind = upToNextMajorVersion;
				minimumVersion = 1.0.4;
			};
		};
		4F73DB642C1C1ABB001C38C9 /* XCRemoteSwiftPackageReference "Cache" */ = {
			isa = XCRemoteSwiftPackageReference;
			repositoryURL = "https://github.com/hyperoslo/Cache";
			requirement = {
				kind = upToNextMajorVersion;
				minimumVersion = 7.2.0;
			};
		};
		4F8077012E3B69A5002FA56A /* XCRemoteSwiftPackageReference "bugsnag-cocoa" */ = {
			isa = XCRemoteSwiftPackageReference;
			repositoryURL = "https://github.com/bugsnag/bugsnag-cocoa";
			requirement = {
				kind = upToNextMajorVersion;
				minimumVersion = 6.32.2;
			};
		};
		4F9087752DF8335E00A2E6F2 /* XCRemoteSwiftPackageReference "KSPlayer" */ = {
			isa = XCRemoteSwiftPackageReference;
			repositoryURL = "https://github.com/TracyPlayer/KSPlayer";
			requirement = {
				kind = exactVersion;
				version = 2.6.2;
			};
		};
		4F9EC4FA2E3875E000F6C0A6 /* XCRemoteSwiftPackageReference "FFmpegKit" */ = {
			isa = XCRemoteSwiftPackageReference;
			repositoryURL = "https://github.com/TracyPlayer/FFmpegKit/";
			requirement = {
				kind = exactVersion;
				version = 7.1.1;
			};
		};
		4FB71DAA2E38786600277C21 /* XCRemoteSwiftPackageReference "LiveParse" */ = {
			isa = XCRemoteSwiftPackageReference;
			repositoryURL = "https://github.com/pcccccc/LiveParse";
			requirement = {
				kind = upToNextMajorVersion;
				minimumVersion = 1.7.3;
			};
		};
		4FB732402B988CDF00F02249 /* XCRemoteSwiftPackageReference "AcknowList" */ = {
			isa = XCRemoteSwiftPackageReference;
			repositoryURL = "https://github.com/pcccccc/AcknowList";
			requirement = {
				branch = main;
				kind = branch;
			};
		};
		4FC3DD072A49725F00CA36B9 /* XCRemoteSwiftPackageReference "Kingfisher" */ = {
			isa = XCRemoteSwiftPackageReference;
			repositoryURL = "https://github.com/onevcat/Kingfisher";
			requirement = {
				kind = upToNextMajorVersion;
				minimumVersion = 7.0.0;
			};
		};
		4FC475402B563C8D006A102D /* XCRemoteSwiftPackageReference "SwiftUI-Shimmer" */ = {
			isa = XCRemoteSwiftPackageReference;
			repositoryURL = "https://github.com/markiv/SwiftUI-Shimmer";
			requirement = {
				branch = "iOS17-animate-start-end-points";
				kind = branch;
			};
		};
		4FC9B38C2A52E39400C0D3C8 /* XCRemoteSwiftPackageReference "Alamofire" */ = {
			isa = XCRemoteSwiftPackageReference;
			repositoryURL = "https://github.com/Alamofire/Alamofire.git";
			requirement = {
				kind = upToNextMajorVersion;
				minimumVersion = 5.7.1;
			};
		};
		4FCA39132BBA4E9F00506675 /* XCRemoteSwiftPackageReference "CocoaAsyncSocket" */ = {
			isa = XCRemoteSwiftPackageReference;
			repositoryURL = "https://github.com/robbiehanson/CocoaAsyncSocket";
			requirement = {
				kind = upToNextMajorVersion;
				minimumVersion = 7.6.5;
			};
		};
		4FCA391B2BBA5A8600506675 /* XCRemoteSwiftPackageReference "swift-nio" */ = {
			isa = XCRemoteSwiftPackageReference;
			repositoryURL = "https://github.com/apple/swift-nio.git";
			requirement = {
				kind = upToNextMajorVersion;
				minimumVersion = 2.64.0;
			};
		};
		FB51018E2B0E35A900A1AE0D /* XCRemoteSwiftPackageReference "Starscream" */ = {
			isa = XCRemoteSwiftPackageReference;
			repositoryURL = "https://github.com/daltoniam/Starscream";
			requirement = {
				kind = upToNextMajorVersion;
				minimumVersion = 4.0.6;
			};
		};
		FB5101932B0ED74E00A1AE0D /* XCRemoteSwiftPackageReference "SwiftyJSON" */ = {
			isa = XCRemoteSwiftPackageReference;
			repositoryURL = "https://github.com/SwiftyJSON/SwiftyJSON";
			requirement = {
				kind = upToNextMajorVersion;
				minimumVersion = 5.0.1;
			};
		};
		FB5101962B0ED76A00A1AE0D /* XCRemoteSwiftPackageReference "SWCompression" */ = {
			isa = XCRemoteSwiftPackageReference;
			repositoryURL = "https://github.com/tsolomko/SWCompression";
			requirement = {
				kind = upToNextMajorVersion;
				minimumVersion = 4.8.5;
			};
		};
		FB525FD92BB9D51900BFA18C /* XCRemoteSwiftPackageReference "UDPBroadcastConnection" */ = {
			isa = XCRemoteSwiftPackageReference;
			repositoryURL = "https://github.com/gunterhager/UDPBroadcastConnection";
			requirement = {
				kind = upToNextMajorVersion;
				minimumVersion = 5.0.2;
			};
		};
		FBCBE6EF2D5B2BCA00BE3E62 /* XCRemoteSwiftPackageReference "InjectionNext" */ = {
			isa = XCRemoteSwiftPackageReference;
			repositoryURL = "https://github.com/johnno1962/InjectionNext";
			requirement = {
				kind = upToNextMajorVersion;
				minimumVersion = 1.2.6;
			};
		};
		FBD7063C2D76D74600DCD6C1 /* XCRemoteSwiftPackageReference "ColorfulX" */ = {
			isa = XCRemoteSwiftPackageReference;
			repositoryURL = "https://github.com/Lakr233/ColorfulX";
			requirement = {
				kind = exactVersion;
				version = 5.2.8;
			};
		};
		FBDEE4772AD5874900F996BA /* XCRemoteSwiftPackageReference "SimpleToast" */ = {
			isa = XCRemoteSwiftPackageReference;
			repositoryURL = "https://github.com/sanzaru/SimpleToast.git";
			requirement = {
				kind = upToNextMajorVersion;
				minimumVersion = 0.8.0;
			};
		};
		FBFEF1F42B122B5100B19C3E /* XCRemoteSwiftPackageReference "swift-protobuf" */ = {
			isa = XCRemoteSwiftPackageReference;
			repositoryURL = "https://github.com/apple/swift-protobuf.git";
			requirement = {
				kind = upToNextMajorVersion;
				minimumVersion = 1.25.1;
			};
		};
		FBFEF1FD2B124C6200B19C3E /* XCRemoteSwiftPackageReference "GzipSwift" */ = {
			isa = XCRemoteSwiftPackageReference;
			repositoryURL = "https://github.com/1024jp/GzipSwift";
			requirement = {
				kind = upToNextMajorVersion;
				minimumVersion = 6.0.1;
			};
		};
/* End XCRemoteSwiftPackageReference section */

/* Begin XCSwiftPackageProductDependency section */
		4F1492402B44F4FC004073DB /* LiveParse */ = {
			isa = XCSwiftPackageProductDependency;
			productName = LiveParse;
		};
		4F22D67B2BF1AB9400497F3A /* LiveParse */ = {
			isa = XCSwiftPackageProductDependency;
			productName = LiveParse;
		};
		4F5B30F82D9D3E6A00C81B0D /* KSPlayer */ = {
			isa = XCSwiftPackageProductDependency;
			productName = KSPlayer;
		};
		4F61662D2C786A79008FED0D /* Pow */ = {
			isa = XCSwiftPackageProductDependency;
			package = 4F61662C2C786A79008FED0D /* XCRemoteSwiftPackageReference "Pow" */;
			productName = Pow;
		};
		4F6166302C7C8E84008FED0D /* LiveParse */ = {
			isa = XCSwiftPackageProductDependency;
			productName = LiveParse;
		};
		4F6C40342C75885500A5BEDA /* LiveParse */ = {
			isa = XCSwiftPackageProductDependency;
			productName = LiveParse;
		};
		4F70CD1C2BAAE2E100F21EDA /* LiveParse */ = {
			isa = XCSwiftPackageProductDependency;
			productName = LiveParse;
		};
		4F73DB652C1C1ABB001C38C9 /* Cache */ = {
			isa = XCSwiftPackageProductDependency;
			package = 4F73DB642C1C1ABB001C38C9 /* XCRemoteSwiftPackageReference "Cache" */;
			productName = Cache;
		};
		4F8077022E3B69A5002FA56A /* Bugsnag */ = {
			isa = XCSwiftPackageProductDependency;
			package = 4F8077012E3B69A5002FA56A /* XCRemoteSwiftPackageReference "bugsnag-cocoa" */;
			productName = Bugsnag;
		};
		4F84D6D62D08642800F88855 /* TarsKit */ = {
			isa = XCSwiftPackageProductDependency;
			productName = TarsKit;
		};
		4F84D6D92D08644300F88855 /* LiveParse */ = {
			isa = XCSwiftPackageProductDependency;
			productName = LiveParse;
		};
		4F84D6DC2D088B5F00F88855 /* LiveParse */ = {
			isa = XCSwiftPackageProductDependency;
			productName = LiveParse;
		};
		4F9087762DF8335E00A2E6F2 /* KSPlayer */ = {
			isa = XCSwiftPackageProductDependency;
			package = 4F9087752DF8335E00A2E6F2 /* XCRemoteSwiftPackageReference "KSPlayer" */;
			productName = KSPlayer;
		};
		4F9EC4FB2E3875E000F6C0A6 /* FFmpegKit */ = {
			isa = XCSwiftPackageProductDependency;
			package = 4F9EC4FA2E3875E000F6C0A6 /* XCRemoteSwiftPackageReference "FFmpegKit" */;
			productName = FFmpegKit;
		};
		4F9F9C272C1BDEE100B863A9 /* LiveParse */ = {
			isa = XCSwiftPackageProductDependency;
			productName = LiveParse;
		};
		4FB71DAB2E38786600277C21 /* LiveParse */ = {
			isa = XCSwiftPackageProductDependency;
			package = 4FB71DAA2E38786600277C21 /* XCRemoteSwiftPackageReference "LiveParse" */;
			productName = LiveParse;
		};
		4FB7323E2B98884400F02249 /* AcknowList */ = {
			isa = XCSwiftPackageProductDependency;
			productName = AcknowList;
		};
		4FB732412B988CDF00F02249 /* AcknowList */ = {
			isa = XCSwiftPackageProductDependency;
			package = 4FB732402B988CDF00F02249 /* XCRemoteSwiftPackageReference "AcknowList" */;
			productName = AcknowList;
		};
		4FC3DD082A49725F00CA36B9 /* Kingfisher */ = {
			isa = XCSwiftPackageProductDependency;
			package = 4FC3DD072A49725F00CA36B9 /* XCRemoteSwiftPackageReference "Kingfisher" */;
			productName = Kingfisher;
		};
		4FC475412B563C8D006A102D /* Shimmer */ = {
			isa = XCSwiftPackageProductDependency;
			package = 4FC475402B563C8D006A102D /* XCRemoteSwiftPackageReference "SwiftUI-Shimmer" */;
			productName = Shimmer;
		};
		4FC9B38D2A52E39400C0D3C8 /* Alamofire */ = {
			isa = XCSwiftPackageProductDependency;
			package = 4FC9B38C2A52E39400C0D3C8 /* XCRemoteSwiftPackageReference "Alamofire" */;
			productName = Alamofire;
		};
		4FCA39142BBA4E9F00506675 /* CocoaAsyncSocket */ = {
			isa = XCSwiftPackageProductDependency;
			package = 4FCA39132BBA4E9F00506675 /* XCRemoteSwiftPackageReference "CocoaAsyncSocket" */;
			productName = CocoaAsyncSocket;
		};
		4FCA391C2BBA5A8600506675 /* NIO */ = {
			isa = XCSwiftPackageProductDependency;
			package = 4FCA391B2BBA5A8600506675 /* XCRemoteSwiftPackageReference "swift-nio" */;
			productName = NIO;
		};
		4FCA391E2BBA5A8600506675 /* NIOHTTP1 */ = {
			isa = XCSwiftPackageProductDependency;
			package = 4FCA391B2BBA5A8600506675 /* XCRemoteSwiftPackageReference "swift-nio" */;
			productName = NIOHTTP1;
		};
		4FCDB8552BBF155700EB33DA /* LiveParse */ = {
			isa = XCSwiftPackageProductDependency;
			productName = LiveParse;
		};
		FB15C6322C1B353900D93C64 /* LiveParse */ = {
			isa = XCSwiftPackageProductDependency;
			productName = LiveParse;
		};
		FB1D86B82C7EC13F00A679F3 /* LiveParse */ = {
			isa = XCSwiftPackageProductDependency;
			productName = LiveParse;
		};
		FB29265C2C58991500A1F07F /* LiveParse */ = {
			isa = XCSwiftPackageProductDependency;
			productName = LiveParse;
		};
		FB51018F2B0E35A900A1AE0D /* Starscream */ = {
			isa = XCSwiftPackageProductDependency;
			package = FB51018E2B0E35A900A1AE0D /* XCRemoteSwiftPackageReference "Starscream" */;
			productName = Starscream;
		};
		FB5101942B0ED74E00A1AE0D /* SwiftyJSON */ = {
			isa = XCSwiftPackageProductDependency;
			package = FB5101932B0ED74E00A1AE0D /* XCRemoteSwiftPackageReference "SwiftyJSON" */;
			productName = SwiftyJSON;
		};
		FB5101972B0ED76A00A1AE0D /* SWCompression */ = {
			isa = XCSwiftPackageProductDependency;
			package = FB5101962B0ED76A00A1AE0D /* XCRemoteSwiftPackageReference "SWCompression" */;
			productName = SWCompression;
		};
		FB525FDA2BB9D51900BFA18C /* UDPBroadcast */ = {
			isa = XCSwiftPackageProductDependency;
			package = FB525FD92BB9D51900BFA18C /* XCRemoteSwiftPackageReference "UDPBroadcastConnection" */;
			productName = UDPBroadcast;
		};
		FB5C3FDB2C7B5F5000865D6E /* LiveParse */ = {
			isa = XCSwiftPackageProductDependency;
			productName = LiveParse;
		};
		FB89E1602B1340870083116D /* KSPlayer */ = {
			isa = XCSwiftPackageProductDependency;
			productName = KSPlayer;
		};
		FB89E1632B1340DA0083116D /* KSPlayer */ = {
			isa = XCSwiftPackageProductDependency;
			productName = KSPlayer;
		};
		FB99EA452B1346A400C0C5DA /* KSPlayer */ = {
			isa = XCSwiftPackageProductDependency;
			productName = KSPlayer;
		};
		FBCBE6F02D5B2BCA00BE3E62 /* InjectionNext */ = {
			isa = XCSwiftPackageProductDependency;
			package = FBCBE6EF2D5B2BCA00BE3E62 /* XCRemoteSwiftPackageReference "InjectionNext" */;
			productName = InjectionNext;
		};
		FBD7063D2D76D74600DCD6C1 /* ColorfulX */ = {
			isa = XCSwiftPackageProductDependency;
			package = FBD7063C2D76D74600DCD6C1 /* XCRemoteSwiftPackageReference "ColorfulX" */;
			productName = ColorfulX;
		};
		FBDEE4782AD5874900F996BA /* SimpleToast */ = {
			isa = XCSwiftPackageProductDependency;
			package = FBDEE4772AD5874900F996BA /* XCRemoteSwiftPackageReference "SimpleToast" */;
			productName = SimpleToast;
		};
		FBFEF1F52B122B5100B19C3E /* SwiftProtobuf */ = {
			isa = XCSwiftPackageProductDependency;
			package = FBFEF1F42B122B5100B19C3E /* XCRemoteSwiftPackageReference "swift-protobuf" */;
			productName = SwiftProtobuf;
		};
		FBFEF1F72B122B5100B19C3E /* SwiftProtobufPluginLibrary */ = {
			isa = XCSwiftPackageProductDependency;
			package = FBFEF1F42B122B5100B19C3E /* XCRemoteSwiftPackageReference "swift-protobuf" */;
			productName = SwiftProtobufPluginLibrary;
		};
		FBFEF1F92B122B5100B19C3E /* protoc-gen-swift */ = {
			isa = XCSwiftPackageProductDependency;
			package = FBFEF1F42B122B5100B19C3E /* XCRemoteSwiftPackageReference "swift-protobuf" */;
			productName = "protoc-gen-swift";
		};
		FBFEF1FE2B124C6200B19C3E /* Gzip */ = {
			isa = XCSwiftPackageProductDependency;
			package = FBFEF1FD2B124C6200B19C3E /* XCRemoteSwiftPackageReference "GzipSwift" */;
			productName = Gzip;
		};
/* End XCSwiftPackageProductDependency section */
	};
	rootObject = 4FC3DCD22A49382F00CA36B9 /* Project object */;
}
